// !$*UTF8*$!
{
	archiveVersion = 1;
	classes = {
	};
	objectVersion = 38;
	objects = {
		1058C7A1FEA54F0111CA2CBB = {
			isa = PBXFrameworkReference;
			name = Cocoa.framework;
			path = /System/Library/Frameworks/Cocoa.framework;
			refType = 0;
		};
		1058C7A3FEA54F0111CA2CBB = {
			fileRef = 1058C7A1FEA54F0111CA2CBB;
			isa = PBXBuildFile;
			settings = {
			};
		};
//100
//101
//102
//103
//104
//170
//171
//172
//173
//174
		17587328FF379C6511CA2CBB = {
			isa = PBXApplicationReference;
			path = "KQ-osx.app";
			refType = 3;
		};
//170
//171
//172
//173
//174
//190
//191
//192
//193
//194
		19C28FACFE9D520D11CA2CBB = {
			children = (
				17587328FF379C6511CA2CBB,
			);
			isa = PBXGroup;
			name = Products;
			refType = 4;
		};
//190
//191
//192
//193
//194
//290
//291
//292
//293
//294
		29B97313FDCFA39411CA2CEA = {
			buildStyles = (
				4A9504CCFFE6A4B311CA0CBA,
				4A9504CDFFE6A4B311CA0CBA,
			);
			hasScannedForEncodings = 1;
			isa = PBXProject;
			mainGroup = 29B97314FDCFA39411CA2CEA;
			projectDirPath = "";
			targets = (
				29B97326FDCFA39411CA2CEA,
			);
		};
		29B97314FDCFA39411CA2CEA = {
			children = (
				8816BD2A04D053EA00000002,
				29B97315FDCFA39411CA2CEA,
				29B97317FDCFA39411CA2CEA,
				29B97323FDCFA39411CA2CEA,
				19C28FACFE9D520D11CA2CBB,
				88C1A1C605D65EC300A80B02,
			);
			isa = PBXGroup;
			name = "KQ-osx";
			path = "";
			refType = 4;
		};
		29B97315FDCFA39411CA2CEA = {
			children = (
				8816BCF604D053D000000002,
				8816BCF704D053D000000002,
				8816BCF804D053D000000002,
				8816BCF904D053D000000002,
				8816BCFA04D053D000000002,
				8816BCFB04D053D000000002,
				8816BCFC04D053D000000002,
				8816BCFD04D053D000000002,
				8816BCFE04D053D000000002,
				8816BCFF04D053D000000002,
				8816BD0004D053D000000002,
				8816BD0104D053D000000002,
				8816BD0204D053D000000002,
				8816BD0304D053D000000002,
				8816BD0404D053D000000002,
				8816BD0504D053D000000002,
				8816BD0604D053D000000002,
				8816BD0704D053D000000002,
				8816BD0804D053D000000002,
				8816BD0904D053D000000002,
				8816BD0A04D053D000000002,
				8816BD0B04D053D000000002,
				8816BD0C04D053D000000002,
				8816BD0D04D053D000000002,
				8816BD0E04D053D000000002,
				8816BD0F04D053D000000002,
				8816BD6B04D0797100000002,
			);
			isa = PBXGroup;
			name = Sources;
			path = "";
			refType = 4;
		};
		29B97317FDCFA39411CA2CEA = {
			children = (
				8816BD7504D07B0300000002,
				8816BD7704D07B5F00000002,
				8816BD9704D07B5F00000002,
				8816BDF304D07B5F00000002,
				8816BE0804D07B5F00000002,
			);
			isa = PBXGroup;
			name = Resources;
			path = "";
			refType = 4;
		};
		29B97323FDCFA39411CA2CEA = {
			children = (
				1058C7A1FEA54F0111CA2CBB,
				43666B59047E410100A80104,
				8816BD6D04D079C300000002,
				8816BD6E04D079C300000002,
				8816BD6F04D079C300000002,
			);
			isa = PBXGroup;
			name = Frameworks;
			path = "";
			refType = 4;
		};
		29B97326FDCFA39411CA2CEA = {
			buildPhases = (
				29B97328FDCFA39411CA2CEA,
				29B9732BFDCFA39411CA2CEA,
				29B9732DFDCFA39411CA2CEA,
			);
			buildSettings = {
				DEBUGGING_SYMBOLS = NO;
				FRAMEWORK_SEARCH_PATHS = "";
				HEADER_SEARCH_PATHS = "\"$(LOCAL_LIBRARY_DIR)/Frameworks/Allegro.framework/Versions/Current/Headers\"";
				INSTALL_PATH = "$(HOME)/Applications";
				JAVA_COMPILER_DEBUGGING_SYMBOLS = NO;
				LIBRARY_SEARCH_PATHS = "";
				OTHER_LDFLAGS = "";
				PREBINDING = NO;
				PRODUCT_NAME = "KQ-osx";
				SECTORDER_FLAGS = "";
				WARNING_CFLAGS = "-Wmost -Wno-four-char-constants -Wno-unknown-pragmas";
				WRAPPER_EXTENSION = app;
			};
			dependencies = (
			);
			isa = PBXApplicationTarget;
			name = "KQ-osx";
			productInstallPath = "$(HOME)/Applications";
			productName = "KQ-osx";
			productReference = 17587328FF379C6511CA2CBB;
			productSettingsXML = "<?xml version=\"1.0\" encoding=\"UTF-8\"?>
<!DOCTYPE plist PUBLIC \"-//Apple Computer//DTD PLIST 1.0//EN\" \"http://www.apple.com/DTDs/PropertyList-1.0.dtd\">
<plist version=\"1.0\">
<dict>
	<key>CFBundleExecutable</key>
	<string>KQ-osx</string>
	<key>CFBundleGetInfoString</key>
	<string>Old school console-style RPG</string>
	<key>CFBundleIconFile</key>
	<string>KQ-icon.icns</string>
	<key>CFBundleIdentifier</key>
	<string>net.sourceforge.kqlives.KQ</string>
	<key>CFBundleInfoDictionaryVersion</key>
	<string>6.0</string>
	<key>CFBundleName</key>
	<string>KQ</string>
	<key>CFBundlePackageType</key>
	<string>APPL</string>
	<key>CFBundleShortVersionString</key>
	<string>0.98</string>
	<key>CFBundleSignature</key>
	<string>????</string>
	<key>CFBundleVersion</key>
	<string>0.98</string>
</dict>
</plist>
";
		};
		29B97328FDCFA39411CA2CEA = {
			buildActionMask = 2147483647;
			files = (
				8816BD7604D07B0300000002,
				8816BEA504D07B6100000002,
				8816BEA604D07B6100000002,
				8816BEA704D07B6100000002,
				8816BEA804D07B6100000002,
				88C1A23F05D65EC300A80B02,
				88C1A24005D65EC300A80B02,
				88C1A24105D65EC300A80B02,
				88C1A24205D65EC300A80B02,
				88C1A24305D65EC300A80B02,
				88C1A24405D65EC300A80B02,
				88C1A24505D65EC300A80B02,
				88C1A24605D65EC300A80B02,
				88C1A24705D65EC300A80B02,
				88C1A24805D65EC300A80B02,
				88C1A24905D65EC300A80B02,
				88C1A24A05D65EC300A80B02,
				88C1A24B05D65EC300A80B02,
				88C1A24C05D65EC300A80B02,
				88C1A24D05D65EC300A80B02,
				88C1A24E05D65EC300A80B02,
				88C1A24F05D65EC300A80B02,
				88C1A25005D65EC300A80B02,
				88C1A25105D65EC300A80B02,
				88C1A25205D65EC300A80B02,
				88C1A25305D65EC300A80B02,
				88C1A25405D65EC300A80B02,
				88C1A25505D65EC300A80B02,
				88C1A25605D65EC300A80B02,
				88C1A25705D65EC300A80B02,
				88C1A25805D65EC300A80B02,
				88C1A25905D65EC300A80B02,
				88C1A25A05D65EC300A80B02,
				88C1A25B05D65EC300A80B02,
				88C1A25C05D65EC300A80B02,
				88C1A25D05D65EC300A80B02,
				88C1A25E05D65EC300A80B02,
				88C1A25F05D65EC300A80B02,
				88C1A26005D65EC300A80B02,
				88C1A26105D65EC300A80B02,
				88C1A26205D65EC300A80B02,
				88C1A26305D65EC300A80B02,
				88C1A26405D65EC300A80B02,
				88C1A26505D65EC300A80B02,
				88C1A26605D65EC300A80B02,
				88C1A26705D65EC300A80B02,
				88C1A26805D65EC300A80B02,
				88C1A26905D65EC300A80B02,
				88C1A26A05D65EC300A80B02,
				88C1A26B05D65EC300A80B02,
				88C1A26C05D65EC300A80B02,
				88C1A26D05D65EC300A80B02,
				88C1A26E05D65EC300A80B02,
				88C1A26F05D65EC300A80B02,
				88C1A27005D65EC300A80B02,
				88C1A27105D65EC300A80B02,
				88C1A27205D65EC300A80B02,
				88C1A27305D65EC300A80B02,
				88C1A27405D65EC300A80B02,
				88C1A27505D65EC300A80B02,
				88C1A27605D65EC300A80B02,
				88C1A27705D65EC300A80B02,
				88C1A27805D65EC300A80B02,
				88C1A27905D65EC300A80B02,
				88C1A27A05D65EC300A80B02,
				88C1A27B05D65EC300A80B02,
				88C1A27C05D65EC300A80B02,
				88C1A27D05D65EC300A80B02,
				88C1A27E05D65EC300A80B02,
				88C1A27F05D65EC300A80B02,
				88C1A28005D65EC300A80B02,
				88C1A28105D65EC300A80B02,
				88C1A28205D65EC300A80B02,
				88C1A28305D65EC300A80B02,
				88C1A28405D65EC300A80B02,
				88C1A28505D65EC300A80B02,
				88C1A28605D65EC300A80B02,
				88C1A28705D65EC300A80B02,
				88C1A28805D65EC300A80B02,
				88C1A28905D65EC300A80B02,
				88C1A28A05D65EC300A80B02,
				88C1A28B05D65EC300A80B02,
				88C1A28C05D65EC300A80B02,
				88C1A28D05D65EC300A80B02,
				88C1A28E05D65EC300A80B02,
				88C1A28F05D65EC300A80B02,
				88C1A29005D65EC300A80B02,
				88C1A29105D65EC300A80B02,
				88C1A29205D65EC300A80B02,
				88C1A29305D65EC300A80B02,
				88C1A29405D65EC300A80B02,
				88C1A29505D65EC300A80B02,
				88C1A29605D65EC300A80B02,
				88C1A29705D65EC300A80B02,
				88C1A29805D65EC300A80B02,
				88C1A29905D65EC300A80B02,
				88C1A29A05D65EC300A80B02,
				88C1A29B05D65EC300A80B02,
				88C1A29C05D65EC300A80B02,
				88C1A29D05D65EC300A80B02,
				88C1A29E05D65EC300A80B02,
				88C1A29F05D65EC300A80B02,
				88C1A2A005D65EC300A80B02,
				88C1A2A105D65EC300A80B02,
				88C1A2A205D65EC300A80B02,
				88C1A2A305D65EC300A80B02,
				88C1A2A405D65EC300A80B02,
				88C1A2A505D65EC300A80B02,
				88C1A2A605D65EC300A80B02,
				88C1A2A705D65EC300A80B02,
				88C1A2A805D65EC300A80B02,
				88C1A2A905D65EC300A80B02,
				88C1A2AA05D65EC300A80B02,
				88C1A2AB05D65EC300A80B02,
				88C1A2AC05D65EC300A80B02,
				88C1A2AD05D65EC300A80B02,
			);
			isa = PBXResourcesBuildPhase;
			runOnlyForDeploymentPostprocessing = 0;
		};
		29B9732BFDCFA39411CA2CEA = {
			buildActionMask = 2147483647;
			files = (
				8816BD1004D053D000000002,
				8816BD1104D053D000000002,
				8816BD1204D053D000000002,
				8816BD1304D053D000000002,
				8816BD1404D053D000000002,
				8816BD1504D053D000000002,
				8816BD1604D053D000000002,
				8816BD1704D053D000000002,
				8816BD1804D053D000000002,
				8816BD1904D053D000000002,
				8816BD1A04D053D000000002,
				8816BD1B04D053D000000002,
				8816BD1C04D053D000000002,
				8816BD1D04D053D000000002,
				8816BD1E04D053D000000002,
				8816BD1F04D053D000000002,
				8816BD2004D053D000000002,
				8816BD2104D053D000000002,
				8816BD2204D053D000000002,
				8816BD2304D053D000000002,
				8816BD2404D053D000000002,
				8816BD2504D053D000000002,
				8816BD2604D053D000000002,
				8816BD2704D053D000000002,
				8816BD2804D053D000000002,
				8816BD2904D053D000000002,
				8816BD4B04D0542800000002,
				8816BD4C04D0542800000002,
				8816BD4D04D0542800000002,
				8816BD4E04D0542800000002,
				8816BD4F04D0542800000002,
				8816BD5004D0542800000002,
				8816BD5104D0542800000002,
				8816BD5204D0542800000002,
				8816BD5304D0542800000002,
				8816BD5404D0542800000002,
				8816BD5504D0542800000002,
				8816BD5604D0542800000002,
				8816BD5704D0542800000002,
				8816BD5804D0542800000002,
				8816BD5904D0542800000002,
				8816BD5A04D0542800000002,
				8816BD5B04D0542800000002,
				8816BD5C04D0542800000002,
				8816BD5D04D0542800000002,
				8816BD5E04D0542800000002,
				8816BD5F04D0542800000002,
				8816BD6004D0542800000002,
				8816BD6104D0542800000002,
				8816BD6204D0542800000002,
				8816BD6304D0542800000002,
				8816BD6404D0542800000002,
				8816BD6504D0542800000002,
				8816BD6604D0542800000002,
				8816BD6704D0542800000002,
				8816BD6804D0542800000002,
				8816BD6904D0542800000002,
				8816BD6A04D0542800000002,
				8816BD6C04D0797100000002,
			);
			isa = PBXSourcesBuildPhase;
			runOnlyForDeploymentPostprocessing = 0;
		};
		29B9732DFDCFA39411CA2CEA = {
			buildActionMask = 2147483647;
			files = (
				1058C7A3FEA54F0111CA2CBB,
				43666B5A047E410100A80104,
				8816BD7004D079C300000002,
				8816BD7104D079C300000002,
				8816BD7204D079C300000002,
			);
			isa = PBXFrameworksBuildPhase;
			runOnlyForDeploymentPostprocessing = 0;
		};
//290
//291
//292
//293
//294
//430
//431
//432
//433
//434
		43666B59047E410100A80104 = {
			isa = PBXFrameworkReference;
			name = Allegro.framework;
			path = /Library/Frameworks/Allegro.framework;
			refType = 0;
		};
		43666B5A047E410100A80104 = {
			fileRef = 43666B59047E410100A80104;
			isa = PBXBuildFile;
			settings = {
			};
		};
//430
//431
//432
//433
//434
//4A0
//4A1
//4A2
//4A3
//4A4
		4A9504CCFFE6A4B311CA0CBA = {
			buildRules = (
			);
			buildSettings = {
				COPY_PHASE_STRIP = NO;
				OPTIMIZATION_CFLAGS = "-O0";
			};
			isa = PBXBuildStyle;
			name = Development;
		};
		4A9504CDFFE6A4B311CA0CBA = {
			buildRules = (
			);
			buildSettings = {
				COPY_PHASE_STRIP = YES;
			};
			isa = PBXBuildStyle;
			name = Deployment;
		};
//4A0
//4A1
//4A2
//4A3
//4A4
//880
//881
//882
//883
//884
		8816BCF604D053D000000002 = {
			fileEncoding = 30;
			isa = PBXFileReference;
			name = combat.c;
			path = src/combat.c;
			refType = 4;
		};
		8816BCF704D053D000000002 = {
			fileEncoding = 30;
			isa = PBXFileReference;
			name = credits.c;
			path = src/credits.c;
			refType = 4;
		};
		8816BCF804D053D000000002 = {
			fileEncoding = 30;
			isa = PBXFileReference;
			name = disk.c;
			path = src/disk.c;
			refType = 4;
		};
		8816BCF904D053D000000002 = {
			fileEncoding = 30;
			isa = PBXFileReference;
			name = draw.c;
			path = src/draw.c;
			refType = 4;
		};
		8816BCFA04D053D000000002 = {
			fileEncoding = 30;
			isa = PBXFileReference;
			name = effects.c;
			path = src/effects.c;
			refType = 4;
		};
		8816BCFB04D053D000000002 = {
			fileEncoding = 30;
			isa = PBXFileReference;
			name = enemyc.c;
			path = src/enemyc.c;
			refType = 4;
		};
		8816BCFC04D053D000000002 = {
			fileEncoding = 30;
			isa = PBXFileReference;
			name = entity.c;
			path = src/entity.c;
			refType = 4;
		};
		8816BCFD04D053D000000002 = {
			fileEncoding = 30;
			isa = PBXFileReference;
			name = eqpmenu.c;
			path = src/eqpmenu.c;
			refType = 4;
		};
		8816BCFE04D053D000000002 = {
			fileEncoding = 30;
			isa = PBXFileReference;
			name = eskill.c;
			path = src/eskill.c;
			refType = 4;
		};
		8816BCFF04D053D000000002 = {
			fileEncoding = 30;
			isa = PBXFileReference;
			name = fade.c;
			path = src/fade.c;
			refType = 4;
		};
		8816BD0004D053D000000002 = {
			fileEncoding = 30;
			isa = PBXFileReference;
			name = heroc.c;
			path = src/heroc.c;
			refType = 4;
		};
		8816BD0104D053D000000002 = {
			fileEncoding = 30;
			isa = PBXFileReference;
			name = hskill.c;
			path = src/hskill.c;
			refType = 4;
		};
		8816BD0204D053D000000002 = {
			fileEncoding = 30;
			isa = PBXFileReference;
			name = intrface.c;
			path = src/intrface.c;
			refType = 4;
		};
		8816BD0304D053D000000002 = {
			fileEncoding = 30;
			isa = PBXFileReference;
			name = itemmenu.c;
			path = src/itemmenu.c;
			refType = 4;
		};
		8816BD0404D053D000000002 = {
			fileEncoding = 30;
			isa = PBXFileReference;
			name = kq.c;
			path = src/kq.c;
			refType = 4;
		};
		8816BD0504D053D000000002 = {
			fileEncoding = 30;
			isa = PBXFileReference;
			name = magic.c;
			path = src/magic.c;
			refType = 4;
		};
		8816BD0604D053D000000002 = {
			fileEncoding = 30;
			isa = PBXFileReference;
			name = masmenu.c;
			path = src/masmenu.c;
			refType = 4;
		};
		8816BD0704D053D000000002 = {
			fileEncoding = 30;
			isa = PBXFileReference;
			name = menu.c;
			path = src/menu.c;
			refType = 4;
		};
		8816BD0804D053D000000002 = {
			fileEncoding = 30;
			isa = PBXFileReference;
			name = music.c;
			path = src/music.c;
			refType = 4;
		};
		8816BD0904D053D000000002 = {
			fileEncoding = 30;
			isa = PBXFileReference;
			name = res.c;
			path = src/res.c;
			refType = 4;
		};
		8816BD0A04D053D000000002 = {
			fileEncoding = 30;
			isa = PBXFileReference;
			name = scrnshot.c;
			path = src/scrnshot.c;
			refType = 4;
		};
		8816BD0B04D053D000000002 = {
			fileEncoding = 30;
			isa = PBXFileReference;
			name = selector.c;
			path = src/selector.c;
			refType = 4;
		};
		8816BD0C04D053D000000002 = {
			fileEncoding = 30;
			isa = PBXFileReference;
			name = setup.c;
			path = src/setup.c;
			refType = 4;
		};
		8816BD0D04D053D000000002 = {
			fileEncoding = 30;
			isa = PBXFileReference;
			name = sgame.c;
			path = src/sgame.c;
			refType = 4;
		};
		8816BD0E04D053D000000002 = {
			fileEncoding = 30;
			isa = PBXFileReference;
			name = shopmenu.c;
			path = src/shopmenu.c;
			refType = 4;
		};
		8816BD0F04D053D000000002 = {
			fileEncoding = 30;
			isa = PBXFileReference;
			name = timing.c;
			path = src/timing.c;
			refType = 4;
		};
		8816BD1004D053D000000002 = {
			fileRef = 8816BCF604D053D000000002;
			isa = PBXBuildFile;
			settings = {
			};
		};
		8816BD1104D053D000000002 = {
			fileRef = 8816BCF704D053D000000002;
			isa = PBXBuildFile;
			settings = {
			};
		};
		8816BD1204D053D000000002 = {
			fileRef = 8816BCF804D053D000000002;
			isa = PBXBuildFile;
			settings = {
			};
		};
		8816BD1304D053D000000002 = {
			fileRef = 8816BCF904D053D000000002;
			isa = PBXBuildFile;
			settings = {
			};
		};
		8816BD1404D053D000000002 = {
			fileRef = 8816BCFA04D053D000000002;
			isa = PBXBuildFile;
			settings = {
			};
		};
		8816BD1504D053D000000002 = {
			fileRef = 8816BCFB04D053D000000002;
			isa = PBXBuildFile;
			settings = {
			};
		};
		8816BD1604D053D000000002 = {
			fileRef = 8816BCFC04D053D000000002;
			isa = PBXBuildFile;
			settings = {
			};
		};
		8816BD1704D053D000000002 = {
			fileRef = 8816BCFD04D053D000000002;
			isa = PBXBuildFile;
			settings = {
			};
		};
		8816BD1804D053D000000002 = {
			fileRef = 8816BCFE04D053D000000002;
			isa = PBXBuildFile;
			settings = {
			};
		};
		8816BD1904D053D000000002 = {
			fileRef = 8816BCFF04D053D000000002;
			isa = PBXBuildFile;
			settings = {
			};
		};
		8816BD1A04D053D000000002 = {
			fileRef = 8816BD0004D053D000000002;
			isa = PBXBuildFile;
			settings = {
			};
		};
		8816BD1B04D053D000000002 = {
			fileRef = 8816BD0104D053D000000002;
			isa = PBXBuildFile;
			settings = {
			};
		};
		8816BD1C04D053D000000002 = {
			fileRef = 8816BD0204D053D000000002;
			isa = PBXBuildFile;
			settings = {
			};
		};
		8816BD1D04D053D000000002 = {
			fileRef = 8816BD0304D053D000000002;
			isa = PBXBuildFile;
			settings = {
			};
		};
		8816BD1E04D053D000000002 = {
			fileRef = 8816BD0404D053D000000002;
			isa = PBXBuildFile;
			settings = {
			};
		};
		8816BD1F04D053D000000002 = {
			fileRef = 8816BD0504D053D000000002;
			isa = PBXBuildFile;
			settings = {
			};
		};
		8816BD2004D053D000000002 = {
			fileRef = 8816BD0604D053D000000002;
			isa = PBXBuildFile;
			settings = {
			};
		};
		8816BD2104D053D000000002 = {
			fileRef = 8816BD0704D053D000000002;
			isa = PBXBuildFile;
			settings = {
			};
		};
		8816BD2204D053D000000002 = {
			fileRef = 8816BD0804D053D000000002;
			isa = PBXBuildFile;
			settings = {
			};
		};
		8816BD2304D053D000000002 = {
			fileRef = 8816BD0904D053D000000002;
			isa = PBXBuildFile;
			settings = {
			};
		};
		8816BD2404D053D000000002 = {
			fileRef = 8816BD0A04D053D000000002;
			isa = PBXBuildFile;
			settings = {
			};
		};
		8816BD2504D053D000000002 = {
			fileRef = 8816BD0B04D053D000000002;
			isa = PBXBuildFile;
			settings = {
			};
		};
		8816BD2604D053D000000002 = {
			fileRef = 8816BD0C04D053D000000002;
			isa = PBXBuildFile;
			settings = {
			};
		};
		8816BD2704D053D000000002 = {
			fileRef = 8816BD0D04D053D000000002;
			isa = PBXBuildFile;
			settings = {
			};
		};
		8816BD2804D053D000000002 = {
			fileRef = 8816BD0E04D053D000000002;
			isa = PBXBuildFile;
			settings = {
			};
		};
		8816BD2904D053D000000002 = {
			fileRef = 8816BD0F04D053D000000002;
			isa = PBXBuildFile;
			settings = {
			};
		};
		8816BD2A04D053EA00000002 = {
			children = (
				8816BD2B04D0542800000002,
				8816BD2C04D0542800000002,
				8816BD2D04D0542800000002,
				8816BD2E04D0542800000002,
				8816BD2F04D0542800000002,
				8816BD3004D0542800000002,
				8816BD3104D0542800000002,
				8816BD3204D0542800000002,
				8816BD3304D0542800000002,
				8816BD3404D0542800000002,
				8816BD3504D0542800000002,
				8816BD3604D0542800000002,
				8816BD3704D0542800000002,
				8816BD3804D0542800000002,
				8816BD3904D0542800000002,
				8816BD3A04D0542800000002,
				8816BD3B04D0542800000002,
				8816BD3C04D0542800000002,
				8816BD3D04D0542800000002,
				8816BD3E04D0542800000002,
				8816BD3F04D0542800000002,
				8816BD4004D0542800000002,
				8816BD4104D0542800000002,
				8816BD4204D0542800000002,
				8816BD4304D0542800000002,
				8816BD4404D0542800000002,
				8816BD4504D0542800000002,
				8816BD4604D0542800000002,
				8816BD4704D0542800000002,
				8816BD4804D0542800000002,
				8816BD4904D0542800000002,
				8816BD4A04D0542800000002,
			);
			isa = PBXGroup;
			name = Includes;
			refType = 4;
		};
		8816BD2B04D0542800000002 = {
			fileEncoding = 30;
			isa = PBXFileReference;
			name = combat.h;
			path = include/combat.h;
			refType = 4;
		};
		8816BD2C04D0542800000002 = {
			fileEncoding = 30;
			isa = PBXFileReference;
			name = credits.h;
			path = include/credits.h;
			refType = 4;
		};
		8816BD2D04D0542800000002 = {
			fileEncoding = 30;
			isa = PBXFileReference;
			name = disk.h;
			path = include/disk.h;
			refType = 4;
		};
		8816BD2E04D0542800000002 = {
			fileEncoding = 30;
			isa = PBXFileReference;
			name = draw.h;
			path = include/draw.h;
			refType = 4;
		};
		8816BD2F04D0542800000002 = {
			fileEncoding = 30;
			isa = PBXFileReference;
			name = effects.h;
			path = include/effects.h;
			refType = 4;
		};
		8816BD3004D0542800000002 = {
			fileEncoding = 30;
			isa = PBXFileReference;
			name = enemyc.h;
			path = include/enemyc.h;
			refType = 4;
		};
		8816BD3104D0542800000002 = {
			fileEncoding = 30;
			isa = PBXFileReference;
			name = entity.h;
			path = include/entity.h;
			refType = 4;
		};
		8816BD3204D0542800000002 = {
			fileEncoding = 30;
			isa = PBXFileReference;
			name = eqpmenu.h;
			path = include/eqpmenu.h;
			refType = 4;
		};
		8816BD3304D0542800000002 = {
			fileEncoding = 30;
			isa = PBXFileReference;
			name = eskill.h;
			path = include/eskill.h;
			refType = 4;
		};
		8816BD3404D0542800000002 = {
			fileEncoding = 30;
			isa = PBXFileReference;
			name = fade.h;
			path = include/fade.h;
			refType = 4;
		};
		8816BD3504D0542800000002 = {
			fileEncoding = 30;
			isa = PBXFileReference;
			name = heroc.h;
			path = include/heroc.h;
			refType = 4;
		};
		8816BD3604D0542800000002 = {
			fileEncoding = 30;
			isa = PBXFileReference;
			name = hskill.h;
			path = include/hskill.h;
			refType = 4;
		};
		8816BD3704D0542800000002 = {
			fileEncoding = 30;
			isa = PBXFileReference;
			name = intrface.h;
			path = include/intrface.h;
			refType = 4;
		};
		8816BD3804D0542800000002 = {
			fileEncoding = 30;
			isa = PBXFileReference;
			name = itemdefs.h;
			path = include/itemdefs.h;
			refType = 4;
		};
		8816BD3904D0542800000002 = {
			fileEncoding = 30;
			isa = PBXFileReference;
			name = itemmenu.h;
			path = include/itemmenu.h;
			refType = 4;
		};
		8816BD3A04D0542800000002 = {
			fileEncoding = 30;
			isa = PBXFileReference;
			name = kq.h;
			path = include/kq.h;
			refType = 4;
		};
		8816BD3B04D0542800000002 = {
			fileEncoding = 30;
			isa = PBXFileReference;
			name = kqsnd.h;
			path = include/kqsnd.h;
			refType = 4;
		};
		8816BD3C04D0542800000002 = {
			fileEncoding = 30;
			isa = PBXFileReference;
			name = magic.h;
			path = include/magic.h;
			refType = 4;
		};
		8816BD3D04D0542800000002 = {
			fileEncoding = 30;
			isa = PBXFileReference;
			name = masmenu.h;
			path = include/masmenu.h;
			refType = 4;
		};
		8816BD3E04D0542800000002 = {
			fileEncoding = 30;
			isa = PBXFileReference;
			name = menu.h;
			path = include/menu.h;
			refType = 4;
		};
		8816BD3F04D0542800000002 = {
			fileEncoding = 30;
			isa = PBXFileReference;
			name = mpcx.h;
			path = include/mpcx.h;
			refType = 4;
		};
		8816BD4004D0542800000002 = {
			fileEncoding = 30;
			isa = PBXFileReference;
			name = music.h;
			path = include/music.h;
			refType = 4;
		};
		8816BD4104D0542800000002 = {
			fileEncoding = 30;
			isa = PBXFileReference;
			name = progress.h;
			path = include/progress.h;
			refType = 4;
		};
		8816BD4204D0542800000002 = {
			fileEncoding = 30;
			isa = PBXFileReference;
			name = res.h;
			path = include/res.h;
			refType = 4;
		};
		8816BD4304D0542800000002 = {
			fileEncoding = 30;
			isa = PBXFileReference;
			name = scrnshot.h;
			path = include/scrnshot.h;
			refType = 4;
		};
		8816BD4404D0542800000002 = {
			fileEncoding = 30;
			isa = PBXFileReference;
			name = selector.h;
			path = include/selector.h;
			refType = 4;
		};
		8816BD4504D0542800000002 = {
			fileEncoding = 30;
			isa = PBXFileReference;
			name = setup.h;
			path = include/setup.h;
			refType = 4;
		};
		8816BD4604D0542800000002 = {
			fileEncoding = 30;
			isa = PBXFileReference;
			name = sgame.h;
			path = include/sgame.h;
			refType = 4;
		};
		8816BD4704D0542800000002 = {
			fileEncoding = 30;
			isa = PBXFileReference;
			name = shopmenu.h;
			path = include/shopmenu.h;
			refType = 4;
		};
		8816BD4804D0542800000002 = {
			fileEncoding = 30;
			isa = PBXFileReference;
			name = skills.h;
			path = include/skills.h;
			refType = 4;
		};
		8816BD4904D0542800000002 = {
			fileEncoding = 30;
			isa = PBXFileReference;
			name = ssprites.h;
			path = include/ssprites.h;
			refType = 4;
		};
		8816BD4A04D0542800000002 = {
			fileEncoding = 30;
			isa = PBXFileReference;
			name = timing.h;
			path = include/timing.h;
			refType = 4;
		};
		8816BD4B04D0542800000002 = {
			fileRef = 8816BD2B04D0542800000002;
			isa = PBXBuildFile;
			settings = {
			};
		};
		8816BD4C04D0542800000002 = {
			fileRef = 8816BD2C04D0542800000002;
			isa = PBXBuildFile;
			settings = {
			};
		};
		8816BD4D04D0542800000002 = {
			fileRef = 8816BD2D04D0542800000002;
			isa = PBXBuildFile;
			settings = {
			};
		};
		8816BD4E04D0542800000002 = {
			fileRef = 8816BD2E04D0542800000002;
			isa = PBXBuildFile;
			settings = {
			};
		};
		8816BD4F04D0542800000002 = {
			fileRef = 8816BD2F04D0542800000002;
			isa = PBXBuildFile;
			settings = {
			};
		};
		8816BD5004D0542800000002 = {
			fileRef = 8816BD3004D0542800000002;
			isa = PBXBuildFile;
			settings = {
			};
		};
		8816BD5104D0542800000002 = {
			fileRef = 8816BD3104D0542800000002;
			isa = PBXBuildFile;
			settings = {
			};
		};
		8816BD5204D0542800000002 = {
			fileRef = 8816BD3204D0542800000002;
			isa = PBXBuildFile;
			settings = {
			};
		};
		8816BD5304D0542800000002 = {
			fileRef = 8816BD3304D0542800000002;
			isa = PBXBuildFile;
			settings = {
			};
		};
		8816BD5404D0542800000002 = {
			fileRef = 8816BD3404D0542800000002;
			isa = PBXBuildFile;
			settings = {
			};
		};
		8816BD5504D0542800000002 = {
			fileRef = 8816BD3504D0542800000002;
			isa = PBXBuildFile;
			settings = {
			};
		};
		8816BD5604D0542800000002 = {
			fileRef = 8816BD3604D0542800000002;
			isa = PBXBuildFile;
			settings = {
			};
		};
		8816BD5704D0542800000002 = {
			fileRef = 8816BD3704D0542800000002;
			isa = PBXBuildFile;
			settings = {
			};
		};
		8816BD5804D0542800000002 = {
			fileRef = 8816BD3804D0542800000002;
			isa = PBXBuildFile;
			settings = {
			};
		};
		8816BD5904D0542800000002 = {
			fileRef = 8816BD3904D0542800000002;
			isa = PBXBuildFile;
			settings = {
			};
		};
		8816BD5A04D0542800000002 = {
			fileRef = 8816BD3A04D0542800000002;
			isa = PBXBuildFile;
			settings = {
			};
		};
		8816BD5B04D0542800000002 = {
			fileRef = 8816BD3B04D0542800000002;
			isa = PBXBuildFile;
			settings = {
			};
		};
		8816BD5C04D0542800000002 = {
			fileRef = 8816BD3C04D0542800000002;
			isa = PBXBuildFile;
			settings = {
			};
		};
		8816BD5D04D0542800000002 = {
			fileRef = 8816BD3D04D0542800000002;
			isa = PBXBuildFile;
			settings = {
			};
		};
		8816BD5E04D0542800000002 = {
			fileRef = 8816BD3E04D0542800000002;
			isa = PBXBuildFile;
			settings = {
			};
		};
		8816BD5F04D0542800000002 = {
			fileRef = 8816BD3F04D0542800000002;
			isa = PBXBuildFile;
			settings = {
			};
		};
		8816BD6004D0542800000002 = {
			fileRef = 8816BD4004D0542800000002;
			isa = PBXBuildFile;
			settings = {
			};
		};
		8816BD6104D0542800000002 = {
			fileRef = 8816BD4104D0542800000002;
			isa = PBXBuildFile;
			settings = {
			};
		};
		8816BD6204D0542800000002 = {
			fileRef = 8816BD4204D0542800000002;
			isa = PBXBuildFile;
			settings = {
			};
		};
		8816BD6304D0542800000002 = {
			fileRef = 8816BD4304D0542800000002;
			isa = PBXBuildFile;
			settings = {
			};
		};
		8816BD6404D0542800000002 = {
			fileRef = 8816BD4404D0542800000002;
			isa = PBXBuildFile;
			settings = {
			};
		};
		8816BD6504D0542800000002 = {
			fileRef = 8816BD4504D0542800000002;
			isa = PBXBuildFile;
			settings = {
			};
		};
		8816BD6604D0542800000002 = {
			fileRef = 8816BD4604D0542800000002;
			isa = PBXBuildFile;
			settings = {
			};
		};
		8816BD6704D0542800000002 = {
			fileRef = 8816BD4704D0542800000002;
			isa = PBXBuildFile;
			settings = {
			};
		};
		8816BD6804D0542800000002 = {
			fileRef = 8816BD4804D0542800000002;
			isa = PBXBuildFile;
			settings = {
			};
		};
		8816BD6904D0542800000002 = {
			fileRef = 8816BD4904D0542800000002;
			isa = PBXBuildFile;
			settings = {
			};
		};
		8816BD6A04D0542800000002 = {
			fileRef = 8816BD4A04D0542800000002;
			isa = PBXBuildFile;
			settings = {
			};
		};
		8816BD6B04D0797100000002 = {
			fileEncoding = 30;
			isa = PBXFileReference;
			name = osx.m;
			path = src/osx.m;
			refType = 4;
		};
		8816BD6C04D0797100000002 = {
			fileRef = 8816BD6B04D0797100000002;
			isa = PBXBuildFile;
			settings = {
			};
		};
		8816BD6D04D079C300000002 = {
			isa = PBXFileReference;
			name = libaldmb.a;
			path = /usr/local/lib/libaldmb.a;
			refType = 0;
		};
		8816BD6E04D079C300000002 = {
			isa = PBXFileReference;
			name = libdumb.a;
			path = /usr/local/lib/libdumb.a;
			refType = 0;
		};
		8816BD6F04D079C300000002 = {
			isa = PBXFileReference;
			name = liblua.a;
			path = /usr/local/lib/liblua.a;
			refType = 0;
		};
		8816BD7004D079C300000002 = {
			fileRef = 8816BD6D04D079C300000002;
			isa = PBXBuildFile;
			settings = {
			};
		};
		8816BD7104D079C300000002 = {
			fileRef = 8816BD6E04D079C300000002;
			isa = PBXBuildFile;
			settings = {
			};
		};
		8816BD7204D079C300000002 = {
			fileRef = 8816BD6F04D079C300000002;
			isa = PBXBuildFile;
			settings = {
			};
		};
		8816BD7504D07B0300000002 = {
			isa = PBXFileReference;
			name = "KQ-icon.icns";
			path = "Mac/KQ-icon.icns";
			refType = 4;
		};
		8816BD7604D07B0300000002 = {
			fileRef = 8816BD7504D07B0300000002;
			isa = PBXBuildFile;
			settings = {
			};
		};
		8816BD7704D07B5F00000002 = {
			includeInIndex = 1;
			isa = PBXFolderReference;
			path = data;
			refType = 4;
		};
		8816BD9704D07B5F00000002 = {
			includeInIndex = 1;
			isa = PBXFolderReference;
			path = maps;
			refType = 4;
		};
		8816BDF304D07B5F00000002 = {
			includeInIndex = 1;
			isa = PBXFolderReference;
			path = music;
			refType = 4;
		};
		8816BE0804D07B5F00000002 = {
			includeInIndex = 1;
			isa = PBXFolderReference;
			path = scripts;
			refType = 4;
		};
		8816BEA504D07B6100000002 = {
			fileRef = 8816BD7704D07B5F00000002;
			isa = PBXBuildFile;
			settings = {
			};
		};
		8816BEA604D07B6100000002 = {
			fileRef = 8816BD9704D07B5F00000002;
			isa = PBXBuildFile;
			settings = {
			};
		};
		8816BEA704D07B6100000002 = {
			fileRef = 8816BDF304D07B5F00000002;
			isa = PBXBuildFile;
			settings = {
			};
		};
		8816BEA804D07B6100000002 = {
			fileRef = 8816BE0804D07B5F00000002;
			isa = PBXBuildFile;
			settings = {
			};
		};
		88C1A1C605D65EC300A80B02 = {
			children = (
				88C1A1C705D65EC300A80B02,
				88C1A1C805D65EC300A80B02,
				88C1A1C905D65EC300A80B02,
				88C1A1CA05D65EC300A80B02,
				88C1A1CB05D65EC300A80B02,
				88C1A1CC05D65EC300A80B02,
				88C1A1CD05D65EC300A80B02,
				88C1A1CE05D65EC300A80B02,
				88C1A1CF05D65EC300A80B02,
				88C1A1D005D65EC300A80B02,
				88C1A1D105D65EC300A80B02,
				88C1A1D205D65EC300A80B02,
				88C1A1D305D65EC300A80B02,
				88C1A1D405D65EC300A80B02,
				88C1A1D505D65EC300A80B02,
				88C1A1D605D65EC300A80B02,
				88C1A1D705D65EC300A80B02,
				88C1A1D805D65EC300A80B02,
				88C1A1D905D65EC300A80B02,
				88C1A1DA05D65EC300A80B02,
				88C1A1DB05D65EC300A80B02,
				88C1A1DC05D65EC300A80B02,
				88C1A1DD05D65EC300A80B02,
				88C1A1DE05D65EC300A80B02,
				88C1A1DF05D65EC300A80B02,
				88C1A1E005D65EC300A80B02,
				88C1A1E105D65EC300A80B02,
				88C1A1E205D65EC300A80B02,
				88C1A1E305D65EC300A80B02,
				88C1A1E405D65EC300A80B02,
				88C1A1E505D65EC300A80B02,
				88C1A1E605D65EC300A80B02,
				88C1A1E705D65EC300A80B02,
				88C1A1E805D65EC300A80B02,
				88C1A1E905D65EC300A80B02,
				88C1A1EA05D65EC300A80B02,
				88C1A1EB05D65EC300A80B02,
				88C1A1EC05D65EC300A80B02,
				88C1A1ED05D65EC300A80B02,
				88C1A1EE05D65EC300A80B02,
				88C1A1EF05D65EC300A80B02,
				88C1A1F005D65EC300A80B02,
				88C1A1F105D65EC300A80B02,
				88C1A1F205D65EC300A80B02,
				88C1A1F305D65EC300A80B02,
				88C1A1F405D65EC300A80B02,
				88C1A1F505D65EC300A80B02,
				88C1A1F605D65EC300A80B02,
				88C1A1F705D65EC300A80B02,
				88C1A1F805D65EC300A80B02,
				88C1A1F905D65EC300A80B02,
				88C1A1FA05D65EC300A80B02,
				88C1A1FB05D65EC300A80B02,
				88C1A1FC05D65EC300A80B02,
				88C1A1FD05D65EC300A80B02,
				88C1A1FE05D65EC300A80B02,
				88C1A1FF05D65EC300A80B02,
				88C1A21E05D65EC300A80B02,
				88C1A21F05D65EC300A80B02,
				88C1A22005D65EC300A80B02,
				88C1A22105D65EC300A80B02,
				88C1A22205D65EC300A80B02,
				88C1A22305D65EC300A80B02,
				88C1A22405D65EC300A80B02,
				88C1A22505D65EC300A80B02,
				88C1A22605D65EC300A80B02,
				88C1A22705D65EC300A80B02,
				88C1A22805D65EC300A80B02,
				88C1A22905D65EC300A80B02,
				88C1A22A05D65EC300A80B02,
				88C1A22B05D65EC300A80B02,
				88C1A22C05D65EC300A80B02,
				88C1A22D05D65EC300A80B02,
				88C1A22E05D65EC300A80B02,
				88C1A22F05D65EC300A80B02,
				88C1A23005D65EC300A80B02,
				88C1A23105D65EC300A80B02,
				88C1A23205D65EC300A80B02,
				88C1A23305D65EC300A80B02,
				88C1A23405D65EC300A80B02,
				88C1A23505D65EC300A80B02,
				88C1A23605D65EC300A80B02,
				88C1A23705D65EC300A80B02,
				88C1A23805D65EC300A80B02,
				88C1A23905D65EC300A80B02,
				88C1A23A05D65EC300A80B02,
			);
			isa = PBXGroup;
			path = scripts;
			refType = 4;
		};
		88C1A1C705D65EC300A80B02 = {
			fileEncoding = 30;
			isa = PBXFileReference;
			path = .cvsignore;
			refType = 4;
		};
		88C1A1C805D65EC300A80B02 = {
			fileEncoding = 30;
			isa = PBXFileReference;
			path = .directory;
			refType = 4;
		};
		88C1A1C905D65EC300A80B02 = {
			isa = PBXFileReference;
			path = .DS_Store;
			refType = 4;
		};
		88C1A1CA05D65EC300A80B02 = {
			fileEncoding = 30;
			isa = PBXFileReference;
			path = allsc.txt;
			refType = 4;
		};
		88C1A1CB05D65EC300A80B02 = {
			isa = PBXFileReference;
			path = bridge.lob;
			refType = 4;
		};
		88C1A1CC05D65EC300A80B02 = {
			isa = PBXFileReference;
			path = bridge.lua;
			refType = 4;
		};
		88C1A1CD05D65EC300A80B02 = {
			isa = PBXFileReference;
			path = camp.lob;
			refType = 4;
		};
		88C1A1CE05D65EC300A80B02 = {
			isa = PBXFileReference;
			path = camp.lua;
			refType = 4;
		};
		88C1A1CF05D65EC300A80B02 = {
			isa = PBXFileReference;
			path = cave1.lob;
			refType = 4;
		};
		88C1A1D005D65EC300A80B02 = {
			isa = PBXFileReference;
			path = cave1.lob.orig;
			refType = 4;
		};
		88C1A1D105D65EC300A80B02 = {
			isa = PBXFileReference;
			path = cave1.lua;
			refType = 4;
		};
		88C1A1D205D65EC300A80B02 = {
			isa = PBXFileReference;
			path = cave2.lob;
			refType = 4;
		};
		88C1A1D305D65EC300A80B02 = {
			isa = PBXFileReference;
			path = cave2.lua;
			refType = 4;
		};
		88C1A1D405D65EC300A80B02 = {
			isa = PBXFileReference;
			path = cave3a.lob;
			refType = 4;
		};
		88C1A1D505D65EC300A80B02 = {
			isa = PBXFileReference;
			path = cave3a.lua;
			refType = 4;
		};
		88C1A1D605D65EC300A80B02 = {
			isa = PBXFileReference;
			path = cave3b.lob;
			refType = 4;
		};
		88C1A1D705D65EC300A80B02 = {
			isa = PBXFileReference;
			path = cave3b.lua;
			refType = 4;
		};
		88C1A1D805D65EC300A80B02 = {
			isa = PBXFileReference;
			path = cave4.lob;
			refType = 4;
		};
		88C1A1D905D65EC300A80B02 = {
			isa = PBXFileReference;
			path = cave4.lua;
			refType = 4;
		};
		88C1A1DA05D65EC300A80B02 = {
			isa = PBXFileReference;
			path = cave5.lob;
			refType = 4;
		};
		88C1A1DB05D65EC300A80B02 = {
			isa = PBXFileReference;
			path = cave5.lua;
			refType = 4;
		};
		88C1A1DC05D65EC300A80B02 = {
			isa = PBXFileReference;
			path = cheat.lob;
			refType = 4;
		};
		88C1A1DD05D65EC300A80B02 = {
			isa = PBXFileReference;
			path = cheat.lua;
			refType = 4;
		};
		88C1A1DE05D65EC300A80B02 = {
			isa = PBXFileReference;
			path = coliseum.lob;
			refType = 4;
		};
		88C1A1DF05D65EC300A80B02 = {
			isa = PBXFileReference;
			path = coliseum.lua;
			refType = 4;
		};
		88C1A1E005D65EC300A80B02 = {
			fileEncoding = 30;
			isa = PBXFileReference;
			path = comp.bat;
			refType = 4;
		};
		88C1A1E105D65EC300A80B02 = {
			fileEncoding = 30;
			isa = PBXFileReference;
			path = compall.sh;
			refType = 4;
		};
		88C1A1E205D65EC300A80B02 = {
			isa = PBXFileReference;
			path = cult.lob;
			refType = 4;
		};
		88C1A1E305D65EC300A80B02 = {
			isa = PBXFileReference;
			path = cult.lua;
			refType = 4;
		};
		88C1A1E405D65EC300A80B02 = {
			isa = PBXFileReference;
			path = dville.lob;
			refType = 4;
		};
		88C1A1E505D65EC300A80B02 = {
			isa = PBXFileReference;
			path = dville.lua;
			refType = 4;
		};
		88C1A1E605D65EC300A80B02 = {
			isa = PBXFileReference;
			path = estate.lob;
			refType = 4;
		};
		88C1A1E705D65EC300A80B02 = {
			isa = PBXFileReference;
			path = estate.lua;
			refType = 4;
		};
		88C1A1E805D65EC300A80B02 = {
			isa = PBXFileReference;
			path = esteria.lob;
			refType = 4;
		};
		88C1A1E905D65EC300A80B02 = {
			isa = PBXFileReference;
			path = esteria.lua;
			refType = 4;
		};
		88C1A1EA05D65EC300A80B02 = {
			isa = PBXFileReference;
			path = fort.lob;
			refType = 4;
		};
		88C1A1EB05D65EC300A80B02 = {
			isa = PBXFileReference;
			path = fort.lua;
			refType = 4;
		};
		88C1A1EC05D65EC300A80B02 = {
			isa = PBXFileReference;
			path = global.lob;
			refType = 4;
		};
		88C1A1ED05D65EC300A80B02 = {
			isa = PBXFileReference;
			path = global.lua;
			refType = 4;
		};
		88C1A1EE05D65EC300A80B02 = {
			isa = PBXFileReference;
			path = grotto.lob;
			refType = 4;
		};
		88C1A1EF05D65EC300A80B02 = {
			isa = PBXFileReference;
			path = grotto.lua;
			refType = 4;
		};
		88C1A1F005D65EC300A80B02 = {
			isa = PBXFileReference;
			path = grotto2.lob;
			refType = 4;
		};
		88C1A1F105D65EC300A80B02 = {
			isa = PBXFileReference;
			path = grotto2.lua;
			refType = 4;
		};
		88C1A1F205D65EC300A80B02 = {
			isa = PBXFileReference;
			path = guild.lob;
			refType = 4;
		};
		88C1A1F305D65EC300A80B02 = {
			isa = PBXFileReference;
			path = guild.lua;
			refType = 4;
		};
		88C1A1F405D65EC300A80B02 = {
			isa = PBXFileReference;
			path = luac.out;
			refType = 4;
		};
		88C1A1F505D65EC300A80B02 = {
			isa = PBXFileReference;
			path = main.lob;
			refType = 4;
		};
		88C1A1F605D65EC300A80B02 = {
			isa = PBXFileReference;
			path = main.lua;
			refType = 4;
		};
		88C1A1F705D65EC300A80B02 = {
			fileEncoding = 30;
			isa = PBXFileReference;
			path = makefile;
			refType = 4;
		};
		88C1A1F805D65EC300A80B02 = {
			isa = PBXFileReference;
			path = manor.lob;
			refType = 4;
		};
		88C1A1F905D65EC300A80B02 = {
			isa = PBXFileReference;
			path = manor.lua;
			refType = 4;
		};
		88C1A1FA05D65EC300A80B02 = {
			fileEncoding = 30;
			isa = PBXFileReference;
			path = manor.patch;
			refType = 4;
		};
		88C1A1FB05D65EC300A80B02 = {
			isa = PBXFileReference;
			path = pass.lob;
			refType = 4;
		};
		88C1A1FC05D65EC300A80B02 = {
			isa = PBXFileReference;
			path = pass.lua;
			refType = 4;
		};
		88C1A1FD05D65EC300A80B02 = {
			fileEncoding = 30;
			isa = PBXFileReference;
			path = preall.sh;
			refType = 4;
		};
		88C1A1FE05D65EC300A80B02 = {
			fileEncoding = 30;
			isa = PBXFileReference;
			path = prep.pl;
			refType = 4;
		};
		88C1A1FF05D65EC300A80B02 = {
			children = (
				88C1A20005D65EC300A80B02,
				88C1A20105D65EC300A80B02,
				88C1A20205D65EC300A80B02,
				88C1A20305D65EC300A80B02,
				88C1A20405D65EC300A80B02,
				88C1A20505D65EC300A80B02,
				88C1A20605D65EC300A80B02,
				88C1A20705D65EC300A80B02,
				88C1A20805D65EC300A80B02,
				88C1A20905D65EC300A80B02,
				88C1A20A05D65EC300A80B02,
				88C1A20B05D65EC300A80B02,
				88C1A20C05D65EC300A80B02,
				88C1A20D05D65EC300A80B02,
				88C1A20E05D65EC300A80B02,
				88C1A20F05D65EC300A80B02,
				88C1A21005D65EC300A80B02,
				88C1A21105D65EC300A80B02,
				88C1A21205D65EC300A80B02,
				88C1A21305D65EC300A80B02,
				88C1A21405D65EC300A80B02,
				88C1A21505D65EC300A80B02,
				88C1A21605D65EC300A80B02,
				88C1A21705D65EC300A80B02,
				88C1A21805D65EC300A80B02,
				88C1A21905D65EC300A80B02,
				88C1A21A05D65EC300A80B02,
				88C1A21B05D65EC300A80B02,
				88C1A21C05D65EC300A80B02,
				88C1A21D05D65EC300A80B02,
			);
			isa = PBXGroup;
			path = pscripts;
			refType = 4;
		};
		88C1A20005D65EC300A80B02 = {
			isa = PBXFileReference;
			path = bridge.lua;
			refType = 4;
		};
		88C1A20105D65EC300A80B02 = {
			isa = PBXFileReference;
			path = camp.lua;
			refType = 4;
		};
		88C1A20205D65EC300A80B02 = {
			isa = PBXFileReference;
			path = cave1.lua;
			refType = 4;
		};
		88C1A20305D65EC300A80B02 = {
			isa = PBXFileReference;
			path = cave2.lua;
			refType = 4;
		};
		88C1A20405D65EC300A80B02 = {
			isa = PBXFileReference;
			path = cave3a.lua;
			refType = 4;
		};
		88C1A20505D65EC300A80B02 = {
			isa = PBXFileReference;
			path = cave3b.lua;
			refType = 4;
		};
		88C1A20605D65EC300A80B02 = {
			isa = PBXFileReference;
			path = cave4.lua;
			refType = 4;
		};
		88C1A20705D65EC300A80B02 = {
			isa = PBXFileReference;
			path = cheat.lua;
			refType = 4;
		};
		88C1A20805D65EC300A80B02 = {
			isa = PBXFileReference;
			path = coliseum.lua;
			refType = 4;
		};
		88C1A20905D65EC300A80B02 = {
			isa = PBXFileReference;
			path = cult.lua;
			refType = 4;
		};
		88C1A20A05D65EC300A80B02 = {
			isa = PBXFileReference;
			path = dville.lua;
			refType = 4;
		};
		88C1A20B05D65EC300A80B02 = {
			isa = PBXFileReference;
			path = estate.lua;
			refType = 4;
		};
		88C1A20C05D65EC300A80B02 = {
			isa = PBXFileReference;
			path = fort.lua;
			refType = 4;
		};
		88C1A20D05D65EC300A80B02 = {
			isa = PBXFileReference;
			path = grotto.lua;
			refType = 4;
		};
		88C1A20E05D65EC300A80B02 = {
			isa = PBXFileReference;
			path = grotto2.lua;
			refType = 4;
		};
		88C1A20F05D65EC300A80B02 = {
			isa = PBXFileReference;
			path = guild.lua;
			refType = 4;
		};
		88C1A21005D65EC300A80B02 = {
			isa = PBXFileReference;
			path = main.lua;
			refType = 4;
		};
		88C1A21105D65EC300A80B02 = {
			isa = PBXFileReference;
			path = manor.lua;
			refType = 4;
		};
		88C1A21205D65EC300A80B02 = {
			isa = PBXFileReference;
			path = pass.lua;
			refType = 4;
		};
		88C1A21305D65EC300A80B02 = {
			isa = PBXFileReference;
			path = starting.lua;
			refType = 4;
		};
		88C1A21405D65EC300A80B02 = {
			isa = PBXFileReference;
			path = temple1.lua;
			refType = 4;
		};
		88C1A21505D65EC300A80B02 = {
			isa = PBXFileReference;
			path = temple2.lua;
			refType = 4;
		};
		88C1A21605D65EC300A80B02 = {
			isa = PBXFileReference;
			path = tower.lua;
			refType = 4;
		};
		88C1A21705D65EC300A80B02 = {
			isa = PBXFileReference;
			path = town1.lua;
			refType = 4;
		};
		88C1A21805D65EC300A80B02 = {
			isa = PBXFileReference;
			path = town2.lua;
			refType = 4;
		};
		88C1A21905D65EC300A80B02 = {
			isa = PBXFileReference;
			path = town3.lua;
			refType = 4;
		};
		88C1A21A05D65EC300A80B02 = {
			isa = PBXFileReference;
			path = town4.lua;
			refType = 4;
		};
		88C1A21B05D65EC300A80B02 = {
			isa = PBXFileReference;
			path = town5.lua;
			refType = 4;
		};
		88C1A21C05D65EC300A80B02 = {
			isa = PBXFileReference;
			path = town6.lua;
			refType = 4;
		};
		88C1A21D05D65EC300A80B02 = {
			isa = PBXFileReference;
			path = town7.lua;
			refType = 4;
		};
		88C1A21E05D65EC300A80B02 = {
			isa = PBXFileReference;
			path = shrine.lob;
			refType = 4;
		};
		88C1A21F05D65EC300A80B02 = {
			isa = PBXFileReference;
			path = shrine.lua;
			refType = 4;
		};
		88C1A22005D65EC300A80B02 = {
			isa = PBXFileReference;
			path = starting.lob;
			refType = 4;
		};
		88C1A22105D65EC300A80B02 = {
			isa = PBXFileReference;
			path = starting.lua;
			refType = 4;
		};
		88C1A22205D65EC300A80B02 = {
			isa = PBXFileReference;
			path = sunpal.lob;
			refType = 4;
		};
		88C1A22305D65EC300A80B02 = {
			isa = PBXFileReference;
			path = sunpal.lua;
			refType = 4;
		};
		88C1A22405D65EC300A80B02 = {
			isa = PBXFileReference;
			path = temple1.lob;
			refType = 4;
		};
		88C1A22505D65EC300A80B02 = {
			isa = PBXFileReference;
			path = temple1.lua;
			refType = 4;
		};
		88C1A22605D65EC300A80B02 = {
			isa = PBXFileReference;
			path = temple2.lob;
			refType = 4;
		};
		88C1A22705D65EC300A80B02 = {
			isa = PBXFileReference;
			path = temple2.lua;
			refType = 4;
		};
		88C1A22805D65EC300A80B02 = {
			isa = PBXFileReference;
			path = tower.lob;
			refType = 4;
		};
		88C1A22905D65EC300A80B02 = {
			isa = PBXFileReference;
			path = tower.lua;
			refType = 4;
		};
		88C1A22A05D65EC300A80B02 = {
			isa = PBXFileReference;
			path = town1.lob;
			refType = 4;
		};
		88C1A22B05D65EC300A80B02 = {
			isa = PBXFileReference;
			path = town1.lua;
			refType = 4;
		};
		88C1A22C05D65EC300A80B02 = {
			isa = PBXFileReference;
			path = town2.lob;
			refType = 4;
		};
		88C1A22D05D65EC300A80B02 = {
			isa = PBXFileReference;
			path = town2.lua;
			refType = 4;
		};
		88C1A22E05D65EC300A80B02 = {
			isa = PBXFileReference;
			path = town3.lob;
			refType = 4;
		};
		88C1A22F05D65EC300A80B02 = {
			isa = PBXFileReference;
			path = town3.lua;
			refType = 4;
		};
		88C1A23005D65EC300A80B02 = {
			isa = PBXFileReference;
			path = town4.lob;
			refType = 4;
		};
		88C1A23105D65EC300A80B02 = {
			isa = PBXFileReference;
			path = town4.lua;
			refType = 4;
		};
		88C1A23205D65EC300A80B02 = {
			isa = PBXFileReference;
			path = town5.lob;
			refType = 4;
		};
		88C1A23305D65EC300A80B02 = {
			isa = PBXFileReference;
			path = town5.lua;
			refType = 4;
		};
		88C1A23405D65EC300A80B02 = {
			fileEncoding = 30;
			isa = PBXFileReference;
			path = town5.patch;
			refType = 4;
		};
		88C1A23505D65EC300A80B02 = {
			isa = PBXFileReference;
			path = town6.lob;
			refType = 4;
		};
		88C1A23605D65EC300A80B02 = {
			isa = PBXFileReference;
			path = town6.lua;
			refType = 4;
		};
		88C1A23705D65EC300A80B02 = {
			isa = PBXFileReference;
			path = town7.lob;
			refType = 4;
		};
		88C1A23805D65EC300A80B02 = {
			isa = PBXFileReference;
			path = town7.lua;
			refType = 4;
		};
		88C1A23905D65EC300A80B02 = {
			isa = PBXFileReference;
			path = tunnel.lob;
			refType = 4;
		};
		88C1A23A05D65EC300A80B02 = {
			isa = PBXFileReference;
			path = tunnel.lua;
			refType = 4;
		};
		88C1A23F05D65EC300A80B02 = {
			fileRef = 88C1A1CB05D65EC300A80B02;
			isa = PBXBuildFile;
			settings = {
			};
		};
		88C1A24005D65EC300A80B02 = {
			fileRef = 88C1A1CC05D65EC300A80B02;
			isa = PBXBuildFile;
			settings = {
			};
		};
		88C1A24105D65EC300A80B02 = {
			fileRef = 88C1A1CD05D65EC300A80B02;
			isa = PBXBuildFile;
			settings = {
			};
		};
		88C1A24205D65EC300A80B02 = {
			fileRef = 88C1A1CE05D65EC300A80B02;
			isa = PBXBuildFile;
			settings = {
			};
		};
		88C1A24305D65EC300A80B02 = {
			fileRef = 88C1A1CF05D65EC300A80B02;
			isa = PBXBuildFile;
			settings = {
			};
		};
		88C1A24405D65EC300A80B02 = {
			fileRef = 88C1A1D005D65EC300A80B02;
			isa = PBXBuildFile;
			settings = {
			};
		};
		88C1A24505D65EC300A80B02 = {
			fileRef = 88C1A1D105D65EC300A80B02;
			isa = PBXBuildFile;
			settings = {
			};
		};
		88C1A24605D65EC300A80B02 = {
			fileRef = 88C1A1D205D65EC300A80B02;
			isa = PBXBuildFile;
			settings = {
			};
		};
		88C1A24705D65EC300A80B02 = {
			fileRef = 88C1A1D305D65EC300A80B02;
			isa = PBXBuildFile;
			settings = {
			};
		};
		88C1A24805D65EC300A80B02 = {
			fileRef = 88C1A1D405D65EC300A80B02;
			isa = PBXBuildFile;
			settings = {
			};
		};
		88C1A24905D65EC300A80B02 = {
			fileRef = 88C1A1D505D65EC300A80B02;
			isa = PBXBuildFile;
			settings = {
			};
		};
		88C1A24A05D65EC300A80B02 = {
			fileRef = 88C1A1D605D65EC300A80B02;
			isa = PBXBuildFile;
			settings = {
			};
		};
		88C1A24B05D65EC300A80B02 = {
			fileRef = 88C1A1D705D65EC300A80B02;
			isa = PBXBuildFile;
			settings = {
			};
		};
		88C1A24C05D65EC300A80B02 = {
			fileRef = 88C1A1D805D65EC300A80B02;
			isa = PBXBuildFile;
			settings = {
			};
		};
		88C1A24D05D65EC300A80B02 = {
			fileRef = 88C1A1D905D65EC300A80B02;
			isa = PBXBuildFile;
			settings = {
			};
		};
		88C1A24E05D65EC300A80B02 = {
			fileRef = 88C1A1DA05D65EC300A80B02;
			isa = PBXBuildFile;
			settings = {
			};
		};
		88C1A24F05D65EC300A80B02 = {
			fileRef = 88C1A1DB05D65EC300A80B02;
			isa = PBXBuildFile;
			settings = {
			};
		};
		88C1A25005D65EC300A80B02 = {
			fileRef = 88C1A1DC05D65EC300A80B02;
			isa = PBXBuildFile;
			settings = {
			};
		};
		88C1A25105D65EC300A80B02 = {
			fileRef = 88C1A1DD05D65EC300A80B02;
			isa = PBXBuildFile;
			settings = {
			};
		};
		88C1A25205D65EC300A80B02 = {
			fileRef = 88C1A1DE05D65EC300A80B02;
			isa = PBXBuildFile;
			settings = {
			};
		};
		88C1A25305D65EC300A80B02 = {
			fileRef = 88C1A1DF05D65EC300A80B02;
			isa = PBXBuildFile;
			settings = {
			};
		};
		88C1A25405D65EC300A80B02 = {
			fileRef = 88C1A1E005D65EC300A80B02;
			isa = PBXBuildFile;
			settings = {
			};
		};
		88C1A25505D65EC300A80B02 = {
			fileRef = 88C1A1E105D65EC300A80B02;
			isa = PBXBuildFile;
			settings = {
			};
		};
		88C1A25605D65EC300A80B02 = {
			fileRef = 88C1A1E205D65EC300A80B02;
			isa = PBXBuildFile;
			settings = {
			};
		};
		88C1A25705D65EC300A80B02 = {
			fileRef = 88C1A1E305D65EC300A80B02;
			isa = PBXBuildFile;
			settings = {
			};
		};
		88C1A25805D65EC300A80B02 = {
			fileRef = 88C1A1E405D65EC300A80B02;
			isa = PBXBuildFile;
			settings = {
			};
		};
		88C1A25905D65EC300A80B02 = {
			fileRef = 88C1A1E505D65EC300A80B02;
			isa = PBXBuildFile;
			settings = {
			};
		};
		88C1A25A05D65EC300A80B02 = {
			fileRef = 88C1A1E605D65EC300A80B02;
			isa = PBXBuildFile;
			settings = {
			};
		};
		88C1A25B05D65EC300A80B02 = {
			fileRef = 88C1A1E705D65EC300A80B02;
			isa = PBXBuildFile;
			settings = {
			};
		};
		88C1A25C05D65EC300A80B02 = {
			fileRef = 88C1A1E805D65EC300A80B02;
			isa = PBXBuildFile;
			settings = {
			};
		};
		88C1A25D05D65EC300A80B02 = {
			fileRef = 88C1A1E905D65EC300A80B02;
			isa = PBXBuildFile;
			settings = {
			};
		};
		88C1A25E05D65EC300A80B02 = {
			fileRef = 88C1A1EA05D65EC300A80B02;
			isa = PBXBuildFile;
			settings = {
			};
		};
		88C1A25F05D65EC300A80B02 = {
			fileRef = 88C1A1EB05D65EC300A80B02;
			isa = PBXBuildFile;
			settings = {
			};
		};
		88C1A26005D65EC300A80B02 = {
			fileRef = 88C1A1EC05D65EC300A80B02;
			isa = PBXBuildFile;
			settings = {
			};
		};
		88C1A26105D65EC300A80B02 = {
			fileRef = 88C1A1ED05D65EC300A80B02;
			isa = PBXBuildFile;
			settings = {
			};
		};
		88C1A26205D65EC300A80B02 = {
			fileRef = 88C1A1EE05D65EC300A80B02;
			isa = PBXBuildFile;
			settings = {
			};
		};
		88C1A26305D65EC300A80B02 = {
			fileRef = 88C1A1EF05D65EC300A80B02;
			isa = PBXBuildFile;
			settings = {
			};
		};
		88C1A26405D65EC300A80B02 = {
			fileRef = 88C1A1F005D65EC300A80B02;
			isa = PBXBuildFile;
			settings = {
			};
		};
		88C1A26505D65EC300A80B02 = {
			fileRef = 88C1A1F105D65EC300A80B02;
			isa = PBXBuildFile;
			settings = {
			};
		};
		88C1A26605D65EC300A80B02 = {
			fileRef = 88C1A1F205D65EC300A80B02;
			isa = PBXBuildFile;
			settings = {
			};
		};
		88C1A26705D65EC300A80B02 = {
			fileRef = 88C1A1F305D65EC300A80B02;
			isa = PBXBuildFile;
			settings = {
			};
		};
		88C1A26805D65EC300A80B02 = {
			fileRef = 88C1A1F405D65EC300A80B02;
			isa = PBXBuildFile;
			settings = {
			};
		};
		88C1A26905D65EC300A80B02 = {
			fileRef = 88C1A1F505D65EC300A80B02;
			isa = PBXBuildFile;
			settings = {
			};
		};
		88C1A26A05D65EC300A80B02 = {
			fileRef = 88C1A1F605D65EC300A80B02;
			isa = PBXBuildFile;
			settings = {
			};
		};
		88C1A26B05D65EC300A80B02 = {
			fileRef = 88C1A1F705D65EC300A80B02;
			isa = PBXBuildFile;
			settings = {
			};
		};
		88C1A26C05D65EC300A80B02 = {
			fileRef = 88C1A1F805D65EC300A80B02;
			isa = PBXBuildFile;
			settings = {
			};
		};
		88C1A26D05D65EC300A80B02 = {
			fileRef = 88C1A1F905D65EC300A80B02;
			isa = PBXBuildFile;
			settings = {
			};
		};
		88C1A26E05D65EC300A80B02 = {
			fileRef = 88C1A1FA05D65EC300A80B02;
			isa = PBXBuildFile;
			settings = {
			};
		};
		88C1A26F05D65EC300A80B02 = {
			fileRef = 88C1A1FB05D65EC300A80B02;
			isa = PBXBuildFile;
			settings = {
			};
		};
		88C1A27005D65EC300A80B02 = {
			fileRef = 88C1A1FC05D65EC300A80B02;
			isa = PBXBuildFile;
			settings = {
			};
		};
		88C1A27105D65EC300A80B02 = {
			fileRef = 88C1A1FD05D65EC300A80B02;
			isa = PBXBuildFile;
			settings = {
			};
		};
		88C1A27205D65EC300A80B02 = {
			fileRef = 88C1A1FE05D65EC300A80B02;
			isa = PBXBuildFile;
			settings = {
			};
		};
		88C1A27305D65EC300A80B02 = {
			fileRef = 88C1A20005D65EC300A80B02;
			isa = PBXBuildFile;
			settings = {
			};
		};
		88C1A27405D65EC300A80B02 = {
			fileRef = 88C1A20105D65EC300A80B02;
			isa = PBXBuildFile;
			settings = {
			};
		};
		88C1A27505D65EC300A80B02 = {
			fileRef = 88C1A20205D65EC300A80B02;
			isa = PBXBuildFile;
			settings = {
			};
		};
		88C1A27605D65EC300A80B02 = {
			fileRef = 88C1A20305D65EC300A80B02;
			isa = PBXBuildFile;
			settings = {
			};
		};
		88C1A27705D65EC300A80B02 = {
			fileRef = 88C1A20405D65EC300A80B02;
			isa = PBXBuildFile;
			settings = {
			};
		};
		88C1A27805D65EC300A80B02 = {
			fileRef = 88C1A20505D65EC300A80B02;
			isa = PBXBuildFile;
			settings = {
			};
		};
		88C1A27905D65EC300A80B02 = {
			fileRef = 88C1A20605D65EC300A80B02;
			isa = PBXBuildFile;
			settings = {
			};
		};
		88C1A27A05D65EC300A80B02 = {
			fileRef = 88C1A20705D65EC300A80B02;
			isa = PBXBuildFile;
			settings = {
			};
		};
		88C1A27B05D65EC300A80B02 = {
			fileRef = 88C1A20805D65EC300A80B02;
			isa = PBXBuildFile;
			settings = {
			};
		};
		88C1A27C05D65EC300A80B02 = {
			fileRef = 88C1A20905D65EC300A80B02;
			isa = PBXBuildFile;
			settings = {
			};
		};
		88C1A27D05D65EC300A80B02 = {
			fileRef = 88C1A20A05D65EC300A80B02;
			isa = PBXBuildFile;
			settings = {
			};
		};
		88C1A27E05D65EC300A80B02 = {
			fileRef = 88C1A20B05D65EC300A80B02;
			isa = PBXBuildFile;
			settings = {
			};
		};
		88C1A27F05D65EC300A80B02 = {
			fileRef = 88C1A20C05D65EC300A80B02;
			isa = PBXBuildFile;
			settings = {
			};
		};
		88C1A28005D65EC300A80B02 = {
			fileRef = 88C1A20D05D65EC300A80B02;
			isa = PBXBuildFile;
			settings = {
			};
		};
		88C1A28105D65EC300A80B02 = {
			fileRef = 88C1A20E05D65EC300A80B02;
			isa = PBXBuildFile;
			settings = {
			};
		};
		88C1A28205D65EC300A80B02 = {
			fileRef = 88C1A20F05D65EC300A80B02;
			isa = PBXBuildFile;
			settings = {
			};
		};
		88C1A28305D65EC300A80B02 = {
			fileRef = 88C1A21005D65EC300A80B02;
			isa = PBXBuildFile;
			settings = {
			};
		};
		88C1A28405D65EC300A80B02 = {
			fileRef = 88C1A21105D65EC300A80B02;
			isa = PBXBuildFile;
			settings = {
			};
		};
		88C1A28505D65EC300A80B02 = {
			fileRef = 88C1A21205D65EC300A80B02;
			isa = PBXBuildFile;
			settings = {
			};
		};
		88C1A28605D65EC300A80B02 = {
			fileRef = 88C1A21305D65EC300A80B02;
			isa = PBXBuildFile;
			settings = {
			};
		};
		88C1A28705D65EC300A80B02 = {
			fileRef = 88C1A21405D65EC300A80B02;
			isa = PBXBuildFile;
			settings = {
			};
		};
		88C1A28805D65EC300A80B02 = {
			fileRef = 88C1A21505D65EC300A80B02;
			isa = PBXBuildFile;
			settings = {
			};
		};
		88C1A28905D65EC300A80B02 = {
			fileRef = 88C1A21605D65EC300A80B02;
			isa = PBXBuildFile;
			settings = {
			};
		};
		88C1A28A05D65EC300A80B02 = {
			fileRef = 88C1A21705D65EC300A80B02;
			isa = PBXBuildFile;
			settings = {
			};
		};
		88C1A28B05D65EC300A80B02 = {
			fileRef = 88C1A21805D65EC300A80B02;
			isa = PBXBuildFile;
			settings = {
			};
		};
		88C1A28C05D65EC300A80B02 = {
			fileRef = 88C1A21905D65EC300A80B02;
			isa = PBXBuildFile;
			settings = {
			};
		};
		88C1A28D05D65EC300A80B02 = {
			fileRef = 88C1A21A05D65EC300A80B02;
			isa = PBXBuildFile;
			settings = {
			};
		};
		88C1A28E05D65EC300A80B02 = {
			fileRef = 88C1A21B05D65EC300A80B02;
			isa = PBXBuildFile;
			settings = {
			};
		};
		88C1A28F05D65EC300A80B02 = {
			fileRef = 88C1A21C05D65EC300A80B02;
			isa = PBXBuildFile;
			settings = {
			};
		};
		88C1A29005D65EC300A80B02 = {
			fileRef = 88C1A21D05D65EC300A80B02;
			isa = PBXBuildFile;
			settings = {
			};
		};
		88C1A29105D65EC300A80B02 = {
			fileRef = 88C1A21E05D65EC300A80B02;
			isa = PBXBuildFile;
			settings = {
			};
		};
		88C1A29205D65EC300A80B02 = {
			fileRef = 88C1A21F05D65EC300A80B02;
			isa = PBXBuildFile;
			settings = {
			};
		};
		88C1A29305D65EC300A80B02 = {
			fileRef = 88C1A22005D65EC300A80B02;
			isa = PBXBuildFile;
			settings = {
			};
		};
		88C1A29405D65EC300A80B02 = {
			fileRef = 88C1A22105D65EC300A80B02;
			isa = PBXBuildFile;
			settings = {
			};
		};
		88C1A29505D65EC300A80B02 = {
			fileRef = 88C1A22205D65EC300A80B02;
			isa = PBXBuildFile;
			settings = {
			};
		};
		88C1A29605D65EC300A80B02 = {
			fileRef = 88C1A22305D65EC300A80B02;
			isa = PBXBuildFile;
			settings = {
			};
		};
		88C1A29705D65EC300A80B02 = {
			fileRef = 88C1A22405D65EC300A80B02;
			isa = PBXBuildFile;
			settings = {
			};
		};
		88C1A29805D65EC300A80B02 = {
			fileRef = 88C1A22505D65EC300A80B02;
			isa = PBXBuildFile;
			settings = {
			};
		};
		88C1A29905D65EC300A80B02 = {
			fileRef = 88C1A22605D65EC300A80B02;
			isa = PBXBuildFile;
			settings = {
			};
		};
		88C1A29A05D65EC300A80B02 = {
			fileRef = 88C1A22705D65EC300A80B02;
			isa = PBXBuildFile;
			settings = {
			};
		};
		88C1A29B05D65EC300A80B02 = {
			fileRef = 88C1A22805D65EC300A80B02;
			isa = PBXBuildFile;
			settings = {
			};
		};
		88C1A29C05D65EC300A80B02 = {
			fileRef = 88C1A22905D65EC300A80B02;
			isa = PBXBuildFile;
			settings = {
			};
		};
		88C1A29D05D65EC300A80B02 = {
			fileRef = 88C1A22A05D65EC300A80B02;
			isa = PBXBuildFile;
			settings = {
			};
		};
		88C1A29E05D65EC300A80B02 = {
			fileRef = 88C1A22B05D65EC300A80B02;
			isa = PBXBuildFile;
			settings = {
			};
		};
		88C1A29F05D65EC300A80B02 = {
			fileRef = 88C1A22C05D65EC300A80B02;
			isa = PBXBuildFile;
			settings = {
			};
		};
		88C1A2A005D65EC300A80B02 = {
			fileRef = 88C1A22D05D65EC300A80B02;
			isa = PBXBuildFile;
			settings = {
			};
		};
		88C1A2A105D65EC300A80B02 = {
			fileRef = 88C1A22E05D65EC300A80B02;
			isa = PBXBuildFile;
			settings = {
			};
		};
		88C1A2A205D65EC300A80B02 = {
			fileRef = 88C1A22F05D65EC300A80B02;
			isa = PBXBuildFile;
			settings = {
			};
		};
		88C1A2A305D65EC300A80B02 = {
			fileRef = 88C1A23005D65EC300A80B02;
			isa = PBXBuildFile;
			settings = {
			};
		};
		88C1A2A405D65EC300A80B02 = {
			fileRef = 88C1A23105D65EC300A80B02;
			isa = PBXBuildFile;
			settings = {
			};
		};
		88C1A2A505D65EC300A80B02 = {
			fileRef = 88C1A23205D65EC300A80B02;
			isa = PBXBuildFile;
			settings = {
			};
		};
		88C1A2A605D65EC300A80B02 = {
			fileRef = 88C1A23305D65EC300A80B02;
			isa = PBXBuildFile;
			settings = {
			};
		};
		88C1A2A705D65EC300A80B02 = {
			fileRef = 88C1A23405D65EC300A80B02;
			isa = PBXBuildFile;
			settings = {
			};
		};
		88C1A2A805D65EC300A80B02 = {
			fileRef = 88C1A23505D65EC300A80B02;
			isa = PBXBuildFile;
			settings = {
			};
		};
		88C1A2A905D65EC300A80B02 = {
			fileRef = 88C1A23605D65EC300A80B02;
			isa = PBXBuildFile;
			settings = {
			};
		};
		88C1A2AA05D65EC300A80B02 = {
			fileRef = 88C1A23705D65EC300A80B02;
			isa = PBXBuildFile;
			settings = {
			};
		};
		88C1A2AB05D65EC300A80B02 = {
			fileRef = 88C1A23805D65EC300A80B02;
			isa = PBXBuildFile;
			settings = {
			};
		};
		88C1A2AC05D65EC300A80B02 = {
			fileRef = 88C1A23905D65EC300A80B02;
			isa = PBXBuildFile;
			settings = {
			};
		};
		88C1A2AD05D65EC300A80B02 = {
			fileRef = 88C1A23A05D65EC300A80B02;
			isa = PBXBuildFile;
			settings = {
			};
		};
	};
	rootObject = 29B97313FDCFA39411CA2CEA;
}
