// !$*UTF8*$!
{
	archiveVersion = 1;
	classes = {
	};
	objectVersion = 42;
	objects = {

/* Begin PBXBuildFile section */
		8808A79C0A62F1AC00EBA666 /* KQ-icon.icns in Resources */ = {isa = PBXBuildFile; fileRef = 8816BD7504D07B0300000002 /* KQ-icon.icns */; };
		8808A7A20A62F1AC00EBA666 /* combat.c in Sources */ = {isa = PBXBuildFile; fileRef = 8816BCF604D053D000000002 /* combat.c */; };
		8808A7A30A62F1AC00EBA666 /* credits.c in Sources */ = {isa = PBXBuildFile; fileRef = 8816BCF704D053D000000002 /* credits.c */; };
		8808A7A40A62F1AC00EBA666 /* disk.c in Sources */ = {isa = PBXBuildFile; fileRef = 8816BCF804D053D000000002 /* disk.c */; };
		8808A7A50A62F1AC00EBA666 /* draw.c in Sources */ = {isa = PBXBuildFile; fileRef = 8816BCF904D053D000000002 /* draw.c */; };
		8808A7A60A62F1AC00EBA666 /* effects.c in Sources */ = {isa = PBXBuildFile; fileRef = 8816BCFA04D053D000000002 /* effects.c */; };
		8808A7A70A62F1AC00EBA666 /* enemyc.c in Sources */ = {isa = PBXBuildFile; fileRef = 8816BCFB04D053D000000002 /* enemyc.c */; };
		8808A7A80A62F1AC00EBA666 /* entity.c in Sources */ = {isa = PBXBuildFile; fileRef = 8816BCFC04D053D000000002 /* entity.c */; };
		8808A7A90A62F1AC00EBA666 /* eqpmenu.c in Sources */ = {isa = PBXBuildFile; fileRef = 8816BCFD04D053D000000002 /* eqpmenu.c */; };
		8808A7AA0A62F1AC00EBA666 /* eskill.c in Sources */ = {isa = PBXBuildFile; fileRef = 8816BCFE04D053D000000002 /* eskill.c */; };
		8808A7AB0A62F1AC00EBA666 /* fade.c in Sources */ = {isa = PBXBuildFile; fileRef = 8816BCFF04D053D000000002 /* fade.c */; };
		8808A7AC0A62F1AC00EBA666 /* heroc.c in Sources */ = {isa = PBXBuildFile; fileRef = 8816BD0004D053D000000002 /* heroc.c */; };
		8808A7AD0A62F1AC00EBA666 /* hskill.c in Sources */ = {isa = PBXBuildFile; fileRef = 8816BD0104D053D000000002 /* hskill.c */; };
		8808A7AE0A62F1AC00EBA666 /* intrface.c in Sources */ = {isa = PBXBuildFile; fileRef = 8816BD0204D053D000000002 /* intrface.c */; };
		8808A7AF0A62F1AC00EBA666 /* itemmenu.c in Sources */ = {isa = PBXBuildFile; fileRef = 8816BD0304D053D000000002 /* itemmenu.c */; };
		8808A7B00A62F1AC00EBA666 /* kq.c in Sources */ = {isa = PBXBuildFile; fileRef = 8816BD0404D053D000000002 /* kq.c */; };
		8808A7B10A62F1AC00EBA666 /* magic.c in Sources */ = {isa = PBXBuildFile; fileRef = 8816BD0504D053D000000002 /* magic.c */; };
		8808A7B20A62F1AC00EBA666 /* masmenu.c in Sources */ = {isa = PBXBuildFile; fileRef = 8816BD0604D053D000000002 /* masmenu.c */; };
		8808A7B30A62F1AC00EBA666 /* menu.c in Sources */ = {isa = PBXBuildFile; fileRef = 8816BD0704D053D000000002 /* menu.c */; };
		8808A7B40A62F1AC00EBA666 /* music.c in Sources */ = {isa = PBXBuildFile; fileRef = 8816BD0804D053D000000002 /* music.c */; };
		8808A7B50A62F1AC00EBA666 /* res.c in Sources */ = {isa = PBXBuildFile; fileRef = 8816BD0904D053D000000002 /* res.c */; };
		8808A7B60A62F1AC00EBA666 /* scrnshot.c in Sources */ = {isa = PBXBuildFile; fileRef = 8816BD0A04D053D000000002 /* scrnshot.c */; };
		8808A7B70A62F1AC00EBA666 /* selector.c in Sources */ = {isa = PBXBuildFile; fileRef = 8816BD0B04D053D000000002 /* selector.c */; };
		8808A7B80A62F1AC00EBA666 /* setup.c in Sources */ = {isa = PBXBuildFile; fileRef = 8816BD0C04D053D000000002 /* setup.c */; };
		8808A7B90A62F1AC00EBA666 /* sgame.c in Sources */ = {isa = PBXBuildFile; fileRef = 8816BD0D04D053D000000002 /* sgame.c */; };
		8808A7BA0A62F1AC00EBA666 /* shopmenu.c in Sources */ = {isa = PBXBuildFile; fileRef = 8816BD0E04D053D000000002 /* shopmenu.c */; };
		8808A7BB0A62F1AC00EBA666 /* timing.c in Sources */ = {isa = PBXBuildFile; fileRef = 8816BD0F04D053D000000002 /* timing.c */; };
		8808A7DC0A62F1AC00EBA666 /* osx.m in Sources */ = {isa = PBXBuildFile; fileRef = 8816BD6B04D0797100000002 /* osx.m */; };
		8808A7DE0A62F1AC00EBA666 /* Cocoa.framework in Frameworks */ = {isa = PBXBuildFile; fileRef = 1058C7A1FEA54F0111CA2CBB /* Cocoa.framework */; };
		8808A8F90A62F25300EBA666 /* AudioToolbox.framework in Frameworks */ = {isa = PBXBuildFile; fileRef = 8808A7EB0A62F25200EBA666 /* AudioToolbox.framework */; };
		8808A8FA0A62F25300EBA666 /* AudioUnit.framework in Frameworks */ = {isa = PBXBuildFile; fileRef = 8808A7EC0A62F25200EBA666 /* AudioUnit.framework */; };
		8808A8FB0A62F25300EBA666 /* Carbon.framework in Frameworks */ = {isa = PBXBuildFile; fileRef = 8808A7ED0A62F25200EBA666 /* Carbon.framework */; };
		8808A8FC0A62F25300EBA666 /* CoreAudio.framework in Frameworks */ = {isa = PBXBuildFile; fileRef = 8808A7EE0A62F25200EBA666 /* CoreAudio.framework */; };
		8808A8FD0A62F25300EBA666 /* CoreMIDI.framework in Frameworks */ = {isa = PBXBuildFile; fileRef = 8808A7EF0A62F25200EBA666 /* CoreMIDI.framework */; };
		8808A8FE0A62F25300EBA666 /* IOKit.framework in Frameworks */ = {isa = PBXBuildFile; fileRef = 8808A7F00A62F25200EBA666 /* IOKit.framework */; };
		8808A8FF0A62F25300EBA666 /* QuickTime.framework in Frameworks */ = {isa = PBXBuildFile; fileRef = 8808A7F10A62F25200EBA666 /* QuickTime.framework */; };
		8808AA110A62F6E700EBA666 /* movement.c in Sources */ = {isa = PBXBuildFile; fileRef = 8808AA100A62F6E700EBA666 /* movement.c */; };
		88980CFD0F0AA0E7005EAB09 /* pass.map in Copy maps */ = {isa = PBXBuildFile; fileRef = 88980CFB0F0AA0CA005EAB09 /* pass.map */; };
		88DD17C40F0948A200DE33E8 /* cave6a.lob in Copy scripts */ = {isa = PBXBuildFile; fileRef = 88DD17BD0F0948A200DE33E8 /* cave6a.lob */; };
		88DD17C50F0948A200DE33E8 /* cave6b.lob in Copy scripts */ = {isa = PBXBuildFile; fileRef = 88DD17BE0F0948A200DE33E8 /* cave6b.lob */; };
		88DD17C60F0948A200DE33E8 /* cheat.lob in Copy scripts */ = {isa = PBXBuildFile; fileRef = 88DD17BF0F0948A200DE33E8 /* cheat.lob */; };
		88DD17C70F0948A200DE33E8 /* goblin.lob in Copy scripts */ = {isa = PBXBuildFile; fileRef = 88DD17C00F0948A200DE33E8 /* goblin.lob */; };
		88DD17C80F0948A200DE33E8 /* init.lob in Copy scripts */ = {isa = PBXBuildFile; fileRef = 88DD17C10F0948A200DE33E8 /* init.lob */; };
		88DD17C90F0948A200DE33E8 /* sunarin.lob in Copy scripts */ = {isa = PBXBuildFile; fileRef = 88DD17C20F0948A200DE33E8 /* sunarin.lob */; };
		88DD17CA0F0948A200DE33E8 /* town8.lob in Copy scripts */ = {isa = PBXBuildFile; fileRef = 88DD17C30F0948A200DE33E8 /* town8.lob */; };
		88DD17ED0F09491C00DE33E8 /* bridge.lob in Copy scripts */ = {isa = PBXBuildFile; fileRef = 88DD17CB0F09491C00DE33E8 /* bridge.lob */; };
		88DD17EE0F09491C00DE33E8 /* camp.lob in Copy scripts */ = {isa = PBXBuildFile; fileRef = 88DD17CC0F09491C00DE33E8 /* camp.lob */; };
		88DD17EF0F09491C00DE33E8 /* cave1.lob in Copy scripts */ = {isa = PBXBuildFile; fileRef = 88DD17CD0F09491C00DE33E8 /* cave1.lob */; };
		88DD17F00F09491C00DE33E8 /* cave2.lob in Copy scripts */ = {isa = PBXBuildFile; fileRef = 88DD17CE0F09491C00DE33E8 /* cave2.lob */; };
		88DD17F10F09491C00DE33E8 /* cave3a.lob in Copy scripts */ = {isa = PBXBuildFile; fileRef = 88DD17CF0F09491C00DE33E8 /* cave3a.lob */; };
		88DD17F20F09491C00DE33E8 /* cave3b.lob in Copy scripts */ = {isa = PBXBuildFile; fileRef = 88DD17D00F09491C00DE33E8 /* cave3b.lob */; };
		88DD17F30F09491C00DE33E8 /* cave4.lob in Copy scripts */ = {isa = PBXBuildFile; fileRef = 88DD17D10F09491C00DE33E8 /* cave4.lob */; };
		88DD17F40F09491C00DE33E8 /* cave5.lob in Copy scripts */ = {isa = PBXBuildFile; fileRef = 88DD17D20F09491C00DE33E8 /* cave5.lob */; };
		88DD17F50F09491C00DE33E8 /* coliseum.lob in Copy scripts */ = {isa = PBXBuildFile; fileRef = 88DD17D30F09491C00DE33E8 /* coliseum.lob */; };
		88DD17F60F09491C00DE33E8 /* cult.lob in Copy scripts */ = {isa = PBXBuildFile; fileRef = 88DD17D40F09491C00DE33E8 /* cult.lob */; };
		88DD17F70F09491C00DE33E8 /* dville.lob in Copy scripts */ = {isa = PBXBuildFile; fileRef = 88DD17D50F09491C00DE33E8 /* dville.lob */; };
		88DD17F80F09491C00DE33E8 /* estate.lob in Copy scripts */ = {isa = PBXBuildFile; fileRef = 88DD17D60F09491C00DE33E8 /* estate.lob */; };
		88DD17F90F09491C00DE33E8 /* esteria.lob in Copy scripts */ = {isa = PBXBuildFile; fileRef = 88DD17D70F09491C00DE33E8 /* esteria.lob */; };
		88DD17FA0F09491C00DE33E8 /* fort.lob in Copy scripts */ = {isa = PBXBuildFile; fileRef = 88DD17D80F09491C00DE33E8 /* fort.lob */; };
		88DD17FB0F09491C00DE33E8 /* global.lob in Copy scripts */ = {isa = PBXBuildFile; fileRef = 88DD17D90F09491C00DE33E8 /* global.lob */; };
		88DD17FC0F09491C00DE33E8 /* grotto.lob in Copy scripts */ = {isa = PBXBuildFile; fileRef = 88DD17DA0F09491C00DE33E8 /* grotto.lob */; };
		88DD17FD0F09491C00DE33E8 /* grotto2.lob in Copy scripts */ = {isa = PBXBuildFile; fileRef = 88DD17DB0F09491C00DE33E8 /* grotto2.lob */; };
		88DD17FE0F09491C00DE33E8 /* guild.lob in Copy scripts */ = {isa = PBXBuildFile; fileRef = 88DD17DC0F09491C00DE33E8 /* guild.lob */; };
		88DD17FF0F09491C00DE33E8 /* main.lob in Copy scripts */ = {isa = PBXBuildFile; fileRef = 88DD17DD0F09491C00DE33E8 /* main.lob */; };
		88DD18000F09491C00DE33E8 /* manor.lob in Copy scripts */ = {isa = PBXBuildFile; fileRef = 88DD17DE0F09491C00DE33E8 /* manor.lob */; };
		88DD18010F09491C00DE33E8 /* pass.lob in Copy scripts */ = {isa = PBXBuildFile; fileRef = 88DD17DF0F09491C00DE33E8 /* pass.lob */; };
		88DD18020F09491C00DE33E8 /* shrine.lob in Copy scripts */ = {isa = PBXBuildFile; fileRef = 88DD17E00F09491C00DE33E8 /* shrine.lob */; };
		88DD18030F09491C00DE33E8 /* starting.lob in Copy scripts */ = {isa = PBXBuildFile; fileRef = 88DD17E10F09491C00DE33E8 /* starting.lob */; };
		88DD18040F09491C00DE33E8 /* temple1.lob in Copy scripts */ = {isa = PBXBuildFile; fileRef = 88DD17E20F09491C00DE33E8 /* temple1.lob */; };
		88DD18050F09491C00DE33E8 /* temple2.lob in Copy scripts */ = {isa = PBXBuildFile; fileRef = 88DD17E30F09491C00DE33E8 /* temple2.lob */; };
		88DD18060F09491C00DE33E8 /* tower.lob in Copy scripts */ = {isa = PBXBuildFile; fileRef = 88DD17E40F09491C00DE33E8 /* tower.lob */; };
		88DD18070F09491C00DE33E8 /* town1.lob in Copy scripts */ = {isa = PBXBuildFile; fileRef = 88DD17E50F09491C00DE33E8 /* town1.lob */; };
		88DD18080F09491C00DE33E8 /* town2.lob in Copy scripts */ = {isa = PBXBuildFile; fileRef = 88DD17E60F09491C00DE33E8 /* town2.lob */; };
		88DD18090F09491C00DE33E8 /* town3.lob in Copy scripts */ = {isa = PBXBuildFile; fileRef = 88DD17E70F09491C00DE33E8 /* town3.lob */; };
		88DD180A0F09491C00DE33E8 /* town4.lob in Copy scripts */ = {isa = PBXBuildFile; fileRef = 88DD17E80F09491C00DE33E8 /* town4.lob */; };
		88DD180B0F09491C00DE33E8 /* town5.lob in Copy scripts */ = {isa = PBXBuildFile; fileRef = 88DD17E90F09491C00DE33E8 /* town5.lob */; };
		88DD180C0F09491C00DE33E8 /* town6.lob in Copy scripts */ = {isa = PBXBuildFile; fileRef = 88DD17EA0F09491C00DE33E8 /* town6.lob */; };
		88DD180D0F09491C00DE33E8 /* town7.lob in Copy scripts */ = {isa = PBXBuildFile; fileRef = 88DD17EB0F09491C00DE33E8 /* town7.lob */; };
		88DD180E0F09491C00DE33E8 /* tunnel.lob in Copy scripts */ = {isa = PBXBuildFile; fileRef = 88DD17EC0F09491C00DE33E8 /* tunnel.lob */; };
		88E2F88F0F091CF90066E111 /* console.c in Sources */ = {isa = PBXBuildFile; fileRef = 88E2F88E0F091CF90066E111 /* console.c */; };
		88E2F8E50F0934360066E111 /* bridge2.lob in Copy scripts */ = {isa = PBXBuildFile; fileRef = 88E2F8E40F0934360066E111 /* bridge2.lob */; };
		88F3C9D40F0A52F700AED7A9 /* bridge.map in Copy maps */ = {isa = PBXBuildFile; fileRef = 88F3C80E0F0A52B100AED7A9 /* bridge.map */; };
		88F3C9D50F0A52F700AED7A9 /* bridge2.map in Copy maps */ = {isa = PBXBuildFile; fileRef = 88F3C80F0F0A52B100AED7A9 /* bridge2.map */; };
		88F3C9D60F0A52F700AED7A9 /* camp.map in Copy maps */ = {isa = PBXBuildFile; fileRef = 88F3C8100F0A52B100AED7A9 /* camp.map */; };
		88F3C9D70F0A52F700AED7A9 /* cave1.map in Copy maps */ = {isa = PBXBuildFile; fileRef = 88F3C8110F0A52B100AED7A9 /* cave1.map */; };
		88F3C9D80F0A52F700AED7A9 /* cave2.map in Copy maps */ = {isa = PBXBuildFile; fileRef = 88F3C8120F0A52B100AED7A9 /* cave2.map */; };
		88F3C9D90F0A52F700AED7A9 /* cave3a.map in Copy maps */ = {isa = PBXBuildFile; fileRef = 88F3C8130F0A52B100AED7A9 /* cave3a.map */; };
		88F3C9DA0F0A52F700AED7A9 /* cave3b.map in Copy maps */ = {isa = PBXBuildFile; fileRef = 88F3C8140F0A52B100AED7A9 /* cave3b.map */; };
		88F3C9DB0F0A52F700AED7A9 /* cave4.map in Copy maps */ = {isa = PBXBuildFile; fileRef = 88F3C8150F0A52B100AED7A9 /* cave4.map */; };
		88F3C9DC0F0A52F700AED7A9 /* cave5.map in Copy maps */ = {isa = PBXBuildFile; fileRef = 88F3C8160F0A52B100AED7A9 /* cave5.map */; };
		88F3C9DD0F0A52F700AED7A9 /* cave6a.map in Copy maps */ = {isa = PBXBuildFile; fileRef = 88F3C8170F0A52B100AED7A9 /* cave6a.map */; };
		88F3C9DE0F0A52F700AED7A9 /* cave6b.map in Copy maps */ = {isa = PBXBuildFile; fileRef = 88F3C8180F0A52B100AED7A9 /* cave6b.map */; };
		88F3C9DF0F0A52F700AED7A9 /* coliseum.map in Copy maps */ = {isa = PBXBuildFile; fileRef = 88F3C8190F0A52B100AED7A9 /* coliseum.map */; };
		88F3C9E00F0A52F700AED7A9 /* cult.map in Copy maps */ = {isa = PBXBuildFile; fileRef = 88F3C81A0F0A52B100AED7A9 /* cult.map */; };
		88F3C9E10F0A52F700AED7A9 /* dville.map in Copy maps */ = {isa = PBXBuildFile; fileRef = 88F3C81B0F0A52B100AED7A9 /* dville.map */; };
		88F3C9E20F0A52F700AED7A9 /* estate.map in Copy maps */ = {isa = PBXBuildFile; fileRef = 88F3C81C0F0A52B100AED7A9 /* estate.map */; };
		88F3C9E30F0A52F700AED7A9 /* fort.map in Copy maps */ = {isa = PBXBuildFile; fileRef = 88F3C81D0F0A52B100AED7A9 /* fort.map */; };
		88F3C9E40F0A52F700AED7A9 /* goblin.map in Copy maps */ = {isa = PBXBuildFile; fileRef = 88F3C81E0F0A52B100AED7A9 /* goblin.map */; };
		88F3C9E50F0A52F700AED7A9 /* grotto.map in Copy maps */ = {isa = PBXBuildFile; fileRef = 88F3C81F0F0A52B100AED7A9 /* grotto.map */; };
		88F3C9E60F0A52F700AED7A9 /* grotto2.map in Copy maps */ = {isa = PBXBuildFile; fileRef = 88F3C8200F0A52B100AED7A9 /* grotto2.map */; };
		88F3C9E70F0A52F700AED7A9 /* guild.map in Copy maps */ = {isa = PBXBuildFile; fileRef = 88F3C8210F0A52B100AED7A9 /* guild.map */; };
		88F3C9E80F0A52F700AED7A9 /* main.map in Copy maps */ = {isa = PBXBuildFile; fileRef = 88F3C8220F0A52B100AED7A9 /* main.map */; };
		88F3C9E90F0A52F700AED7A9 /* manor.map in Copy maps */ = {isa = PBXBuildFile; fileRef = 88F3C8230F0A52B100AED7A9 /* manor.map */; };
		88F3C9EA0F0A52F700AED7A9 /* starting.map in Copy maps */ = {isa = PBXBuildFile; fileRef = 88F3C8240F0A52B100AED7A9 /* starting.map */; };
		88F3C9EB0F0A52F700AED7A9 /* sunarin.map in Copy maps */ = {isa = PBXBuildFile; fileRef = 88F3C8250F0A52B100AED7A9 /* sunarin.map */; };
		88F3C9EC0F0A52F700AED7A9 /* temple1.map in Copy maps */ = {isa = PBXBuildFile; fileRef = 88F3C8260F0A52B100AED7A9 /* temple1.map */; };
		88F3C9ED0F0A52F700AED7A9 /* temple2.map in Copy maps */ = {isa = PBXBuildFile; fileRef = 88F3C8270F0A52B100AED7A9 /* temple2.map */; };
		88F3C9EE0F0A52F700AED7A9 /* tower.map in Copy maps */ = {isa = PBXBuildFile; fileRef = 88F3C8280F0A52B100AED7A9 /* tower.map */; };
		88F3C9EF0F0A52F700AED7A9 /* town1.map in Copy maps */ = {isa = PBXBuildFile; fileRef = 88F3C8290F0A52B100AED7A9 /* town1.map */; };
		88F3C9F00F0A52F700AED7A9 /* town2.map in Copy maps */ = {isa = PBXBuildFile; fileRef = 88F3C82A0F0A52B100AED7A9 /* town2.map */; };
		88F3C9F10F0A52F700AED7A9 /* town3.map in Copy maps */ = {isa = PBXBuildFile; fileRef = 88F3C82B0F0A52B100AED7A9 /* town3.map */; };
		88F3C9F20F0A52F700AED7A9 /* town4.map in Copy maps */ = {isa = PBXBuildFile; fileRef = 88F3C82C0F0A52B100AED7A9 /* town4.map */; };
		88F3C9F30F0A52F700AED7A9 /* town5.map in Copy maps */ = {isa = PBXBuildFile; fileRef = 88F3C82D0F0A52B100AED7A9 /* town5.map */; };
		88F3C9F40F0A52F700AED7A9 /* town6.map in Copy maps */ = {isa = PBXBuildFile; fileRef = 88F3C82E0F0A52B100AED7A9 /* town6.map */; };
		88F3C9F50F0A52F700AED7A9 /* town7.map in Copy maps */ = {isa = PBXBuildFile; fileRef = 88F3C82F0F0A52B100AED7A9 /* town7.map */; };
		88F3C9F60F0A52F700AED7A9 /* town8.map in Copy maps */ = {isa = PBXBuildFile; fileRef = 88F3C8300F0A52B100AED7A9 /* town8.map */; };
		88F3C9FF0F0A534A00AED7A9 /* allstat.mon in Copy data */ = {isa = PBXBuildFile; fileRef = 88F3C9F90F0A534A00AED7A9 /* allstat.mon */; };
		88F3CA000F0A534A00AED7A9 /* hero.kq in Copy data */ = {isa = PBXBuildFile; fileRef = 88F3C9FA0F0A534A00AED7A9 /* hero.kq */; };
		88F3CA010F0A534A00AED7A9 /* kqsnd.dat in Copy data */ = {isa = PBXBuildFile; fileRef = 88F3C9FB0F0A534A00AED7A9 /* kqsnd.dat */; };
		88F3CA020F0A534A00AED7A9 /* mpcx.dat in Copy data */ = {isa = PBXBuildFile; fileRef = 88F3C9FC0F0A534A00AED7A9 /* mpcx.dat */; };
		88F3CA030F0A534A00AED7A9 /* ssprites.dat in Copy data */ = {isa = PBXBuildFile; fileRef = 88F3C9FD0F0A534A00AED7A9 /* ssprites.dat */; };
		88F3CA040F0A534A00AED7A9 /* tileset.kq in Copy data */ = {isa = PBXBuildFile; fileRef = 88F3C9FE0F0A534A00AED7A9 /* tileset.kq */; };
		88F3CA070F0A53BD00AED7A9 /* resabil.mon in Copy data */ = {isa = PBXBuildFile; fileRef = 88F3CA060F0A53BD00AED7A9 /* resabil.mon */; };
		88F3CA1D0F0A641300AED7A9 /* aa_arofl.xm in Copy music */ = {isa = PBXBuildFile; fileRef = 88F3CA0C0F0A641300AED7A9 /* aa_arofl.xm */; };
		88F3CA1E0F0A641300AED7A9 /* comeback.mod in Copy music */ = {isa = PBXBuildFile; fileRef = 88F3CA0D0F0A641300AED7A9 /* comeback.mod */; };
		88F3CA1F0F0A641300AED7A9 /* dag_4.xm in Copy music */ = {isa = PBXBuildFile; fileRef = 88F3CA0E0F0A641300AED7A9 /* dag_4.xm */; };
		88F3CA200F0A641300AED7A9 /* enfero.xm in Copy music */ = {isa = PBXBuildFile; fileRef = 88F3CA0F0F0A641300AED7A9 /* enfero.xm */; };
		88F3CA210F0A641300AED7A9 /* eranasp.mod in Copy music */ = {isa = PBXBuildFile; fileRef = 88F3CA100F0A641300AED7A9 /* eranasp.mod */; };
		88F3CA220F0A641300AED7A9 /* exp.s3m in Copy music */ = {isa = PBXBuildFile; fileRef = 88F3CA110F0A641300AED7A9 /* exp.s3m */; };
		88F3CA230F0A641300AED7A9 /* hm.s3m in Copy music */ = {isa = PBXBuildFile; fileRef = 88F3CA120F0A641300AED7A9 /* hm.s3m */; };
		88F3CA240F0A641300AED7A9 /* infanita.mod in Copy music */ = {isa = PBXBuildFile; fileRef = 88F3CA130F0A641300AED7A9 /* infanita.mod */; };
		88F3CA250F0A641300AED7A9 /* into61.s3m in Copy music */ = {isa = PBXBuildFile; fileRef = 88F3CA140F0A641300AED7A9 /* into61.s3m */; };
		88F3CA260F0A641300AED7A9 /* land.mod in Copy music */ = {isa = PBXBuildFile; fileRef = 88F3CA150F0A641300AED7A9 /* land.mod */; };
		88F3CA270F0A641300AED7A9 /* oxford.s3m in Copy music */ = {isa = PBXBuildFile; fileRef = 88F3CA160F0A641300AED7A9 /* oxford.s3m */; };
		88F3CA280F0A641300AED7A9 /* rain.s3m in Copy music */ = {isa = PBXBuildFile; fileRef = 88F3CA170F0A641300AED7A9 /* rain.s3m */; };
		88F3CA290F0A641300AED7A9 /* rend5.s3m in Copy music */ = {isa = PBXBuildFile; fileRef = 88F3CA180F0A641300AED7A9 /* rend5.s3m */; };
		88F3CA2A0F0A641300AED7A9 /* toroia.s3m in Copy music */ = {isa = PBXBuildFile; fileRef = 88F3CA190F0A641300AED7A9 /* toroia.s3m */; };
		88F3CA2B0F0A641300AED7A9 /* town.mod in Copy music */ = {isa = PBXBuildFile; fileRef = 88F3CA1A0F0A641300AED7A9 /* town.mod */; };
		88F3CA2C0F0A641300AED7A9 /* walk.s3m in Copy music */ = {isa = PBXBuildFile; fileRef = 88F3CA1B0F0A641300AED7A9 /* walk.s3m */; };
		88F3CA2D0F0A641300AED7A9 /* waterw.xm in Copy music */ = {isa = PBXBuildFile; fileRef = 88F3CA1C0F0A641300AED7A9 /* waterw.xm */; };
		88FCDD870D4D26EA002849F7 /* bounds.c in Sources */ = {isa = PBXBuildFile; fileRef = 88FCDD860D4D26EA002849F7 /* bounds.c */; };
		A02F887213B41EDF0090CA49 /* liballeg-main.a in Frameworks */ = {isa = PBXBuildFile; fileRef = A02F887113B41EDF0090CA49 /* liballeg-main.a */; };
		A02F887513B41F240090CA49 /* libaldmb.a in Frameworks */ = {isa = PBXBuildFile; fileRef = A02F887313B41F240090CA49 /* libaldmb.a */; };
		A02F887613B41F240090CA49 /* libdumb.a in Frameworks */ = {isa = PBXBuildFile; fileRef = A02F887413B41F240090CA49 /* libdumb.a */; };
		A02F887813B41F3E0090CA49 /* liblua.a in Frameworks */ = {isa = PBXBuildFile; fileRef = A02F887713B41F3E0090CA49 /* liblua.a */; };
		A02F887A13B4217D0090CA49 /* markers.c in Sources */ = {isa = PBXBuildFile; fileRef = A02F887913B4217C0090CA49 /* markers.c */; };
/* End PBXBuildFile section */

/* Begin PBXCopyFilesBuildPhase section */
		88E2F8DF0F09335E0066E111 /* Copy scripts */ = {
			isa = PBXCopyFilesBuildPhase;
			buildActionMask = 2147483647;
			dstPath = scripts;
			dstSubfolderSpec = 7;
			files = (
				88DD17ED0F09491C00DE33E8 /* bridge.lob in Copy scripts */,
				88DD17EE0F09491C00DE33E8 /* camp.lob in Copy scripts */,
				88DD17EF0F09491C00DE33E8 /* cave1.lob in Copy scripts */,
				88DD17F00F09491C00DE33E8 /* cave2.lob in Copy scripts */,
				88DD17F10F09491C00DE33E8 /* cave3a.lob in Copy scripts */,
				88DD17F20F09491C00DE33E8 /* cave3b.lob in Copy scripts */,
				88DD17F30F09491C00DE33E8 /* cave4.lob in Copy scripts */,
				88DD17F40F09491C00DE33E8 /* cave5.lob in Copy scripts */,
				88DD17F50F09491C00DE33E8 /* coliseum.lob in Copy scripts */,
				88DD17F60F09491C00DE33E8 /* cult.lob in Copy scripts */,
				88DD17F70F09491C00DE33E8 /* dville.lob in Copy scripts */,
				88DD17F80F09491C00DE33E8 /* estate.lob in Copy scripts */,
				88DD17F90F09491C00DE33E8 /* esteria.lob in Copy scripts */,
				88DD17FA0F09491C00DE33E8 /* fort.lob in Copy scripts */,
				88DD17FB0F09491C00DE33E8 /* global.lob in Copy scripts */,
				88DD17FC0F09491C00DE33E8 /* grotto.lob in Copy scripts */,
				88DD17FD0F09491C00DE33E8 /* grotto2.lob in Copy scripts */,
				88DD17FE0F09491C00DE33E8 /* guild.lob in Copy scripts */,
				88DD17FF0F09491C00DE33E8 /* main.lob in Copy scripts */,
				88DD18000F09491C00DE33E8 /* manor.lob in Copy scripts */,
				88DD18010F09491C00DE33E8 /* pass.lob in Copy scripts */,
				88DD18020F09491C00DE33E8 /* shrine.lob in Copy scripts */,
				88DD18030F09491C00DE33E8 /* starting.lob in Copy scripts */,
				88DD18040F09491C00DE33E8 /* temple1.lob in Copy scripts */,
				88DD18050F09491C00DE33E8 /* temple2.lob in Copy scripts */,
				88DD18060F09491C00DE33E8 /* tower.lob in Copy scripts */,
				88DD18070F09491C00DE33E8 /* town1.lob in Copy scripts */,
				88DD18080F09491C00DE33E8 /* town2.lob in Copy scripts */,
				88DD18090F09491C00DE33E8 /* town3.lob in Copy scripts */,
				88DD180A0F09491C00DE33E8 /* town4.lob in Copy scripts */,
				88DD180B0F09491C00DE33E8 /* town5.lob in Copy scripts */,
				88DD180C0F09491C00DE33E8 /* town6.lob in Copy scripts */,
				88DD180D0F09491C00DE33E8 /* town7.lob in Copy scripts */,
				88DD180E0F09491C00DE33E8 /* tunnel.lob in Copy scripts */,
				88E2F8E50F0934360066E111 /* bridge2.lob in Copy scripts */,
				88DD17C40F0948A200DE33E8 /* cave6a.lob in Copy scripts */,
				88DD17C50F0948A200DE33E8 /* cave6b.lob in Copy scripts */,
				88DD17C60F0948A200DE33E8 /* cheat.lob in Copy scripts */,
				88DD17C70F0948A200DE33E8 /* goblin.lob in Copy scripts */,
				88DD17C80F0948A200DE33E8 /* init.lob in Copy scripts */,
				88DD17CA0F0948A200DE33E8 /* town8.lob in Copy scripts */,
				88DD17C90F0948A200DE33E8 /* sunarin.lob in Copy scripts */,
			);
			name = "Copy scripts";
			runOnlyForDeploymentPostprocessing = 0;
		};
		88F3C8540F0A52C400AED7A9 /* Copy maps */ = {
			isa = PBXCopyFilesBuildPhase;
			buildActionMask = 2147483647;
			dstPath = maps;
			dstSubfolderSpec = 7;
			files = (
				88980CFD0F0AA0E7005EAB09 /* pass.map in Copy maps */,
				88F3C9D40F0A52F700AED7A9 /* bridge.map in Copy maps */,
				88F3C9D50F0A52F700AED7A9 /* bridge2.map in Copy maps */,
				88F3C9D60F0A52F700AED7A9 /* camp.map in Copy maps */,
				88F3C9D70F0A52F700AED7A9 /* cave1.map in Copy maps */,
				88F3C9D80F0A52F700AED7A9 /* cave2.map in Copy maps */,
				88F3C9D90F0A52F700AED7A9 /* cave3a.map in Copy maps */,
				88F3C9DA0F0A52F700AED7A9 /* cave3b.map in Copy maps */,
				88F3C9DB0F0A52F700AED7A9 /* cave4.map in Copy maps */,
				88F3C9DC0F0A52F700AED7A9 /* cave5.map in Copy maps */,
				88F3C9DD0F0A52F700AED7A9 /* cave6a.map in Copy maps */,
				88F3C9DE0F0A52F700AED7A9 /* cave6b.map in Copy maps */,
				88F3C9DF0F0A52F700AED7A9 /* coliseum.map in Copy maps */,
				88F3C9E00F0A52F700AED7A9 /* cult.map in Copy maps */,
				88F3C9E10F0A52F700AED7A9 /* dville.map in Copy maps */,
				88F3C9E20F0A52F700AED7A9 /* estate.map in Copy maps */,
				88F3C9E30F0A52F700AED7A9 /* fort.map in Copy maps */,
				88F3C9E40F0A52F700AED7A9 /* goblin.map in Copy maps */,
				88F3C9E50F0A52F700AED7A9 /* grotto.map in Copy maps */,
				88F3C9E60F0A52F700AED7A9 /* grotto2.map in Copy maps */,
				88F3C9E70F0A52F700AED7A9 /* guild.map in Copy maps */,
				88F3C9E80F0A52F700AED7A9 /* main.map in Copy maps */,
				88F3C9E90F0A52F700AED7A9 /* manor.map in Copy maps */,
				88F3C9EA0F0A52F700AED7A9 /* starting.map in Copy maps */,
				88F3C9EB0F0A52F700AED7A9 /* sunarin.map in Copy maps */,
				88F3C9EC0F0A52F700AED7A9 /* temple1.map in Copy maps */,
				88F3C9ED0F0A52F700AED7A9 /* temple2.map in Copy maps */,
				88F3C9EE0F0A52F700AED7A9 /* tower.map in Copy maps */,
				88F3C9EF0F0A52F700AED7A9 /* town1.map in Copy maps */,
				88F3C9F00F0A52F700AED7A9 /* town2.map in Copy maps */,
				88F3C9F10F0A52F700AED7A9 /* town3.map in Copy maps */,
				88F3C9F20F0A52F700AED7A9 /* town4.map in Copy maps */,
				88F3C9F30F0A52F700AED7A9 /* town5.map in Copy maps */,
				88F3C9F40F0A52F700AED7A9 /* town6.map in Copy maps */,
				88F3C9F50F0A52F700AED7A9 /* town7.map in Copy maps */,
				88F3C9F60F0A52F700AED7A9 /* town8.map in Copy maps */,
			);
			name = "Copy maps";
			runOnlyForDeploymentPostprocessing = 0;
		};
		88F3C9F70F0A530C00AED7A9 /* Copy data */ = {
			isa = PBXCopyFilesBuildPhase;
			buildActionMask = 2147483647;
			dstPath = data;
			dstSubfolderSpec = 7;
			files = (
				88F3CA070F0A53BD00AED7A9 /* resabil.mon in Copy data */,
				88F3C9FF0F0A534A00AED7A9 /* allstat.mon in Copy data */,
				88F3CA000F0A534A00AED7A9 /* hero.kq in Copy data */,
				88F3CA010F0A534A00AED7A9 /* kqsnd.dat in Copy data */,
				88F3CA020F0A534A00AED7A9 /* mpcx.dat in Copy data */,
				88F3CA030F0A534A00AED7A9 /* ssprites.dat in Copy data */,
				88F3CA040F0A534A00AED7A9 /* tileset.kq in Copy data */,
			);
			name = "Copy data";
			runOnlyForDeploymentPostprocessing = 0;
		};
		88F3CA0A0F0A63D600AED7A9 /* Copy music */ = {
			isa = PBXCopyFilesBuildPhase;
			buildActionMask = 2147483647;
			dstPath = music;
			dstSubfolderSpec = 7;
			files = (
				88F3CA1D0F0A641300AED7A9 /* aa_arofl.xm in Copy music */,
				88F3CA1E0F0A641300AED7A9 /* comeback.mod in Copy music */,
				88F3CA1F0F0A641300AED7A9 /* dag_4.xm in Copy music */,
				88F3CA200F0A641300AED7A9 /* enfero.xm in Copy music */,
				88F3CA210F0A641300AED7A9 /* eranasp.mod in Copy music */,
				88F3CA220F0A641300AED7A9 /* exp.s3m in Copy music */,
				88F3CA230F0A641300AED7A9 /* hm.s3m in Copy music */,
				88F3CA240F0A641300AED7A9 /* infanita.mod in Copy music */,
				88F3CA250F0A641300AED7A9 /* into61.s3m in Copy music */,
				88F3CA260F0A641300AED7A9 /* land.mod in Copy music */,
				88F3CA270F0A641300AED7A9 /* oxford.s3m in Copy music */,
				88F3CA280F0A641300AED7A9 /* rain.s3m in Copy music */,
				88F3CA290F0A641300AED7A9 /* rend5.s3m in Copy music */,
				88F3CA2A0F0A641300AED7A9 /* toroia.s3m in Copy music */,
				88F3CA2B0F0A641300AED7A9 /* town.mod in Copy music */,
				88F3CA2C0F0A641300AED7A9 /* walk.s3m in Copy music */,
				88F3CA2D0F0A641300AED7A9 /* waterw.xm in Copy music */,
			);
			name = "Copy music";
			runOnlyForDeploymentPostprocessing = 0;
		};
/* End PBXCopyFilesBuildPhase section */

/* Begin PBXFileReference section */
		1058C7A1FEA54F0111CA2CBB /* Cocoa.framework */ = {isa = PBXFileReference; lastKnownFileType = wrapper.framework; name = Cocoa.framework; path = /System/Library/Frameworks/Cocoa.framework; sourceTree = "<absolute>"; };
		8808A7E70A62F1AC00EBA666 /* Info-KQ_osx.plist */ = {isa = PBXFileReference; lastKnownFileType = text.plist.xml; path = "Info-KQ_osx.plist"; sourceTree = "<group>"; };
		8808A7E80A62F1AD00EBA666 /* KQ.app */ = {isa = PBXFileReference; explicitFileType = wrapper.application; includeInIndex = 0; path = KQ.app; sourceTree = BUILT_PRODUCTS_DIR; };
		8808A7EB0A62F25200EBA666 /* AudioToolbox.framework */ = {isa = PBXFileReference; lastKnownFileType = wrapper.framework; name = AudioToolbox.framework; path = /System/Library/Frameworks/AudioToolbox.framework; sourceTree = "<absolute>"; };
		8808A7EC0A62F25200EBA666 /* AudioUnit.framework */ = {isa = PBXFileReference; lastKnownFileType = wrapper.framework; name = AudioUnit.framework; path = /System/Library/Frameworks/AudioUnit.framework; sourceTree = "<absolute>"; };
		8808A7ED0A62F25200EBA666 /* Carbon.framework */ = {isa = PBXFileReference; lastKnownFileType = wrapper.framework; name = Carbon.framework; path = /System/Library/Frameworks/Carbon.framework; sourceTree = "<absolute>"; };
		8808A7EE0A62F25200EBA666 /* CoreAudio.framework */ = {isa = PBXFileReference; lastKnownFileType = wrapper.framework; name = CoreAudio.framework; path = /System/Library/Frameworks/CoreAudio.framework; sourceTree = "<absolute>"; };
		8808A7EF0A62F25200EBA666 /* CoreMIDI.framework */ = {isa = PBXFileReference; lastKnownFileType = wrapper.framework; name = CoreMIDI.framework; path = /System/Library/Frameworks/CoreMIDI.framework; sourceTree = "<absolute>"; };
		8808A7F00A62F25200EBA666 /* IOKit.framework */ = {isa = PBXFileReference; lastKnownFileType = wrapper.framework; name = IOKit.framework; path = /System/Library/Frameworks/IOKit.framework; sourceTree = "<absolute>"; };
		8808A7F10A62F25200EBA666 /* QuickTime.framework */ = {isa = PBXFileReference; lastKnownFileType = wrapper.framework; name = QuickTime.framework; path = /System/Library/Frameworks/QuickTime.framework; sourceTree = "<absolute>"; };
		8808AA100A62F6E700EBA666 /* movement.c */ = {isa = PBXFileReference; fileEncoding = 30; lastKnownFileType = sourcecode.c.c; name = movement.c; path = src/movement.c; sourceTree = "<group>"; };
		8808AAA90A62F79000EBA666 /* movement.h */ = {isa = PBXFileReference; fileEncoding = 30; lastKnownFileType = sourcecode.c.h; name = movement.h; path = include/movement.h; sourceTree = "<group>"; };
		8816BCF604D053D000000002 /* combat.c */ = {isa = PBXFileReference; fileEncoding = 30; lastKnownFileType = sourcecode.c.c; name = combat.c; path = src/combat.c; sourceTree = "<group>"; };
		8816BCF704D053D000000002 /* credits.c */ = {isa = PBXFileReference; fileEncoding = 30; lastKnownFileType = sourcecode.c.c; name = credits.c; path = src/credits.c; sourceTree = "<group>"; };
		8816BCF804D053D000000002 /* disk.c */ = {isa = PBXFileReference; fileEncoding = 30; lastKnownFileType = sourcecode.c.c; name = disk.c; path = src/disk.c; sourceTree = "<group>"; };
		8816BCF904D053D000000002 /* draw.c */ = {isa = PBXFileReference; fileEncoding = 30; lastKnownFileType = sourcecode.c.c; name = draw.c; path = src/draw.c; sourceTree = "<group>"; };
		8816BCFA04D053D000000002 /* effects.c */ = {isa = PBXFileReference; fileEncoding = 30; lastKnownFileType = sourcecode.c.c; name = effects.c; path = src/effects.c; sourceTree = "<group>"; };
		8816BCFB04D053D000000002 /* enemyc.c */ = {isa = PBXFileReference; fileEncoding = 30; lastKnownFileType = sourcecode.c.c; name = enemyc.c; path = src/enemyc.c; sourceTree = "<group>"; };
		8816BCFC04D053D000000002 /* entity.c */ = {isa = PBXFileReference; fileEncoding = 30; lastKnownFileType = sourcecode.c.c; name = entity.c; path = src/entity.c; sourceTree = "<group>"; };
		8816BCFD04D053D000000002 /* eqpmenu.c */ = {isa = PBXFileReference; fileEncoding = 30; lastKnownFileType = sourcecode.c.c; name = eqpmenu.c; path = src/eqpmenu.c; sourceTree = "<group>"; };
		8816BCFE04D053D000000002 /* eskill.c */ = {isa = PBXFileReference; fileEncoding = 30; lastKnownFileType = sourcecode.c.c; name = eskill.c; path = src/eskill.c; sourceTree = "<group>"; };
		8816BCFF04D053D000000002 /* fade.c */ = {isa = PBXFileReference; fileEncoding = 30; lastKnownFileType = sourcecode.c.c; name = fade.c; path = src/fade.c; sourceTree = "<group>"; };
		8816BD0004D053D000000002 /* heroc.c */ = {isa = PBXFileReference; fileEncoding = 30; lastKnownFileType = sourcecode.c.c; name = heroc.c; path = src/heroc.c; sourceTree = "<group>"; };
		8816BD0104D053D000000002 /* hskill.c */ = {isa = PBXFileReference; fileEncoding = 30; lastKnownFileType = sourcecode.c.c; name = hskill.c; path = src/hskill.c; sourceTree = "<group>"; };
		8816BD0204D053D000000002 /* intrface.c */ = {isa = PBXFileReference; fileEncoding = 30; lastKnownFileType = sourcecode.c.c; name = intrface.c; path = src/intrface.c; sourceTree = "<group>"; };
		8816BD0304D053D000000002 /* itemmenu.c */ = {isa = PBXFileReference; fileEncoding = 30; lastKnownFileType = sourcecode.c.c; name = itemmenu.c; path = src/itemmenu.c; sourceTree = "<group>"; };
		8816BD0404D053D000000002 /* kq.c */ = {isa = PBXFileReference; fileEncoding = 30; lastKnownFileType = sourcecode.c.c; name = kq.c; path = src/kq.c; sourceTree = "<group>"; };
		8816BD0504D053D000000002 /* magic.c */ = {isa = PBXFileReference; fileEncoding = 30; lastKnownFileType = sourcecode.c.c; name = magic.c; path = src/magic.c; sourceTree = "<group>"; };
		8816BD0604D053D000000002 /* masmenu.c */ = {isa = PBXFileReference; fileEncoding = 30; lastKnownFileType = sourcecode.c.c; name = masmenu.c; path = src/masmenu.c; sourceTree = "<group>"; };
		8816BD0704D053D000000002 /* menu.c */ = {isa = PBXFileReference; fileEncoding = 30; lastKnownFileType = sourcecode.c.c; name = menu.c; path = src/menu.c; sourceTree = "<group>"; };
		8816BD0804D053D000000002 /* music.c */ = {isa = PBXFileReference; fileEncoding = 30; lastKnownFileType = sourcecode.c.c; name = music.c; path = src/music.c; sourceTree = "<group>"; };
		8816BD0904D053D000000002 /* res.c */ = {isa = PBXFileReference; fileEncoding = 30; lastKnownFileType = sourcecode.c.c; name = res.c; path = src/res.c; sourceTree = "<group>"; };
		8816BD0A04D053D000000002 /* scrnshot.c */ = {isa = PBXFileReference; fileEncoding = 30; lastKnownFileType = sourcecode.c.c; name = scrnshot.c; path = src/scrnshot.c; sourceTree = "<group>"; };
		8816BD0B04D053D000000002 /* selector.c */ = {isa = PBXFileReference; fileEncoding = 30; lastKnownFileType = sourcecode.c.c; name = selector.c; path = src/selector.c; sourceTree = "<group>"; };
		8816BD0C04D053D000000002 /* setup.c */ = {isa = PBXFileReference; fileEncoding = 30; lastKnownFileType = sourcecode.c.c; name = setup.c; path = src/setup.c; sourceTree = "<group>"; };
		8816BD0D04D053D000000002 /* sgame.c */ = {isa = PBXFileReference; fileEncoding = 30; lastKnownFileType = sourcecode.c.c; name = sgame.c; path = src/sgame.c; sourceTree = "<group>"; };
		8816BD0E04D053D000000002 /* shopmenu.c */ = {isa = PBXFileReference; fileEncoding = 30; lastKnownFileType = sourcecode.c.c; name = shopmenu.c; path = src/shopmenu.c; sourceTree = "<group>"; };
		8816BD0F04D053D000000002 /* timing.c */ = {isa = PBXFileReference; fileEncoding = 30; lastKnownFileType = sourcecode.c.c; name = timing.c; path = src/timing.c; sourceTree = "<group>"; };
		8816BD2B04D0542800000002 /* combat.h */ = {isa = PBXFileReference; fileEncoding = 30; lastKnownFileType = sourcecode.c.h; name = combat.h; path = include/combat.h; sourceTree = "<group>"; };
		8816BD2C04D0542800000002 /* credits.h */ = {isa = PBXFileReference; fileEncoding = 30; lastKnownFileType = sourcecode.c.h; name = credits.h; path = include/credits.h; sourceTree = "<group>"; };
		8816BD2D04D0542800000002 /* disk.h */ = {isa = PBXFileReference; fileEncoding = 30; lastKnownFileType = sourcecode.c.h; name = disk.h; path = include/disk.h; sourceTree = "<group>"; };
		8816BD2E04D0542800000002 /* draw.h */ = {isa = PBXFileReference; fileEncoding = 30; lastKnownFileType = sourcecode.c.h; name = draw.h; path = include/draw.h; sourceTree = "<group>"; };
		8816BD2F04D0542800000002 /* effects.h */ = {isa = PBXFileReference; fileEncoding = 30; lastKnownFileType = sourcecode.c.h; name = effects.h; path = include/effects.h; sourceTree = "<group>"; };
		8816BD3004D0542800000002 /* enemyc.h */ = {isa = PBXFileReference; fileEncoding = 30; lastKnownFileType = sourcecode.c.h; name = enemyc.h; path = include/enemyc.h; sourceTree = "<group>"; };
		8816BD3104D0542800000002 /* entity.h */ = {isa = PBXFileReference; fileEncoding = 30; lastKnownFileType = sourcecode.c.h; name = entity.h; path = include/entity.h; sourceTree = "<group>"; };
		8816BD3204D0542800000002 /* eqpmenu.h */ = {isa = PBXFileReference; fileEncoding = 30; lastKnownFileType = sourcecode.c.h; name = eqpmenu.h; path = include/eqpmenu.h; sourceTree = "<group>"; };
		8816BD3304D0542800000002 /* eskill.h */ = {isa = PBXFileReference; fileEncoding = 30; lastKnownFileType = sourcecode.c.h; name = eskill.h; path = include/eskill.h; sourceTree = "<group>"; };
		8816BD3404D0542800000002 /* fade.h */ = {isa = PBXFileReference; fileEncoding = 30; lastKnownFileType = sourcecode.c.h; name = fade.h; path = include/fade.h; sourceTree = "<group>"; };
		8816BD3504D0542800000002 /* heroc.h */ = {isa = PBXFileReference; fileEncoding = 30; lastKnownFileType = sourcecode.c.h; name = heroc.h; path = include/heroc.h; sourceTree = "<group>"; };
		8816BD3604D0542800000002 /* hskill.h */ = {isa = PBXFileReference; fileEncoding = 30; lastKnownFileType = sourcecode.c.h; name = hskill.h; path = include/hskill.h; sourceTree = "<group>"; };
		8816BD3704D0542800000002 /* intrface.h */ = {isa = PBXFileReference; fileEncoding = 30; lastKnownFileType = sourcecode.c.h; name = intrface.h; path = include/intrface.h; sourceTree = "<group>"; };
		8816BD3804D0542800000002 /* itemdefs.h */ = {isa = PBXFileReference; fileEncoding = 30; lastKnownFileType = sourcecode.c.h; name = itemdefs.h; path = include/itemdefs.h; sourceTree = "<group>"; };
		8816BD3904D0542800000002 /* itemmenu.h */ = {isa = PBXFileReference; fileEncoding = 30; lastKnownFileType = sourcecode.c.h; name = itemmenu.h; path = include/itemmenu.h; sourceTree = "<group>"; };
		8816BD3A04D0542800000002 /* kq.h */ = {isa = PBXFileReference; fileEncoding = 30; lastKnownFileType = sourcecode.c.h; name = kq.h; path = include/kq.h; sourceTree = "<group>"; };
		8816BD3B04D0542800000002 /* kqsnd.h */ = {isa = PBXFileReference; fileEncoding = 30; lastKnownFileType = sourcecode.c.h; name = kqsnd.h; path = include/kqsnd.h; sourceTree = "<group>"; };
		8816BD3C04D0542800000002 /* magic.h */ = {isa = PBXFileReference; fileEncoding = 30; lastKnownFileType = sourcecode.c.h; name = magic.h; path = include/magic.h; sourceTree = "<group>"; };
		8816BD3D04D0542800000002 /* masmenu.h */ = {isa = PBXFileReference; fileEncoding = 30; lastKnownFileType = sourcecode.c.h; name = masmenu.h; path = include/masmenu.h; sourceTree = "<group>"; };
		8816BD3E04D0542800000002 /* menu.h */ = {isa = PBXFileReference; fileEncoding = 30; lastKnownFileType = sourcecode.c.h; name = menu.h; path = include/menu.h; sourceTree = "<group>"; };
		8816BD3F04D0542800000002 /* mpcx.h */ = {isa = PBXFileReference; fileEncoding = 30; lastKnownFileType = sourcecode.c.h; name = mpcx.h; path = include/mpcx.h; sourceTree = "<group>"; };
		8816BD4004D0542800000002 /* music.h */ = {isa = PBXFileReference; fileEncoding = 30; lastKnownFileType = sourcecode.c.h; name = music.h; path = include/music.h; sourceTree = "<group>"; };
		8816BD4204D0542800000002 /* res.h */ = {isa = PBXFileReference; fileEncoding = 30; lastKnownFileType = sourcecode.c.h; name = res.h; path = include/res.h; sourceTree = "<group>"; };
		8816BD4304D0542800000002 /* scrnshot.h */ = {isa = PBXFileReference; fileEncoding = 30; lastKnownFileType = sourcecode.c.h; name = scrnshot.h; path = include/scrnshot.h; sourceTree = "<group>"; };
		8816BD4404D0542800000002 /* selector.h */ = {isa = PBXFileReference; fileEncoding = 30; lastKnownFileType = sourcecode.c.h; name = selector.h; path = include/selector.h; sourceTree = "<group>"; };
		8816BD4504D0542800000002 /* setup.h */ = {isa = PBXFileReference; fileEncoding = 30; lastKnownFileType = sourcecode.c.h; name = setup.h; path = include/setup.h; sourceTree = "<group>"; };
		8816BD4604D0542800000002 /* sgame.h */ = {isa = PBXFileReference; fileEncoding = 30; lastKnownFileType = sourcecode.c.h; name = sgame.h; path = include/sgame.h; sourceTree = "<group>"; };
		8816BD4704D0542800000002 /* shopmenu.h */ = {isa = PBXFileReference; fileEncoding = 30; lastKnownFileType = sourcecode.c.h; name = shopmenu.h; path = include/shopmenu.h; sourceTree = "<group>"; };
		8816BD4804D0542800000002 /* skills.h */ = {isa = PBXFileReference; fileEncoding = 30; lastKnownFileType = sourcecode.c.h; name = skills.h; path = include/skills.h; sourceTree = "<group>"; };
		8816BD4904D0542800000002 /* ssprites.h */ = {isa = PBXFileReference; fileEncoding = 30; lastKnownFileType = sourcecode.c.h; name = ssprites.h; path = include/ssprites.h; sourceTree = "<group>"; };
		8816BD4A04D0542800000002 /* timing.h */ = {isa = PBXFileReference; fileEncoding = 30; lastKnownFileType = sourcecode.c.h; name = timing.h; path = include/timing.h; sourceTree = "<group>"; };
		8816BD6B04D0797100000002 /* osx.m */ = {isa = PBXFileReference; fileEncoding = 30; lastKnownFileType = sourcecode.c.objc; name = osx.m; path = src/osx.m; sourceTree = "<group>"; };
		8816BD7504D07B0300000002 /* KQ-icon.icns */ = {isa = PBXFileReference; lastKnownFileType = image.icns; name = "KQ-icon.icns"; path = "Mac/KQ-icon.icns"; sourceTree = "<group>"; };
		88980CFB0F0AA0CA005EAB09 /* pass.map */ = {isa = PBXFileReference; lastKnownFileType = file; name = pass.map; path = maps/pass.map; sourceTree = "<group>"; };
		88DD17BD0F0948A200DE33E8 /* cave6a.lob */ = {isa = PBXFileReference; lastKnownFileType = file; name = cave6a.lob; path = scripts/cave6a.lob; sourceTree = "<group>"; };
		88DD17BE0F0948A200DE33E8 /* cave6b.lob */ = {isa = PBXFileReference; lastKnownFileType = file; name = cave6b.lob; path = scripts/cave6b.lob; sourceTree = "<group>"; };
		88DD17BF0F0948A200DE33E8 /* cheat.lob */ = {isa = PBXFileReference; lastKnownFileType = file; name = cheat.lob; path = scripts/cheat.lob; sourceTree = "<group>"; };
		88DD17C00F0948A200DE33E8 /* goblin.lob */ = {isa = PBXFileReference; lastKnownFileType = file; name = goblin.lob; path = scripts/goblin.lob; sourceTree = "<group>"; };
		88DD17C10F0948A200DE33E8 /* init.lob */ = {isa = PBXFileReference; lastKnownFileType = file; name = init.lob; path = scripts/init.lob; sourceTree = "<group>"; };
		88DD17C20F0948A200DE33E8 /* sunarin.lob */ = {isa = PBXFileReference; lastKnownFileType = file; name = sunarin.lob; path = scripts/sunarin.lob; sourceTree = "<group>"; };
		88DD17C30F0948A200DE33E8 /* town8.lob */ = {isa = PBXFileReference; lastKnownFileType = file; name = town8.lob; path = scripts/town8.lob; sourceTree = "<group>"; };
		88DD17CB0F09491C00DE33E8 /* bridge.lob */ = {isa = PBXFileReference; lastKnownFileType = file; name = bridge.lob; path = scripts/bridge.lob; sourceTree = "<group>"; };
		88DD17CC0F09491C00DE33E8 /* camp.lob */ = {isa = PBXFileReference; lastKnownFileType = file; name = camp.lob; path = scripts/camp.lob; sourceTree = "<group>"; };
		88DD17CD0F09491C00DE33E8 /* cave1.lob */ = {isa = PBXFileReference; lastKnownFileType = file; name = cave1.lob; path = scripts/cave1.lob; sourceTree = "<group>"; };
		88DD17CE0F09491C00DE33E8 /* cave2.lob */ = {isa = PBXFileReference; lastKnownFileType = file; name = cave2.lob; path = scripts/cave2.lob; sourceTree = "<group>"; };
		88DD17CF0F09491C00DE33E8 /* cave3a.lob */ = {isa = PBXFileReference; lastKnownFileType = file; name = cave3a.lob; path = scripts/cave3a.lob; sourceTree = "<group>"; };
		88DD17D00F09491C00DE33E8 /* cave3b.lob */ = {isa = PBXFileReference; lastKnownFileType = file; name = cave3b.lob; path = scripts/cave3b.lob; sourceTree = "<group>"; };
		88DD17D10F09491C00DE33E8 /* cave4.lob */ = {isa = PBXFileReference; lastKnownFileType = file; name = cave4.lob; path = scripts/cave4.lob; sourceTree = "<group>"; };
		88DD17D20F09491C00DE33E8 /* cave5.lob */ = {isa = PBXFileReference; lastKnownFileType = file; name = cave5.lob; path = scripts/cave5.lob; sourceTree = "<group>"; };
		88DD17D30F09491C00DE33E8 /* coliseum.lob */ = {isa = PBXFileReference; lastKnownFileType = file; name = coliseum.lob; path = scripts/coliseum.lob; sourceTree = "<group>"; };
		88DD17D40F09491C00DE33E8 /* cult.lob */ = {isa = PBXFileReference; lastKnownFileType = file; name = cult.lob; path = scripts/cult.lob; sourceTree = "<group>"; };
		88DD17D50F09491C00DE33E8 /* dville.lob */ = {isa = PBXFileReference; lastKnownFileType = file; name = dville.lob; path = scripts/dville.lob; sourceTree = "<group>"; };
		88DD17D60F09491C00DE33E8 /* estate.lob */ = {isa = PBXFileReference; lastKnownFileType = file; name = estate.lob; path = scripts/estate.lob; sourceTree = "<group>"; };
		88DD17D70F09491C00DE33E8 /* esteria.lob */ = {isa = PBXFileReference; lastKnownFileType = file; name = esteria.lob; path = scripts/esteria.lob; sourceTree = "<group>"; };
		88DD17D80F09491C00DE33E8 /* fort.lob */ = {isa = PBXFileReference; lastKnownFileType = file; name = fort.lob; path = scripts/fort.lob; sourceTree = "<group>"; };
		88DD17D90F09491C00DE33E8 /* global.lob */ = {isa = PBXFileReference; lastKnownFileType = file; name = global.lob; path = scripts/global.lob; sourceTree = "<group>"; };
		88DD17DA0F09491C00DE33E8 /* grotto.lob */ = {isa = PBXFileReference; lastKnownFileType = file; name = grotto.lob; path = scripts/grotto.lob; sourceTree = "<group>"; };
		88DD17DB0F09491C00DE33E8 /* grotto2.lob */ = {isa = PBXFileReference; lastKnownFileType = file; name = grotto2.lob; path = scripts/grotto2.lob; sourceTree = "<group>"; };
		88DD17DC0F09491C00DE33E8 /* guild.lob */ = {isa = PBXFileReference; lastKnownFileType = file; name = guild.lob; path = scripts/guild.lob; sourceTree = "<group>"; };
		88DD17DD0F09491C00DE33E8 /* main.lob */ = {isa = PBXFileReference; lastKnownFileType = file; name = main.lob; path = scripts/main.lob; sourceTree = "<group>"; };
		88DD17DE0F09491C00DE33E8 /* manor.lob */ = {isa = PBXFileReference; lastKnownFileType = file; name = manor.lob; path = scripts/manor.lob; sourceTree = "<group>"; };
		88DD17DF0F09491C00DE33E8 /* pass.lob */ = {isa = PBXFileReference; lastKnownFileType = file; name = pass.lob; path = scripts/pass.lob; sourceTree = "<group>"; };
		88DD17E00F09491C00DE33E8 /* shrine.lob */ = {isa = PBXFileReference; lastKnownFileType = file; name = shrine.lob; path = scripts/shrine.lob; sourceTree = "<group>"; };
		88DD17E10F09491C00DE33E8 /* starting.lob */ = {isa = PBXFileReference; lastKnownFileType = file; name = starting.lob; path = scripts/starting.lob; sourceTree = "<group>"; };
		88DD17E20F09491C00DE33E8 /* temple1.lob */ = {isa = PBXFileReference; lastKnownFileType = file; name = temple1.lob; path = scripts/temple1.lob; sourceTree = "<group>"; };
		88DD17E30F09491C00DE33E8 /* temple2.lob */ = {isa = PBXFileReference; lastKnownFileType = file; name = temple2.lob; path = scripts/temple2.lob; sourceTree = "<group>"; };
		88DD17E40F09491C00DE33E8 /* tower.lob */ = {isa = PBXFileReference; lastKnownFileType = file; name = tower.lob; path = scripts/tower.lob; sourceTree = "<group>"; };
		88DD17E50F09491C00DE33E8 /* town1.lob */ = {isa = PBXFileReference; lastKnownFileType = file; name = town1.lob; path = scripts/town1.lob; sourceTree = "<group>"; };
		88DD17E60F09491C00DE33E8 /* town2.lob */ = {isa = PBXFileReference; lastKnownFileType = file; name = town2.lob; path = scripts/town2.lob; sourceTree = "<group>"; };
		88DD17E70F09491C00DE33E8 /* town3.lob */ = {isa = PBXFileReference; lastKnownFileType = file; name = town3.lob; path = scripts/town3.lob; sourceTree = "<group>"; };
		88DD17E80F09491C00DE33E8 /* town4.lob */ = {isa = PBXFileReference; lastKnownFileType = file; name = town4.lob; path = scripts/town4.lob; sourceTree = "<group>"; };
		88DD17E90F09491C00DE33E8 /* town5.lob */ = {isa = PBXFileReference; lastKnownFileType = file; name = town5.lob; path = scripts/town5.lob; sourceTree = "<group>"; };
		88DD17EA0F09491C00DE33E8 /* town6.lob */ = {isa = PBXFileReference; lastKnownFileType = file; name = town6.lob; path = scripts/town6.lob; sourceTree = "<group>"; };
		88DD17EB0F09491C00DE33E8 /* town7.lob */ = {isa = PBXFileReference; lastKnownFileType = file; name = town7.lob; path = scripts/town7.lob; sourceTree = "<group>"; };
		88DD17EC0F09491C00DE33E8 /* tunnel.lob */ = {isa = PBXFileReference; lastKnownFileType = file; name = tunnel.lob; path = scripts/tunnel.lob; sourceTree = "<group>"; };
		88DD18FF0F094A0E00DE33E8 /* bridge.lua */ = {isa = PBXFileReference; fileEncoding = 30; lastKnownFileType = text; name = bridge.lua; path = scripts/bridge.lua; sourceTree = "<group>"; };
		88DD19000F094A0E00DE33E8 /* bridge2.lua */ = {isa = PBXFileReference; fileEncoding = 30; lastKnownFileType = text; name = bridge2.lua; path = scripts/bridge2.lua; sourceTree = "<group>"; };
		88DD19010F094A0E00DE33E8 /* camp.lua */ = {isa = PBXFileReference; fileEncoding = 30; lastKnownFileType = text; name = camp.lua; path = scripts/camp.lua; sourceTree = "<group>"; };
		88DD19020F094A0E00DE33E8 /* cave1.lua */ = {isa = PBXFileReference; fileEncoding = 30; lastKnownFileType = text; name = cave1.lua; path = scripts/cave1.lua; sourceTree = "<group>"; };
		88DD19030F094A0E00DE33E8 /* cave2.lua */ = {isa = PBXFileReference; fileEncoding = 30; lastKnownFileType = text; name = cave2.lua; path = scripts/cave2.lua; sourceTree = "<group>"; };
		88DD19040F094A0E00DE33E8 /* cave3a.lua */ = {isa = PBXFileReference; fileEncoding = 30; lastKnownFileType = text; name = cave3a.lua; path = scripts/cave3a.lua; sourceTree = "<group>"; };
		88DD19050F094A0E00DE33E8 /* cave3b.lua */ = {isa = PBXFileReference; fileEncoding = 30; lastKnownFileType = text; name = cave3b.lua; path = scripts/cave3b.lua; sourceTree = "<group>"; };
		88DD19060F094A0E00DE33E8 /* cave4.lua */ = {isa = PBXFileReference; fileEncoding = 30; lastKnownFileType = text; name = cave4.lua; path = scripts/cave4.lua; sourceTree = "<group>"; };
		88DD19070F094A0E00DE33E8 /* cave5.lua */ = {isa = PBXFileReference; fileEncoding = 30; lastKnownFileType = text; name = cave5.lua; path = scripts/cave5.lua; sourceTree = "<group>"; };
		88DD19080F094A0E00DE33E8 /* cave6a.lua */ = {isa = PBXFileReference; fileEncoding = 30; lastKnownFileType = text; name = cave6a.lua; path = scripts/cave6a.lua; sourceTree = "<group>"; };
		88DD19090F094A0E00DE33E8 /* cave6b.lua */ = {isa = PBXFileReference; fileEncoding = 30; lastKnownFileType = text; name = cave6b.lua; path = scripts/cave6b.lua; sourceTree = "<group>"; };
		88DD190A0F094A0E00DE33E8 /* coliseum.lua */ = {isa = PBXFileReference; fileEncoding = 30; lastKnownFileType = text; name = coliseum.lua; path = scripts/coliseum.lua; sourceTree = "<group>"; };
		88DD190B0F094A0E00DE33E8 /* cult.lua */ = {isa = PBXFileReference; fileEncoding = 30; lastKnownFileType = text; name = cult.lua; path = scripts/cult.lua; sourceTree = "<group>"; };
		88DD190C0F094A0E00DE33E8 /* dville.lua */ = {isa = PBXFileReference; fileEncoding = 30; lastKnownFileType = text; name = dville.lua; path = scripts/dville.lua; sourceTree = "<group>"; };
		88DD190D0F094A0E00DE33E8 /* estate.lua */ = {isa = PBXFileReference; fileEncoding = 30; lastKnownFileType = text; name = estate.lua; path = scripts/estate.lua; sourceTree = "<group>"; };
		88DD190E0F094A0E00DE33E8 /* esteria.lua */ = {isa = PBXFileReference; fileEncoding = 30; lastKnownFileType = text; name = esteria.lua; path = scripts/esteria.lua; sourceTree = "<group>"; };
		88DD190F0F094A0E00DE33E8 /* fort.lua */ = {isa = PBXFileReference; fileEncoding = 30; lastKnownFileType = text; name = fort.lua; path = scripts/fort.lua; sourceTree = "<group>"; };
		88DD19100F094A0E00DE33E8 /* global.lua */ = {isa = PBXFileReference; fileEncoding = 30; lastKnownFileType = text; name = global.lua; path = scripts/global.lua; sourceTree = "<group>"; };
		88DD19110F094A0E00DE33E8 /* goblin.lua */ = {isa = PBXFileReference; fileEncoding = 30; lastKnownFileType = text; name = goblin.lua; path = scripts/goblin.lua; sourceTree = "<group>"; };
		88DD19120F094A0E00DE33E8 /* grotto.lua */ = {isa = PBXFileReference; fileEncoding = 30; lastKnownFileType = text; name = grotto.lua; path = scripts/grotto.lua; sourceTree = "<group>"; };
		88DD19130F094A0E00DE33E8 /* grotto2.lua */ = {isa = PBXFileReference; fileEncoding = 30; lastKnownFileType = text; name = grotto2.lua; path = scripts/grotto2.lua; sourceTree = "<group>"; };
		88DD19140F094A0E00DE33E8 /* guild.lua */ = {isa = PBXFileReference; fileEncoding = 30; lastKnownFileType = text; name = guild.lua; path = scripts/guild.lua; sourceTree = "<group>"; };
		88DD19150F094A0E00DE33E8 /* init.lua */ = {isa = PBXFileReference; fileEncoding = 30; lastKnownFileType = text; name = init.lua; path = scripts/init.lua; sourceTree = "<group>"; };
		88DD19160F094A0E00DE33E8 /* main.lua */ = {isa = PBXFileReference; fileEncoding = 30; lastKnownFileType = text; name = main.lua; path = scripts/main.lua; sourceTree = "<group>"; };
		88DD19170F094A0E00DE33E8 /* manor.lua */ = {isa = PBXFileReference; fileEncoding = 30; lastKnownFileType = text; name = manor.lua; path = scripts/manor.lua; sourceTree = "<group>"; };
		88DD19180F094A0E00DE33E8 /* pass.lua */ = {isa = PBXFileReference; fileEncoding = 30; lastKnownFileType = text; name = pass.lua; path = scripts/pass.lua; sourceTree = "<group>"; };
		88DD19190F094A0E00DE33E8 /* shrine.lua */ = {isa = PBXFileReference; fileEncoding = 30; lastKnownFileType = text; name = shrine.lua; path = scripts/shrine.lua; sourceTree = "<group>"; };
		88DD191A0F094A0E00DE33E8 /* starting.lua */ = {isa = PBXFileReference; fileEncoding = 30; lastKnownFileType = text; name = starting.lua; path = scripts/starting.lua; sourceTree = "<group>"; };
		88DD191B0F094A0E00DE33E8 /* sunarin.lua */ = {isa = PBXFileReference; fileEncoding = 30; lastKnownFileType = text; name = sunarin.lua; path = scripts/sunarin.lua; sourceTree = "<group>"; };
		88DD191C0F094A0E00DE33E8 /* temple1.lua */ = {isa = PBXFileReference; fileEncoding = 30; lastKnownFileType = text; name = temple1.lua; path = scripts/temple1.lua; sourceTree = "<group>"; };
		88DD191D0F094A0E00DE33E8 /* temple2.lua */ = {isa = PBXFileReference; fileEncoding = 30; lastKnownFileType = text; name = temple2.lua; path = scripts/temple2.lua; sourceTree = "<group>"; };
		88DD191E0F094A0E00DE33E8 /* tower.lua */ = {isa = PBXFileReference; fileEncoding = 30; lastKnownFileType = text; name = tower.lua; path = scripts/tower.lua; sourceTree = "<group>"; };
		88DD191F0F094A0E00DE33E8 /* town1.lua */ = {isa = PBXFileReference; fileEncoding = 30; lastKnownFileType = text; name = town1.lua; path = scripts/town1.lua; sourceTree = "<group>"; };
		88DD19200F094A0E00DE33E8 /* town2.lua */ = {isa = PBXFileReference; fileEncoding = 30; lastKnownFileType = text; name = town2.lua; path = scripts/town2.lua; sourceTree = "<group>"; };
		88DD19210F094A0E00DE33E8 /* town3.lua */ = {isa = PBXFileReference; fileEncoding = 30; lastKnownFileType = text; name = town3.lua; path = scripts/town3.lua; sourceTree = "<group>"; };
		88DD19220F094A0E00DE33E8 /* town4.lua */ = {isa = PBXFileReference; fileEncoding = 30; lastKnownFileType = text; name = town4.lua; path = scripts/town4.lua; sourceTree = "<group>"; };
		88DD19230F094A0E00DE33E8 /* town5.lua */ = {isa = PBXFileReference; fileEncoding = 30; lastKnownFileType = text; name = town5.lua; path = scripts/town5.lua; sourceTree = "<group>"; };
		88DD19240F094A0E00DE33E8 /* town6.lua */ = {isa = PBXFileReference; fileEncoding = 30; lastKnownFileType = text; name = town6.lua; path = scripts/town6.lua; sourceTree = "<group>"; };
		88DD19250F094A0E00DE33E8 /* town7.lua */ = {isa = PBXFileReference; fileEncoding = 30; lastKnownFileType = text; name = town7.lua; path = scripts/town7.lua; sourceTree = "<group>"; };
		88DD19260F094A0E00DE33E8 /* town8.lua */ = {isa = PBXFileReference; fileEncoding = 30; lastKnownFileType = text; name = town8.lua; path = scripts/town8.lua; sourceTree = "<group>"; };
		88DD19270F094A0E00DE33E8 /* tunnel.lua */ = {isa = PBXFileReference; fileEncoding = 30; lastKnownFileType = text; name = tunnel.lua; path = scripts/tunnel.lua; sourceTree = "<group>"; };
		88E2F88A0F091CBE0066E111 /* console.h */ = {isa = PBXFileReference; fileEncoding = 30; lastKnownFileType = sourcecode.c.h; name = console.h; path = include/console.h; sourceTree = "<group>"; };
		88E2F88E0F091CF90066E111 /* console.c */ = {isa = PBXFileReference; fileEncoding = 30; lastKnownFileType = sourcecode.c.c; name = console.c; path = src/console.c; sourceTree = "<group>"; };
		88E2F8900F091D0B0066E111 /* bounds.h */ = {isa = PBXFileReference; fileEncoding = 30; lastKnownFileType = sourcecode.c.h; name = bounds.h; path = include/bounds.h; sourceTree = "<group>"; };
		88E2F8E40F0934360066E111 /* bridge2.lob */ = {isa = PBXFileReference; lastKnownFileType = file; name = bridge2.lob; path = scripts/bridge2.lob; sourceTree = "<group>"; };
		88F3C80E0F0A52B100AED7A9 /* bridge.map */ = {isa = PBXFileReference; lastKnownFileType = file; name = bridge.map; path = maps/bridge.map; sourceTree = "<group>"; };
		88F3C80F0F0A52B100AED7A9 /* bridge2.map */ = {isa = PBXFileReference; lastKnownFileType = file; name = bridge2.map; path = maps/bridge2.map; sourceTree = "<group>"; };
		88F3C8100F0A52B100AED7A9 /* camp.map */ = {isa = PBXFileReference; lastKnownFileType = file; name = camp.map; path = maps/camp.map; sourceTree = "<group>"; };
		88F3C8110F0A52B100AED7A9 /* cave1.map */ = {isa = PBXFileReference; lastKnownFileType = file; name = cave1.map; path = maps/cave1.map; sourceTree = "<group>"; };
		88F3C8120F0A52B100AED7A9 /* cave2.map */ = {isa = PBXFileReference; lastKnownFileType = file; name = cave2.map; path = maps/cave2.map; sourceTree = "<group>"; };
		88F3C8130F0A52B100AED7A9 /* cave3a.map */ = {isa = PBXFileReference; lastKnownFileType = file; name = cave3a.map; path = maps/cave3a.map; sourceTree = "<group>"; };
		88F3C8140F0A52B100AED7A9 /* cave3b.map */ = {isa = PBXFileReference; lastKnownFileType = file; name = cave3b.map; path = maps/cave3b.map; sourceTree = "<group>"; };
		88F3C8150F0A52B100AED7A9 /* cave4.map */ = {isa = PBXFileReference; lastKnownFileType = file; name = cave4.map; path = maps/cave4.map; sourceTree = "<group>"; };
		88F3C8160F0A52B100AED7A9 /* cave5.map */ = {isa = PBXFileReference; lastKnownFileType = file; name = cave5.map; path = maps/cave5.map; sourceTree = "<group>"; };
		88F3C8170F0A52B100AED7A9 /* cave6a.map */ = {isa = PBXFileReference; lastKnownFileType = file; name = cave6a.map; path = maps/cave6a.map; sourceTree = "<group>"; };
		88F3C8180F0A52B100AED7A9 /* cave6b.map */ = {isa = PBXFileReference; lastKnownFileType = file; name = cave6b.map; path = maps/cave6b.map; sourceTree = "<group>"; };
		88F3C8190F0A52B100AED7A9 /* coliseum.map */ = {isa = PBXFileReference; lastKnownFileType = file; name = coliseum.map; path = maps/coliseum.map; sourceTree = "<group>"; };
		88F3C81A0F0A52B100AED7A9 /* cult.map */ = {isa = PBXFileReference; lastKnownFileType = file; name = cult.map; path = maps/cult.map; sourceTree = "<group>"; };
		88F3C81B0F0A52B100AED7A9 /* dville.map */ = {isa = PBXFileReference; lastKnownFileType = file; name = dville.map; path = maps/dville.map; sourceTree = "<group>"; };
		88F3C81C0F0A52B100AED7A9 /* estate.map */ = {isa = PBXFileReference; lastKnownFileType = file; name = estate.map; path = maps/estate.map; sourceTree = "<group>"; };
		88F3C81D0F0A52B100AED7A9 /* fort.map */ = {isa = PBXFileReference; lastKnownFileType = file; name = fort.map; path = maps/fort.map; sourceTree = "<group>"; };
		88F3C81E0F0A52B100AED7A9 /* goblin.map */ = {isa = PBXFileReference; lastKnownFileType = file; name = goblin.map; path = maps/goblin.map; sourceTree = "<group>"; };
		88F3C81F0F0A52B100AED7A9 /* grotto.map */ = {isa = PBXFileReference; lastKnownFileType = file; name = grotto.map; path = maps/grotto.map; sourceTree = "<group>"; };
		88F3C8200F0A52B100AED7A9 /* grotto2.map */ = {isa = PBXFileReference; lastKnownFileType = file; name = grotto2.map; path = maps/grotto2.map; sourceTree = "<group>"; };
		88F3C8210F0A52B100AED7A9 /* guild.map */ = {isa = PBXFileReference; lastKnownFileType = file; name = guild.map; path = maps/guild.map; sourceTree = "<group>"; };
		88F3C8220F0A52B100AED7A9 /* main.map */ = {isa = PBXFileReference; lastKnownFileType = file; name = main.map; path = maps/main.map; sourceTree = "<group>"; };
		88F3C8230F0A52B100AED7A9 /* manor.map */ = {isa = PBXFileReference; lastKnownFileType = file; name = manor.map; path = maps/manor.map; sourceTree = "<group>"; };
		88F3C8240F0A52B100AED7A9 /* starting.map */ = {isa = PBXFileReference; lastKnownFileType = file; name = starting.map; path = maps/starting.map; sourceTree = "<group>"; };
		88F3C8250F0A52B100AED7A9 /* sunarin.map */ = {isa = PBXFileReference; lastKnownFileType = file; name = sunarin.map; path = maps/sunarin.map; sourceTree = "<group>"; };
		88F3C8260F0A52B100AED7A9 /* temple1.map */ = {isa = PBXFileReference; lastKnownFileType = file; name = temple1.map; path = maps/temple1.map; sourceTree = "<group>"; };
		88F3C8270F0A52B100AED7A9 /* temple2.map */ = {isa = PBXFileReference; lastKnownFileType = file; name = temple2.map; path = maps/temple2.map; sourceTree = "<group>"; };
		88F3C8280F0A52B100AED7A9 /* tower.map */ = {isa = PBXFileReference; lastKnownFileType = file; name = tower.map; path = maps/tower.map; sourceTree = "<group>"; };
		88F3C8290F0A52B100AED7A9 /* town1.map */ = {isa = PBXFileReference; lastKnownFileType = file; name = town1.map; path = maps/town1.map; sourceTree = "<group>"; };
		88F3C82A0F0A52B100AED7A9 /* town2.map */ = {isa = PBXFileReference; lastKnownFileType = file; name = town2.map; path = maps/town2.map; sourceTree = "<group>"; };
		88F3C82B0F0A52B100AED7A9 /* town3.map */ = {isa = PBXFileReference; lastKnownFileType = file; name = town3.map; path = maps/town3.map; sourceTree = "<group>"; };
		88F3C82C0F0A52B100AED7A9 /* town4.map */ = {isa = PBXFileReference; lastKnownFileType = file; name = town4.map; path = maps/town4.map; sourceTree = "<group>"; };
		88F3C82D0F0A52B100AED7A9 /* town5.map */ = {isa = PBXFileReference; lastKnownFileType = file; name = town5.map; path = maps/town5.map; sourceTree = "<group>"; };
		88F3C82E0F0A52B100AED7A9 /* town6.map */ = {isa = PBXFileReference; lastKnownFileType = file; name = town6.map; path = maps/town6.map; sourceTree = "<group>"; };
		88F3C82F0F0A52B100AED7A9 /* town7.map */ = {isa = PBXFileReference; lastKnownFileType = file; name = town7.map; path = maps/town7.map; sourceTree = "<group>"; };
		88F3C8300F0A52B100AED7A9 /* town8.map */ = {isa = PBXFileReference; lastKnownFileType = file; name = town8.map; path = maps/town8.map; sourceTree = "<group>"; };
		88F3C9F90F0A534A00AED7A9 /* allstat.mon */ = {isa = PBXFileReference; fileEncoding = 30; lastKnownFileType = text; name = allstat.mon; path = data/allstat.mon; sourceTree = "<group>"; };
		88F3C9FA0F0A534A00AED7A9 /* hero.kq */ = {isa = PBXFileReference; lastKnownFileType = file; name = hero.kq; path = data/hero.kq; sourceTree = "<group>"; };
		88F3C9FB0F0A534A00AED7A9 /* kqsnd.dat */ = {isa = PBXFileReference; lastKnownFileType = file; name = kqsnd.dat; path = data/kqsnd.dat; sourceTree = "<group>"; };
		88F3C9FC0F0A534A00AED7A9 /* mpcx.dat */ = {isa = PBXFileReference; lastKnownFileType = file; name = mpcx.dat; path = data/mpcx.dat; sourceTree = "<group>"; };
		88F3C9FD0F0A534A00AED7A9 /* ssprites.dat */ = {isa = PBXFileReference; lastKnownFileType = file; name = ssprites.dat; path = data/ssprites.dat; sourceTree = "<group>"; };
		88F3C9FE0F0A534A00AED7A9 /* tileset.kq */ = {isa = PBXFileReference; lastKnownFileType = file; name = tileset.kq; path = data/tileset.kq; sourceTree = "<group>"; };
		88F3CA060F0A53BD00AED7A9 /* resabil.mon */ = {isa = PBXFileReference; fileEncoding = 30; lastKnownFileType = text; name = resabil.mon; path = data/resabil.mon; sourceTree = "<group>"; };
		88F3CA0C0F0A641300AED7A9 /* aa_arofl.xm */ = {isa = PBXFileReference; lastKnownFileType = file; name = aa_arofl.xm; path = music/aa_arofl.xm; sourceTree = "<group>"; };
		88F3CA0D0F0A641300AED7A9 /* comeback.mod */ = {isa = PBXFileReference; lastKnownFileType = file; name = comeback.mod; path = music/comeback.mod; sourceTree = "<group>"; };
		88F3CA0E0F0A641300AED7A9 /* dag_4.xm */ = {isa = PBXFileReference; lastKnownFileType = file; name = dag_4.xm; path = music/dag_4.xm; sourceTree = "<group>"; };
		88F3CA0F0F0A641300AED7A9 /* enfero.xm */ = {isa = PBXFileReference; lastKnownFileType = file; name = enfero.xm; path = music/enfero.xm; sourceTree = "<group>"; };
		88F3CA100F0A641300AED7A9 /* eranasp.mod */ = {isa = PBXFileReference; lastKnownFileType = file; name = eranasp.mod; path = music/eranasp.mod; sourceTree = "<group>"; };
		88F3CA110F0A641300AED7A9 /* exp.s3m */ = {isa = PBXFileReference; lastKnownFileType = file; name = exp.s3m; path = music/exp.s3m; sourceTree = "<group>"; };
		88F3CA120F0A641300AED7A9 /* hm.s3m */ = {isa = PBXFileReference; lastKnownFileType = file; name = hm.s3m; path = music/hm.s3m; sourceTree = "<group>"; };
		88F3CA130F0A641300AED7A9 /* infanita.mod */ = {isa = PBXFileReference; lastKnownFileType = file; name = infanita.mod; path = music/infanita.mod; sourceTree = "<group>"; };
		88F3CA140F0A641300AED7A9 /* into61.s3m */ = {isa = PBXFileReference; lastKnownFileType = file; name = into61.s3m; path = music/into61.s3m; sourceTree = "<group>"; };
		88F3CA150F0A641300AED7A9 /* land.mod */ = {isa = PBXFileReference; lastKnownFileType = file; name = land.mod; path = music/land.mod; sourceTree = "<group>"; };
		88F3CA160F0A641300AED7A9 /* oxford.s3m */ = {isa = PBXFileReference; lastKnownFileType = file; name = oxford.s3m; path = music/oxford.s3m; sourceTree = "<group>"; };
		88F3CA170F0A641300AED7A9 /* rain.s3m */ = {isa = PBXFileReference; lastKnownFileType = file; name = rain.s3m; path = music/rain.s3m; sourceTree = "<group>"; };
		88F3CA180F0A641300AED7A9 /* rend5.s3m */ = {isa = PBXFileReference; lastKnownFileType = file; name = rend5.s3m; path = music/rend5.s3m; sourceTree = "<group>"; };
		88F3CA190F0A641300AED7A9 /* toroia.s3m */ = {isa = PBXFileReference; lastKnownFileType = file; name = toroia.s3m; path = music/toroia.s3m; sourceTree = "<group>"; };
		88F3CA1A0F0A641300AED7A9 /* town.mod */ = {isa = PBXFileReference; lastKnownFileType = file; name = town.mod; path = music/town.mod; sourceTree = "<group>"; };
		88F3CA1B0F0A641300AED7A9 /* walk.s3m */ = {isa = PBXFileReference; lastKnownFileType = file; name = walk.s3m; path = music/walk.s3m; sourceTree = "<group>"; };
		88F3CA1C0F0A641300AED7A9 /* waterw.xm */ = {isa = PBXFileReference; lastKnownFileType = file; name = waterw.xm; path = music/waterw.xm; sourceTree = "<group>"; };
		88FCDD860D4D26EA002849F7 /* bounds.c */ = {isa = PBXFileReference; fileEncoding = 30; lastKnownFileType = sourcecode.c.c; name = bounds.c; path = src/bounds.c; sourceTree = "<group>"; };
		A02F886E13B416880090CA49 /* enums.h */ = {isa = PBXFileReference; fileEncoding = 4; lastKnownFileType = sourcecode.c.h; name = enums.h; path = include/enums.h; sourceTree = "<group>"; };
		A02F886F13B416880090CA49 /* platform.h */ = {isa = PBXFileReference; fileEncoding = 4; lastKnownFileType = sourcecode.c.h; name = platform.h; path = include/platform.h; sourceTree = "<group>"; };
		A02F887013B416880090CA49 /* structs.h */ = {isa = PBXFileReference; fileEncoding = 4; lastKnownFileType = sourcecode.c.h; name = structs.h; path = include/structs.h; sourceTree = "<group>"; };
		A02F887113B41EDF0090CA49 /* liballeg-main.a */ = {isa = PBXFileReference; lastKnownFileType = archive.ar; path = "liballeg-main.a"; sourceTree = "<group>"; };
		A02F887313B41F240090CA49 /* libaldmb.a */ = {isa = PBXFileReference; lastKnownFileType = archive.ar; path = libaldmb.a; sourceTree = "<group>"; };
		A02F887413B41F240090CA49 /* libdumb.a */ = {isa = PBXFileReference; lastKnownFileType = archive.ar; path = libdumb.a; sourceTree = "<group>"; };
		A02F887713B41F3E0090CA49 /* liblua.a */ = {isa = PBXFileReference; lastKnownFileType = archive.ar; path = liblua.a; sourceTree = "<group>"; };
		A02F887913B4217C0090CA49 /* markers.c */ = {isa = PBXFileReference; fileEncoding = 4; lastKnownFileType = sourcecode.c.c; name = markers.c; path = src/markers.c; sourceTree = "<group>"; };
		A02F887B13B421CD0090CA49 /* markers.h */ = {isa = PBXFileReference; fileEncoding = 4; lastKnownFileType = sourcecode.c.h; name = markers.h; path = include/markers.h; sourceTree = "<group>"; };
/* End PBXFileReference section */

/* Begin PBXFrameworksBuildPhase section */
		8808A7DD0A62F1AC00EBA666 /* Frameworks */ = {
			isa = PBXFrameworksBuildPhase;
			buildActionMask = 2147483647;
			files = (
				8808A8F90A62F25300EBA666 /* AudioToolbox.framework in Frameworks */,
				8808A7DE0A62F1AC00EBA666 /* Cocoa.framework in Frameworks */,
				8808A8FA0A62F25300EBA666 /* AudioUnit.framework in Frameworks */,
				8808A8FB0A62F25300EBA666 /* Carbon.framework in Frameworks */,
				8808A8FC0A62F25300EBA666 /* CoreAudio.framework in Frameworks */,
				8808A8FD0A62F25300EBA666 /* CoreMIDI.framework in Frameworks */,
				8808A8FE0A62F25300EBA666 /* IOKit.framework in Frameworks */,
				8808A8FF0A62F25300EBA666 /* QuickTime.framework in Frameworks */,
				A02F887213B41EDF0090CA49 /* liballeg-main.a in Frameworks */,
				A02F887513B41F240090CA49 /* libaldmb.a in Frameworks */,
				A02F887613B41F240090CA49 /* libdumb.a in Frameworks */,
				A02F887813B41F3E0090CA49 /* liblua.a in Frameworks */,
			);
			runOnlyForDeploymentPostprocessing = 0;
		};
/* End PBXFrameworksBuildPhase section */

/* Begin PBXGroup section */
		19C28FACFE9D520D11CA2CBB /* Products */ = {
			isa = PBXGroup;
			children = (
				8808A7E80A62F1AD00EBA666 /* KQ.app */,
			);
			name = Products;
			sourceTree = "<group>";
		};
		29B97314FDCFA39411CA2CEA /* KQ-osx */ = {
			isa = PBXGroup;
			children = (
				88F3C80D0F0A526500AED7A9 /* Data */,
				88F3C80C0F0A525D00AED7A9 /* Music */,
				88F3C80B0F0A525300AED7A9 /* Maps */,
				88F3C7FC0F0A25DB00AED7A9 /* Compiled scripts */,
				88DD18FE0F0949C700DE33E8 /* Scripts */,
				8816BD2A04D053EA00000002 /* Includes */,
				29B97315FDCFA39411CA2CEA /* Sources */,
				29B97317FDCFA39411CA2CEA /* Resources */,
				29B97323FDCFA39411CA2CEA /* Frameworks */,
				19C28FACFE9D520D11CA2CBB /* Products */,
				8808A7E70A62F1AC00EBA666 /* Info-KQ_osx.plist */,
			);
			name = "KQ-osx";
			sourceTree = "<group>";
		};
		29B97315FDCFA39411CA2CEA /* Sources */ = {
			isa = PBXGroup;
			children = (
				88E2F88E0F091CF90066E111 /* console.c */,
				88FCDD860D4D26EA002849F7 /* bounds.c */,
				8816BCF604D053D000000002 /* combat.c */,
				8816BCF704D053D000000002 /* credits.c */,
				8816BCF804D053D000000002 /* disk.c */,
				8816BCF904D053D000000002 /* draw.c */,
				8816BCFA04D053D000000002 /* effects.c */,
				8816BCFB04D053D000000002 /* enemyc.c */,
				8816BCFC04D053D000000002 /* entity.c */,
				8816BCFD04D053D000000002 /* eqpmenu.c */,
				8816BCFE04D053D000000002 /* eskill.c */,
				8816BCFF04D053D000000002 /* fade.c */,
				8816BD0004D053D000000002 /* heroc.c */,
				8816BD0104D053D000000002 /* hskill.c */,
				8816BD0204D053D000000002 /* intrface.c */,
				8816BD0304D053D000000002 /* itemmenu.c */,
				8816BD0404D053D000000002 /* kq.c */,
				8816BD0504D053D000000002 /* magic.c */,
				A02F887913B4217C0090CA49 /* markers.c */,
				8816BD0604D053D000000002 /* masmenu.c */,
				8816BD0704D053D000000002 /* menu.c */,
				8808AA100A62F6E700EBA666 /* movement.c */,
				8816BD0804D053D000000002 /* music.c */,
				8816BD0904D053D000000002 /* res.c */,
				8816BD0A04D053D000000002 /* scrnshot.c */,
				8816BD0B04D053D000000002 /* selector.c */,
				8816BD0C04D053D000000002 /* setup.c */,
				8816BD0D04D053D000000002 /* sgame.c */,
				8816BD0E04D053D000000002 /* shopmenu.c */,
				8816BD0F04D053D000000002 /* timing.c */,
				8816BD6B04D0797100000002 /* osx.m */,
			);
			name = Sources;
			sourceTree = "<group>";
		};
		29B97317FDCFA39411CA2CEA /* Resources */ = {
			isa = PBXGroup;
			children = (
				8816BD7504D07B0300000002 /* KQ-icon.icns */,
			);
			name = Resources;
			sourceTree = "<group>";
		};
		29B97323FDCFA39411CA2CEA /* Frameworks */ = {
			isa = PBXGroup;
			children = (
				A02F887313B41F240090CA49 /* libaldmb.a */,
				A02F887113B41EDF0090CA49 /* liballeg-main.a */,
				A02F887413B41F240090CA49 /* libdumb.a */,
				A02F887713B41F3E0090CA49 /* liblua.a */,
				8808A7EB0A62F25200EBA666 /* AudioToolbox.framework */,
				8808A7EC0A62F25200EBA666 /* AudioUnit.framework */,
				8808A7ED0A62F25200EBA666 /* Carbon.framework */,
				1058C7A1FEA54F0111CA2CBB /* Cocoa.framework */,
				8808A7EE0A62F25200EBA666 /* CoreAudio.framework */,
				8808A7EF0A62F25200EBA666 /* CoreMIDI.framework */,
				8808A7F00A62F25200EBA666 /* IOKit.framework */,
				8808A7F10A62F25200EBA666 /* QuickTime.framework */,
			);
			name = Frameworks;
			sourceTree = "<group>";
		};
		8816BD2A04D053EA00000002 /* Includes */ = {
			isa = PBXGroup;
			children = (
				88E2F8900F091D0B0066E111 /* bounds.h */,
				8816BD2B04D0542800000002 /* combat.h */,
				88E2F88A0F091CBE0066E111 /* console.h */,
				8816BD2C04D0542800000002 /* credits.h */,
				8816BD2D04D0542800000002 /* disk.h */,
				8816BD2E04D0542800000002 /* draw.h */,
				8816BD2F04D0542800000002 /* effects.h */,
				8816BD3004D0542800000002 /* enemyc.h */,
				8816BD3104D0542800000002 /* entity.h */,
				A02F886E13B416880090CA49 /* enums.h */,
				8816BD3204D0542800000002 /* eqpmenu.h */,
				8816BD3304D0542800000002 /* eskill.h */,
				8816BD3404D0542800000002 /* fade.h */,
				8816BD3504D0542800000002 /* heroc.h */,
				8816BD3604D0542800000002 /* hskill.h */,
				8816BD3704D0542800000002 /* intrface.h */,
				8816BD3804D0542800000002 /* itemdefs.h */,
				8816BD3904D0542800000002 /* itemmenu.h */,
				8816BD3A04D0542800000002 /* kq.h */,
				8816BD3B04D0542800000002 /* kqsnd.h */,
				8816BD3C04D0542800000002 /* magic.h */,
				A02F887B13B421CD0090CA49 /* markers.h */,
				8816BD3D04D0542800000002 /* masmenu.h */,
				8816BD3E04D0542800000002 /* menu.h */,
				8808AAA90A62F79000EBA666 /* movement.h */,
				8816BD3F04D0542800000002 /* mpcx.h */,
				8816BD4004D0542800000002 /* music.h */,
				A02F886F13B416880090CA49 /* platform.h */,
				8816BD4204D0542800000002 /* res.h */,
				8816BD4304D0542800000002 /* scrnshot.h */,
				8816BD4404D0542800000002 /* selector.h */,
				8816BD4504D0542800000002 /* setup.h */,
				8816BD4604D0542800000002 /* sgame.h */,
				8816BD4704D0542800000002 /* shopmenu.h */,
				8816BD4804D0542800000002 /* skills.h */,
				8816BD4904D0542800000002 /* ssprites.h */,
				A02F887013B416880090CA49 /* structs.h */,
				8816BD4A04D0542800000002 /* timing.h */,
			);
			name = Includes;
			sourceTree = "<group>";
		};
		88DD18FE0F0949C700DE33E8 /* Scripts */ = {
			isa = PBXGroup;
			children = (
				88DD18FF0F094A0E00DE33E8 /* bridge.lua */,
				88DD19000F094A0E00DE33E8 /* bridge2.lua */,
				88DD19010F094A0E00DE33E8 /* camp.lua */,
				88DD19020F094A0E00DE33E8 /* cave1.lua */,
				88DD19030F094A0E00DE33E8 /* cave2.lua */,
				88DD19040F094A0E00DE33E8 /* cave3a.lua */,
				88DD19050F094A0E00DE33E8 /* cave3b.lua */,
				88DD19060F094A0E00DE33E8 /* cave4.lua */,
				88DD19070F094A0E00DE33E8 /* cave5.lua */,
				88DD19080F094A0E00DE33E8 /* cave6a.lua */,
				88DD19090F094A0E00DE33E8 /* cave6b.lua */,
				88DD190A0F094A0E00DE33E8 /* coliseum.lua */,
				88DD190B0F094A0E00DE33E8 /* cult.lua */,
				88DD190C0F094A0E00DE33E8 /* dville.lua */,
				88DD190D0F094A0E00DE33E8 /* estate.lua */,
				88DD190E0F094A0E00DE33E8 /* esteria.lua */,
				88DD190F0F094A0E00DE33E8 /* fort.lua */,
				88DD19100F094A0E00DE33E8 /* global.lua */,
				88DD19110F094A0E00DE33E8 /* goblin.lua */,
				88DD19120F094A0E00DE33E8 /* grotto.lua */,
				88DD19130F094A0E00DE33E8 /* grotto2.lua */,
				88DD19140F094A0E00DE33E8 /* guild.lua */,
				88DD19150F094A0E00DE33E8 /* init.lua */,
				88DD19160F094A0E00DE33E8 /* main.lua */,
				88DD19170F094A0E00DE33E8 /* manor.lua */,
				88DD19180F094A0E00DE33E8 /* pass.lua */,
				88DD19190F094A0E00DE33E8 /* shrine.lua */,
				88DD191A0F094A0E00DE33E8 /* starting.lua */,
				88DD191B0F094A0E00DE33E8 /* sunarin.lua */,
				88DD191C0F094A0E00DE33E8 /* temple1.lua */,
				88DD191D0F094A0E00DE33E8 /* temple2.lua */,
				88DD191E0F094A0E00DE33E8 /* tower.lua */,
				88DD191F0F094A0E00DE33E8 /* town1.lua */,
				88DD19200F094A0E00DE33E8 /* town2.lua */,
				88DD19210F094A0E00DE33E8 /* town3.lua */,
				88DD19220F094A0E00DE33E8 /* town4.lua */,
				88DD19230F094A0E00DE33E8 /* town5.lua */,
				88DD19240F094A0E00DE33E8 /* town6.lua */,
				88DD19250F094A0E00DE33E8 /* town7.lua */,
				88DD19260F094A0E00DE33E8 /* town8.lua */,
				88DD19270F094A0E00DE33E8 /* tunnel.lua */,
			);
			name = Scripts;
			sourceTree = "<group>";
		};
		88F3C7FC0F0A25DB00AED7A9 /* Compiled scripts */ = {
			isa = PBXGroup;
			children = (
				88DD17CB0F09491C00DE33E8 /* bridge.lob */,
				88DD17CC0F09491C00DE33E8 /* camp.lob */,
				88DD17CD0F09491C00DE33E8 /* cave1.lob */,
				88DD17CE0F09491C00DE33E8 /* cave2.lob */,
				88DD17CF0F09491C00DE33E8 /* cave3a.lob */,
				88DD17D00F09491C00DE33E8 /* cave3b.lob */,
				88DD17D10F09491C00DE33E8 /* cave4.lob */,
				88DD17D20F09491C00DE33E8 /* cave5.lob */,
				88DD17D30F09491C00DE33E8 /* coliseum.lob */,
				88DD17D40F09491C00DE33E8 /* cult.lob */,
				88DD17D50F09491C00DE33E8 /* dville.lob */,
				88DD17D60F09491C00DE33E8 /* estate.lob */,
				88DD17D70F09491C00DE33E8 /* esteria.lob */,
				88DD17D80F09491C00DE33E8 /* fort.lob */,
				88DD17D90F09491C00DE33E8 /* global.lob */,
				88DD17DA0F09491C00DE33E8 /* grotto.lob */,
				88DD17DB0F09491C00DE33E8 /* grotto2.lob */,
				88DD17DC0F09491C00DE33E8 /* guild.lob */,
				88DD17DD0F09491C00DE33E8 /* main.lob */,
				88DD17DE0F09491C00DE33E8 /* manor.lob */,
				88DD17DF0F09491C00DE33E8 /* pass.lob */,
				88DD17E00F09491C00DE33E8 /* shrine.lob */,
				88DD17E10F09491C00DE33E8 /* starting.lob */,
				88DD17E20F09491C00DE33E8 /* temple1.lob */,
				88DD17E30F09491C00DE33E8 /* temple2.lob */,
				88DD17E40F09491C00DE33E8 /* tower.lob */,
				88DD17E50F09491C00DE33E8 /* town1.lob */,
				88DD17E60F09491C00DE33E8 /* town2.lob */,
				88DD17E70F09491C00DE33E8 /* town3.lob */,
				88DD17E80F09491C00DE33E8 /* town4.lob */,
				88DD17E90F09491C00DE33E8 /* town5.lob */,
				88DD17EA0F09491C00DE33E8 /* town6.lob */,
				88DD17EB0F09491C00DE33E8 /* town7.lob */,
				88DD17EC0F09491C00DE33E8 /* tunnel.lob */,
				88DD17BD0F0948A200DE33E8 /* cave6a.lob */,
				88DD17BE0F0948A200DE33E8 /* cave6b.lob */,
				88DD17BF0F0948A200DE33E8 /* cheat.lob */,
				88DD17C00F0948A200DE33E8 /* goblin.lob */,
				88DD17C10F0948A200DE33E8 /* init.lob */,
				88DD17C20F0948A200DE33E8 /* sunarin.lob */,
				88DD17C30F0948A200DE33E8 /* town8.lob */,
				88E2F8E40F0934360066E111 /* bridge2.lob */,
			);
			name = "Compiled scripts";
			sourceTree = "<group>";
		};
		88F3C80B0F0A525300AED7A9 /* Maps */ = {
			isa = PBXGroup;
			children = (
				88980CFB0F0AA0CA005EAB09 /* pass.map */,
				88F3C80E0F0A52B100AED7A9 /* bridge.map */,
				88F3C80F0F0A52B100AED7A9 /* bridge2.map */,
				88F3C8100F0A52B100AED7A9 /* camp.map */,
				88F3C8110F0A52B100AED7A9 /* cave1.map */,
				88F3C8120F0A52B100AED7A9 /* cave2.map */,
				88F3C8130F0A52B100AED7A9 /* cave3a.map */,
				88F3C8140F0A52B100AED7A9 /* cave3b.map */,
				88F3C8150F0A52B100AED7A9 /* cave4.map */,
				88F3C8160F0A52B100AED7A9 /* cave5.map */,
				88F3C8170F0A52B100AED7A9 /* cave6a.map */,
				88F3C8180F0A52B100AED7A9 /* cave6b.map */,
				88F3C8190F0A52B100AED7A9 /* coliseum.map */,
				88F3C81A0F0A52B100AED7A9 /* cult.map */,
				88F3C81B0F0A52B100AED7A9 /* dville.map */,
				88F3C81C0F0A52B100AED7A9 /* estate.map */,
				88F3C81D0F0A52B100AED7A9 /* fort.map */,
				88F3C81E0F0A52B100AED7A9 /* goblin.map */,
				88F3C81F0F0A52B100AED7A9 /* grotto.map */,
				88F3C8200F0A52B100AED7A9 /* grotto2.map */,
				88F3C8210F0A52B100AED7A9 /* guild.map */,
				88F3C8220F0A52B100AED7A9 /* main.map */,
				88F3C8230F0A52B100AED7A9 /* manor.map */,
				88F3C8240F0A52B100AED7A9 /* starting.map */,
				88F3C8250F0A52B100AED7A9 /* sunarin.map */,
				88F3C8260F0A52B100AED7A9 /* temple1.map */,
				88F3C8270F0A52B100AED7A9 /* temple2.map */,
				88F3C8280F0A52B100AED7A9 /* tower.map */,
				88F3C8290F0A52B100AED7A9 /* town1.map */,
				88F3C82A0F0A52B100AED7A9 /* town2.map */,
				88F3C82B0F0A52B100AED7A9 /* town3.map */,
				88F3C82C0F0A52B100AED7A9 /* town4.map */,
				88F3C82D0F0A52B100AED7A9 /* town5.map */,
				88F3C82E0F0A52B100AED7A9 /* town6.map */,
				88F3C82F0F0A52B100AED7A9 /* town7.map */,
				88F3C8300F0A52B100AED7A9 /* town8.map */,
			);
			name = Maps;
			sourceTree = "<group>";
		};
		88F3C80C0F0A525D00AED7A9 /* Music */ = {
			isa = PBXGroup;
			children = (
				88F3CA0C0F0A641300AED7A9 /* aa_arofl.xm */,
				88F3CA0D0F0A641300AED7A9 /* comeback.mod */,
				88F3CA0E0F0A641300AED7A9 /* dag_4.xm */,
				88F3CA0F0F0A641300AED7A9 /* enfero.xm */,
				88F3CA100F0A641300AED7A9 /* eranasp.mod */,
				88F3CA110F0A641300AED7A9 /* exp.s3m */,
				88F3CA120F0A641300AED7A9 /* hm.s3m */,
				88F3CA130F0A641300AED7A9 /* infanita.mod */,
				88F3CA140F0A641300AED7A9 /* into61.s3m */,
				88F3CA150F0A641300AED7A9 /* land.mod */,
				88F3CA160F0A641300AED7A9 /* oxford.s3m */,
				88F3CA170F0A641300AED7A9 /* rain.s3m */,
				88F3CA180F0A641300AED7A9 /* rend5.s3m */,
				88F3CA190F0A641300AED7A9 /* toroia.s3m */,
				88F3CA1A0F0A641300AED7A9 /* town.mod */,
				88F3CA1B0F0A641300AED7A9 /* walk.s3m */,
				88F3CA1C0F0A641300AED7A9 /* waterw.xm */,
			);
			name = Music;
			sourceTree = "<group>";
		};
		88F3C80D0F0A526500AED7A9 /* Data */ = {
			isa = PBXGroup;
			children = (
				88F3C9F90F0A534A00AED7A9 /* allstat.mon */,
				88F3C9FA0F0A534A00AED7A9 /* hero.kq */,
				88F3C9FB0F0A534A00AED7A9 /* kqsnd.dat */,
				88F3C9FC0F0A534A00AED7A9 /* mpcx.dat */,
				88F3C9FD0F0A534A00AED7A9 /* ssprites.dat */,
				88F3C9FE0F0A534A00AED7A9 /* tileset.kq */,
				88F3CA060F0A53BD00AED7A9 /* resabil.mon */,
			);
			name = Data;
			sourceTree = "<group>";
		};
/* End PBXGroup section */

/* Begin PBXNativeTarget section */
		8808A79A0A62F1AC00EBA666 /* KQ-osx */ = {
			isa = PBXNativeTarget;
			buildConfigurationList = 8808A7E30A62F1AC00EBA666 /* Build configuration list for PBXNativeTarget "KQ-osx" */;
			buildPhases = (
				88E2F8B10F092C4D0066E111 /* Compile Scripts */,
				88F3CA0A0F0A63D600AED7A9 /* Copy music */,
				88E2F8DF0F09335E0066E111 /* Copy scripts */,
				88F3C8540F0A52C400AED7A9 /* Copy maps */,
				8808A79B0A62F1AC00EBA666 /* Resources */,
				88F3C9F70F0A530C00AED7A9 /* Copy data */,
				8808A7A10A62F1AC00EBA666 /* Sources */,
				8808A7DD0A62F1AC00EBA666 /* Frameworks */,
			);
			buildRules = (
			);
			dependencies = (
			);
			name = "KQ-osx";
			productInstallPath = "$(HOME)/Applications";
			productName = "KQ-osx";
			productReference = 8808A7E80A62F1AD00EBA666 /* KQ.app */;
			productType = "com.apple.product-type.application";
		};
/* End PBXNativeTarget section */

/* Begin PBXProject section */
		29B97313FDCFA39411CA2CEA /* Project object */ = {
			isa = PBXProject;
			buildConfigurationList = 8808A65C0A62EF7200EBA666 /* Build configuration list for PBXProject "KQ-osx" */;
			compatibilityVersion = "Xcode 2.4";
			developmentRegion = English;
			hasScannedForEncodings = 1;
			knownRegions = (
				en,
			);
			mainGroup = 29B97314FDCFA39411CA2CEA /* KQ-osx */;
			projectDirPath = "";
			projectRoot = "";
			targets = (
				8808A79A0A62F1AC00EBA666 /* KQ-osx */,
			);
		};
/* End PBXProject section */

/* Begin PBXResourcesBuildPhase section */
		8808A79B0A62F1AC00EBA666 /* Resources */ = {
			isa = PBXResourcesBuildPhase;
			buildActionMask = 2147483647;
			files = (
				8808A79C0A62F1AC00EBA666 /* KQ-icon.icns in Resources */,
			);
			runOnlyForDeploymentPostprocessing = 0;
		};
/* End PBXResourcesBuildPhase section */

/* Begin PBXShellScriptBuildPhase section */
		88E2F8B10F092C4D0066E111 /* Compile Scripts */ = {
			isa = PBXShellScriptBuildPhase;
			buildActionMask = 2147483647;
			files = (
			);
			inputPaths = (
			);
			name = "Compile Scripts";
			outputPaths = (
			);
			runOnlyForDeploymentPostprocessing = 0;
			shellPath = /bin/sh;
			shellScript = "cd scripts\nLUAC=/opt/local/bin/luac\nCPP=\"cpp -P -undef\"\nfor sc in *.lua \ndo\n sl=`basename $sc .lua`.lob\n $CPP -include ../include/itemdefs.h $sc tmpfile\n $LUAC -o $sl tmpfile \ndone\n";
		};
/* End PBXShellScriptBuildPhase section */

/* Begin PBXSourcesBuildPhase section */
		8808A7A10A62F1AC00EBA666 /* Sources */ = {
			isa = PBXSourcesBuildPhase;
			buildActionMask = 2147483647;
			files = (
				88FCDD870D4D26EA002849F7 /* bounds.c in Sources */,
				8808A7A20A62F1AC00EBA666 /* combat.c in Sources */,
				88E2F88F0F091CF90066E111 /* console.c in Sources */,
				8808A7A30A62F1AC00EBA666 /* credits.c in Sources */,
				8808A7A40A62F1AC00EBA666 /* disk.c in Sources */,
				8808A7A50A62F1AC00EBA666 /* draw.c in Sources */,
				8808A7A60A62F1AC00EBA666 /* effects.c in Sources */,
				8808A7A70A62F1AC00EBA666 /* enemyc.c in Sources */,
				8808A7A80A62F1AC00EBA666 /* entity.c in Sources */,
				8808A7A90A62F1AC00EBA666 /* eqpmenu.c in Sources */,
				8808A7AA0A62F1AC00EBA666 /* eskill.c in Sources */,
				8808A7AB0A62F1AC00EBA666 /* fade.c in Sources */,
				8808A7AC0A62F1AC00EBA666 /* heroc.c in Sources */,
				8808A7AD0A62F1AC00EBA666 /* hskill.c in Sources */,
				8808A7AE0A62F1AC00EBA666 /* intrface.c in Sources */,
				8808A7AF0A62F1AC00EBA666 /* itemmenu.c in Sources */,
				8808A7B00A62F1AC00EBA666 /* kq.c in Sources */,
				8808A7B10A62F1AC00EBA666 /* magic.c in Sources */,
				A02F887A13B4217D0090CA49 /* markers.c in Sources */,
				8808A7B20A62F1AC00EBA666 /* masmenu.c in Sources */,
				8808A7B30A62F1AC00EBA666 /* menu.c in Sources */,
				8808AA110A62F6E700EBA666 /* movement.c in Sources */,
				8808A7B40A62F1AC00EBA666 /* music.c in Sources */,
				8808A7DC0A62F1AC00EBA666 /* osx.m in Sources */,
				8808A7B50A62F1AC00EBA666 /* res.c in Sources */,
				8808A7B60A62F1AC00EBA666 /* scrnshot.c in Sources */,
				8808A7B70A62F1AC00EBA666 /* selector.c in Sources */,
				8808A7B80A62F1AC00EBA666 /* setup.c in Sources */,
				8808A7B90A62F1AC00EBA666 /* sgame.c in Sources */,
				8808A7BA0A62F1AC00EBA666 /* shopmenu.c in Sources */,
				8808A7BB0A62F1AC00EBA666 /* timing.c in Sources */,
			);
			runOnlyForDeploymentPostprocessing = 0;
		};
/* End PBXSourcesBuildPhase section */

/* Begin XCBuildConfiguration section */
		8808A65D0A62EF7200EBA666 /* Development */ = {
			isa = XCBuildConfiguration;
			buildSettings = {
				ARCHS = "$(ARCHS_STANDARD_32_BIT_PRE_XCODE_3_1)";
				ARCHS_STANDARD_32_BIT_PRE_XCODE_3_1 = "ppc i386";
				DEBUG_INFORMATION_FORMAT = dwarf;
				GCC_PREPROCESSOR_DEFINITIONS = (
					"DEBUGMODE=1",
					"$(inherited)",
				);
				HEADER_SEARCH_PATHS = /opt/local/include/;
				LIBRARY_SEARCH_PATHS = /opt/local/lib;
				OTHER_LDFLAGS = (
					"-lallegro",
					"-lallegro-main",
				);
				SCAN_ALL_SOURCE_FILES_FOR_INCLUDES = NO;
				STRIP_INSTALLED_PRODUCT = NO;
				VALID_ARCHS = i386;
			};
			name = Development;
		};
		8808A65E0A62EF7200EBA666 /* Deployment */ = {
			isa = XCBuildConfiguration;
			buildSettings = {
				ARCHS = "$(ARCHS_STANDARD_32_BIT_PRE_XCODE_3_1)";
				ARCHS_STANDARD_32_BIT_PRE_XCODE_3_1 = "ppc i386";
				DEBUG_INFORMATION_FORMAT = dwarf;
				HEADER_SEARCH_PATHS = /opt/local/include/;
				LIBRARY_SEARCH_PATHS = /opt/local/lib;
				OTHER_LDFLAGS = (
					"-lallegro",
					"-lallegro-main",
				);
				SCAN_ALL_SOURCE_FILES_FOR_INCLUDES = NO;
				VALID_ARCHS = i386;
			};
			name = Deployment;
		};
		8808A65F0A62EF7200EBA666 /* Default */ = {
			isa = XCBuildConfiguration;
			buildSettings = {
				ARCHS = "$(ARCHS_STANDARD_32_BIT_PRE_XCODE_3_1)";
				ARCHS_STANDARD_32_BIT_PRE_XCODE_3_1 = "ppc i386";
				DEBUG_INFORMATION_FORMAT = dwarf;
				HEADER_SEARCH_PATHS = /opt/local/include/;
				LIBRARY_SEARCH_PATHS = /opt/local/lib;
				OTHER_LDFLAGS = (
					"-lallegro",
					"-lallegro-main",
				);
				SCAN_ALL_SOURCE_FILES_FOR_INCLUDES = NO;
				VALID_ARCHS = i386;
			};
			name = Default;
		};
		8808A7E40A62F1AC00EBA666 /* Development */ = {
			isa = XCBuildConfiguration;
			buildSettings = {
				ARCHS = "$(ARCHS_STANDARD_32_BIT_PRE_XCODE_3_1)";
				ARCHS_STANDARD_32_BIT_PRE_XCODE_3_1 = "ppc i386";
				COPY_PHASE_STRIP = NO;
				FRAMEWORK_SEARCH_PATHS = "";
				GCC_DYNAMIC_NO_PIC = NO;
				GCC_ENABLE_FIX_AND_CONTINUE = YES;
				GCC_GENERATE_DEBUGGING_SYMBOLS = NO;
				GCC_OPTIMIZATION_LEVEL = 0;
				GCC_PREPROCESSOR_DEFINITIONS = (
					"PACKAGE=NULL",
					"KQ_LOCALE=NULL",
					"$(inherited)",
				);
				GCC_SYMBOLS_PRIVATE_EXTERN = NO;
				HEADER_SEARCH_PATHS = /opt/local/include;
				INFOPLIST_FILE = "Info-KQ_osx.plist";
				INSTALL_PATH = "$(HOME)/Applications";
				JAVA_COMPILER_DEBUGGING_SYMBOLS = NO;
				LIBRARY_SEARCH_PATHS = (
					/opt/local/lib,
					"$(LIBRARY_SEARCH_PATHS_QUOTED_1)",
					"$(LIBRARY_SEARCH_PATHS_QUOTED_2)",
					"$(LIBRARY_SEARCH_PATHS_QUOTED_FOR_TARGET_1)",
				);
				LIBRARY_SEARCH_PATHS_QUOTED_1 = "\"$(SRCROOT)\"";
				LIBRARY_SEARCH_PATHS_QUOTED_2 = "\"$(SRCROOT)\"";
				LIBRARY_SEARCH_PATHS_QUOTED_FOR_TARGET_1 = "\"$(SRCROOT)\"";
				OTHER_LDFLAGS = "";
				PREBINDING = NO;
				PRODUCT_NAME = KQ;
				SECTORDER_FLAGS = "";
				WARNING_CFLAGS = (
					"-Wmost",
					"-Wno-four-char-constants",
					"-Wno-unknown-pragmas",
				);
				WRAPPER_EXTENSION = app;
				ZERO_LINK = YES;
			};
			name = Development;
		};
		8808A7E50A62F1AC00EBA666 /* Deployment */ = {
			isa = XCBuildConfiguration;
			buildSettings = {
				ARCHS = "$(ARCHS_STANDARD_32_BIT_PRE_XCODE_3_1)";
				ARCHS_STANDARD_32_BIT_PRE_XCODE_3_1 = "ppc i386";
				COPY_PHASE_STRIP = YES;
				FRAMEWORK_SEARCH_PATHS = "";
				GCC_ENABLE_FIX_AND_CONTINUE = NO;
				GCC_GENERATE_DEBUGGING_SYMBOLS = NO;
				GCC_PREPROCESSOR_DEFINITIONS = (
					"PACKAGE=NULL",
					"KQ_LOCALE=NULL",
					"$(inherited)",
				);
				GCC_SYMBOLS_PRIVATE_EXTERN = NO;
				HEADER_SEARCH_PATHS = /opt/local/include;
				INFOPLIST_FILE = "Info-KQ_osx.plist";
				INSTALL_PATH = "$(HOME)/Applications";
				JAVA_COMPILER_DEBUGGING_SYMBOLS = NO;
				LIBRARY_SEARCH_PATHS = (
					/opt/local/lib,
					"$(LIBRARY_SEARCH_PATHS_QUOTED_1)",
					"$(LIBRARY_SEARCH_PATHS_QUOTED_2)",
					"$(LIBRARY_SEARCH_PATHS_QUOTED_FOR_TARGET_1)",
				);
				LIBRARY_SEARCH_PATHS_QUOTED_1 = "\"$(SRCROOT)\"";
				LIBRARY_SEARCH_PATHS_QUOTED_2 = "\"$(SRCROOT)\"";
				LIBRARY_SEARCH_PATHS_QUOTED_FOR_TARGET_1 = "\"$(SRCROOT)\"";
				OTHER_LDFLAGS = "";
				PREBINDING = NO;
				PRODUCT_NAME = KQ;
				SECTORDER_FLAGS = "";
				WARNING_CFLAGS = (
					"-Wmost",
					"-Wno-four-char-constants",
					"-Wno-unknown-pragmas",
				);
				WRAPPER_EXTENSION = app;
				ZERO_LINK = NO;
			};
			name = Deployment;
		};
		8808A7E60A62F1AC00EBA666 /* Default */ = {
			isa = XCBuildConfiguration;
			buildSettings = {
				ARCHS = "$(ARCHS_STANDARD_32_BIT_PRE_XCODE_3_1)";
				ARCHS_STANDARD_32_BIT_PRE_XCODE_3_1 = "ppc i386";
				FRAMEWORK_SEARCH_PATHS = "";
				GCC_GENERATE_DEBUGGING_SYMBOLS = NO;
				GCC_PREPROCESSOR_DEFINITIONS = (
					"PACKAGE=NULL",
					"KQ_LOCALE=NULL",
				);
				GCC_SYMBOLS_PRIVATE_EXTERN = NO;
				HEADER_SEARCH_PATHS = /opt/local/include;
				INFOPLIST_FILE = "Info-KQ_osx.plist";
				INSTALL_PATH = "$(HOME)/Applications";
				JAVA_COMPILER_DEBUGGING_SYMBOLS = NO;
				LIBRARY_SEARCH_PATHS = (
					/opt/local/lib,
					"$(LIBRARY_SEARCH_PATHS_QUOTED_1)",
					"$(LIBRARY_SEARCH_PATHS_QUOTED_2)",
					"$(LIBRARY_SEARCH_PATHS_QUOTED_FOR_TARGET_1)",
				);
				LIBRARY_SEARCH_PATHS_QUOTED_1 = "\"$(SRCROOT)\"";
				LIBRARY_SEARCH_PATHS_QUOTED_2 = "\"$(SRCROOT)\"";
				LIBRARY_SEARCH_PATHS_QUOTED_FOR_TARGET_1 = "\"$(SRCROOT)\"";
				OTHER_LDFLAGS = "";
				PREBINDING = NO;
				PRODUCT_NAME = KQ;
				SECTORDER_FLAGS = "";
				WARNING_CFLAGS = (
					"-Wmost",
					"-Wno-four-char-constants",
					"-Wno-unknown-pragmas",
				);
				WRAPPER_EXTENSION = app;
			};
			name = Default;
		};
/* End XCBuildConfiguration section */

/* Begin XCConfigurationList section */
		8808A65C0A62EF7200EBA666 /* Build configuration list for PBXProject "KQ-osx" */ = {
			isa = XCConfigurationList;
			buildConfigurations = (
				8808A65D0A62EF7200EBA666 /* Development */,
				8808A65E0A62EF7200EBA666 /* Deployment */,
				8808A65F0A62EF7200EBA666 /* Default */,
			);
			defaultConfigurationIsVisible = 0;
			defaultConfigurationName = Default;
		};
		8808A7E30A62F1AC00EBA666 /* Build configuration list for PBXNativeTarget "KQ-osx" */ = {
			isa = XCConfigurationList;
			buildConfigurations = (
				8808A7E40A62F1AC00EBA666 /* Development */,
				8808A7E50A62F1AC00EBA666 /* Deployment */,
				8808A7E60A62F1AC00EBA666 /* Default */,
			);
			defaultConfigurationIsVisible = 0;
			defaultConfigurationName = Default;
		};
/* End XCConfigurationList section */
	};
	rootObject = 29B97313FDCFA39411CA2CEA /* Project object */;
}
